
Microsoft Visual Studio Solution File, Format Version 12.00
# Visual Studio Version 17
VisualStudioVersion = 17.7.34031.279
MinimumVisualStudioVersion = 10.0.40219.1
Project("{8BC9CEB8-8B4A-11D0-8D11-00A0C91BC942}") = "Bai002", "Bai002\Bai002.vcxproj", "{6577CA15-4E36-4376-A68F-C976F77D875B}"
EndProject
Project("{8BC9CEB8-8B4A-11D0-8D11-00A0C91BC942}") = "Bai004", "Bai004\Bai004.vcxproj", "{4A64CF0D-1CB2-42DF-806E-F6BFF91B2CE8}"
EndProject
Project("{8BC9CEB8-8B4A-11D0-8D11-00A0C91BC942}") = "Bai006", "Bai006\Bai006.vcxproj", "{6BA08D19-C0D8-4336-BD95-1EAEBCB59C22}"
EndProject
Project("{8BC9CEB8-8B4A-11D0-8D11-00A0C91BC942}") = "Bai008", "Bai008\Bai008.vcxproj", "{AB7CE78A-0058-4D0A-B336-F3994FAE3A02}"
EndProject
Project("{8BC9CEB8-8B4A-11D0-8D11-00A0C91BC942}") = "Bai010", "Bai010\Bai010.vcxproj", "{963E0780-E6C2-4DFF-8F0E-A3BD9FE33759}"
EndProject
Project("{8BC9CEB8-8B4A-11D0-8D11-00A0C91BC942}") = "Bai012", "Bai012\Bai012.vcxproj", "{3B1C9880-A0A4-453E-B66A-D012F8640934}"
EndProject
Project("{8BC9CEB8-8B4A-11D0-8D11-00A0C91BC942}") = "Bai014", "Bai014\Bai014.vcxproj", "{0B5D6717-C29E-4402-A6CF-850585A5CC58}"
EndProject
Project("{8BC9CEB8-8B4A-11D0-8D11-00A0C91BC942}") = "Bai016", "Bai016\Bai016.vcxproj", "{95098BF0-E979-4F94-BAD0-422277EBD239}"
EndProject
Project("{8BC9CEB8-8B4A-11D0-8D11-00A0C91BC942}") = "Bai018", "Bai018\Bai018.vcxproj", "{9A0C053E-C139-4483-A3E6-499CC7CA5E81}"
EndProject
Project("{8BC9CEB8-8B4A-11D0-8D11-00A0C91BC942}") = "Bai020", "Bai020\Bai020.vcxproj", "{82895EC1-5E8F-4238-BC4B-8C3E8397D344}"
EndProject
Project("{8BC9CEB8-8B4A-11D0-8D11-00A0C91BC942}") = "Bai022", "Bai022\Bai022.vcxproj", "{DCE1F0E8-9312-40BC-8613-FFB301EC5684}"
EndProject
Project("{8BC9CEB8-8B4A-11D0-8D11-00A0C91BC942}") = "Bai024", "Bai024\Bai024.vcxproj", "{CF506409-8198-4183-B9DC-4F9556E606CA}"
EndProject
Project("{8BC9CEB8-8B4A-11D0-8D11-00A0C91BC942}") = "Bai026", "Bai026\Bai026.vcxproj", "{AE34F4B0-401F-4E47-A438-86A667AD5058}"
EndProject
Project("{8BC9CEB8-8B4A-11D0-8D11-00A0C91BC942}") = "Bai028", "Bai028\Bai028.vcxproj", "{CCA48AA9-B1EA-4D79-9327-F2720AB37074}"
EndProject
Project("{8BC9CEB8-8B4A-11D0-8D11-00A0C91BC942}") = "Bai030", "Bai030\Bai030.vcxproj", "{A6B252ED-19A8-4717-A343-B1D5597A6844}"
EndProject
Project("{8BC9CEB8-8B4A-11D0-8D11-00A0C91BC942}") = "Bai032", "Bai032\Bai032.vcxproj", "{92DB1366-5ED1-45DD-8E66-0881A3D34914}"
EndProject
Project("{8BC9CEB8-8B4A-11D0-8D11-00A0C91BC942}") = "Bai034", "Bai034\Bai034.vcxproj", "{C94344AE-ADF2-46BA-992F-FD59D5A23CF9}"
EndProject
Project("{8BC9CEB8-8B4A-11D0-8D11-00A0C91BC942}") = "Bai036", "Bai036\Bai036.vcxproj", "{FA5AB1C0-384E-4592-A473-68BD078A6F37}"
EndProject
Project("{8BC9CEB8-8B4A-11D0-8D11-00A0C91BC942}") = "Bai038", "Bai038\Bai038.vcxproj", "{B4A60D2F-7B41-4DA0-BC68-6607B1A931C2}"
EndProject
Project("{8BC9CEB8-8B4A-11D0-8D11-00A0C91BC942}") = "Bai040", "Bai040\Bai040.vcxproj", "{FC92724E-BC68-4A90-9D15-99A438E07B31}"
EndProject
Project("{8BC9CEB8-8B4A-11D0-8D11-00A0C91BC942}") = "Bai042", "Bai042\Bai042.vcxproj", "{0F93CC42-74FF-48BF-8EC7-5BB05AACD710}"
EndProject
Project("{8BC9CEB8-8B4A-11D0-8D11-00A0C91BC942}") = "Bai044", "Bai044\Bai044.vcxproj", "{C382C28C-15B5-4E2C-AE67-50EE769FBECA}"
EndProject
Project("{8BC9CEB8-8B4A-11D0-8D11-00A0C91BC942}") = "Bai046", "Bai046\Bai046.vcxproj", "{136F9369-6574-4293-9246-66CDB6122B65}"
EndProject
Project("{8BC9CEB8-8B4A-11D0-8D11-00A0C91BC942}") = "Bai048", "Bai048\Bai048.vcxproj", "{19A41634-FB73-4894-BBAE-3150E7467E0B}"
EndProject
Project("{8BC9CEB8-8B4A-11D0-8D11-00A0C91BC942}") = "Bai050", "Bai050\Bai050.vcxproj", "{030FB05E-F013-4A8A-B193-B1B5D468881C}"
EndProject
Project("{8BC9CEB8-8B4A-11D0-8D11-00A0C91BC942}") = "Bai052", "Bai052\Bai052.vcxproj", "{D697E7DC-E188-4F92-A536-146AA8A167E1}"
EndProject
Project("{8BC9CEB8-8B4A-11D0-8D11-00A0C91BC942}") = "Bai054", "Bai054\Bai054.vcxproj", "{C1175C53-0146-4EC8-98E9-84AC0B7B5234}"
EndProject
Project("{8BC9CEB8-8B4A-11D0-8D11-00A0C91BC942}") = "Bai056", "Bai056\Bai056.vcxproj", "{0FE50578-51A1-4ADC-8325-85FF61DEA438}"
EndProject
Project("{8BC9CEB8-8B4A-11D0-8D11-00A0C91BC942}") = "Bai058", "Bai058\Bai058.vcxproj", "{D4C04A72-900C-4A34-B4E2-A87E3E4FC717}"
EndProject
Project("{8BC9CEB8-8B4A-11D0-8D11-00A0C91BC942}") = "Bai060", "Bai060\Bai060.vcxproj", "{B0676325-AFC8-4A35-978B-AFA9E47C20B9}"
EndProject
Project("{8BC9CEB8-8B4A-11D0-8D11-00A0C91BC942}") = "Bai062", "Bai062\Bai062.vcxproj", "{DB2FEB31-33CD-48D3-A2BD-CB29424F8E16}"
EndProject
Project("{8BC9CEB8-8B4A-11D0-8D11-00A0C91BC942}") = "Bai064", "Bai064\Bai064.vcxproj", "{70FEE3E0-9B13-449D-ACB5-CB3B6534EE67}"
EndProject
Project("{8BC9CEB8-8B4A-11D0-8D11-00A0C91BC942}") = "Bai066", "Bai066\Bai066.vcxproj", "{A8C6BF95-6475-4F8E-8991-7D354C60EE5A}"
EndProject
Project("{8BC9CEB8-8B4A-11D0-8D11-00A0C91BC942}") = "Bai068", "Bai068\Bai068.vcxproj", "{60726DB3-FF0F-4B58-999F-F4B6CEEA055C}"
EndProject
Project("{8BC9CEB8-8B4A-11D0-8D11-00A0C91BC942}") = "Bai070", "Bai070\Bai070.vcxproj", "{40882228-2F7C-4DB8-A006-96D811B4B855}"
EndProject
Project("{8BC9CEB8-8B4A-11D0-8D11-00A0C91BC942}") = "Bai072", "Bai072\Bai072.vcxproj", "{64AD9B14-E309-464F-A39E-806450BF8DF6}"
EndProject
Project("{8BC9CEB8-8B4A-11D0-8D11-00A0C91BC942}") = "Bai076", "Bai076\Bai076.vcxproj", "{CEB2ABC6-6AFB-494A-B766-D62F429D166D}"
EndProject
Project("{8BC9CEB8-8B4A-11D0-8D11-00A0C91BC942}") = "Bai078", "Bai078\Bai078.vcxproj", "{18163827-411F-48C9-B986-69BF387C45E1}"
EndProject
Project("{8BC9CEB8-8B4A-11D0-8D11-00A0C91BC942}") = "Bai080", "Bai080\Bai080.vcxproj", "{C598858F-4D48-4926-AAD2-D9783ED668B7}"
EndProject
Project("{8BC9CEB8-8B4A-11D0-8D11-00A0C91BC942}") = "Bai074", "Bai074\Bai074.vcxproj", "{E3773220-BDE1-4A9C-88B0-6A1EB374D450}"
EndProject
Project("{8BC9CEB8-8B4A-11D0-8D11-00A0C91BC942}") = "Bai082", "Bai082\Bai082.vcxproj", "{A7F27AD5-BC9A-420E-9F27-95037156E195}"
EndProject
Project("{8BC9CEB8-8B4A-11D0-8D11-00A0C91BC942}") = "Bai084", "Bai084\Bai084.vcxproj", "{8E62F361-D8E0-4983-9419-70B53E32AA38}"
EndProject
Project("{8BC9CEB8-8B4A-11D0-8D11-00A0C91BC942}") = "Bai086", "Bai086\Bai086.vcxproj", "{13D9C672-33D7-4FE3-821C-670B83FA43A5}"
EndProject
Project("{8BC9CEB8-8B4A-11D0-8D11-00A0C91BC942}") = "Bai088", "Bai088\Bai088.vcxproj", "{630BE0C4-E155-4674-8845-DEE09BCCE2E2}"
EndProject
Project("{8BC9CEB8-8B4A-11D0-8D11-00A0C91BC942}") = "Bai090", "Bai090\Bai090.vcxproj", "{9FFB4B56-737B-49AD-903B-D44AF53D4969}"
EndProject
Project("{8BC9CEB8-8B4A-11D0-8D11-00A0C91BC942}") = "Bai092", "Bai092\Bai092.vcxproj", "{DB3FFB96-FCF5-46CB-A658-610247564117}"
EndProject
Project("{8BC9CEB8-8B4A-11D0-8D11-00A0C91BC942}") = "Bai094", "Bai094\Bai094.vcxproj", "{F70260AE-5B1E-46CB-9D5D-777C6867EB58}"
EndProject
Project("{8BC9CEB8-8B4A-11D0-8D11-00A0C91BC942}") = "Bai096", "Bai096\Bai096.vcxproj", "{A5D2608A-7EBE-4256-9096-2A15CCA5CC79}"
EndProject
Project("{8BC9CEB8-8B4A-11D0-8D11-00A0C91BC942}") = "Bai098", "Bai098\Bai098.vcxproj", "{4CC29009-BB2D-4718-BEB1-3499069F25C5}"
EndProject
Project("{8BC9CEB8-8B4A-11D0-8D11-00A0C91BC942}") = "Bai100", "Bai100\Bai100.vcxproj", "{9B013BD5-65A5-4849-BBAA-CB1324830D61}"
EndProject
Project("{8BC9CEB8-8B4A-11D0-8D11-00A0C91BC942}") = "Bai102", "Bai102\Bai102.vcxproj", "{5FA67AFE-658E-4716-A9DB-A0C654BC0D18}"
EndProject
Project("{8BC9CEB8-8B4A-11D0-8D11-00A0C91BC942}") = "Bai104", "Bai104\Bai104.vcxproj", "{1D7F46A5-1E5C-453E-AABD-7356BE6E0CF8}"
EndProject
Project("{8BC9CEB8-8B4A-11D0-8D11-00A0C91BC942}") = "Bai106", "Bai106\Bai106.vcxproj", "{D94E9197-33BE-4ADD-8FE3-46B65E030DB5}"
EndProject
Project("{8BC9CEB8-8B4A-11D0-8D11-00A0C91BC942}") = "Bai108", "Bai108\Bai108.vcxproj", "{92A38A90-A6E9-4BD8-9868-54B527873AF6}"
EndProject
Project("{8BC9CEB8-8B4A-11D0-8D11-00A0C91BC942}") = "Bai110", "Bai110\Bai110.vcxproj", "{DBC31141-3B14-4EE5-B462-A3BC3FE010E8}"
EndProject
Project("{8BC9CEB8-8B4A-11D0-8D11-00A0C91BC942}") = "Bai112", "Bai112\Bai112.vcxproj", "{D6F0F590-5FD4-436E-84D5-BFC889A883E3}"
EndProject
Project("{8BC9CEB8-8B4A-11D0-8D11-00A0C91BC942}") = "Bai114", "Bai114\Bai114.vcxproj", "{E1C59A9F-D0BC-4446-9B2D-CDA00214FFDC}"
EndProject
Project("{8BC9CEB8-8B4A-11D0-8D11-00A0C91BC942}") = "Bai116", "Bai116\Bai116.vcxproj", "{861C8235-14C4-4426-B320-0612FCDEC291}"
EndProject
Project("{8BC9CEB8-8B4A-11D0-8D11-00A0C91BC942}") = "Bai118", "Bai118\Bai118.vcxproj", "{BDE27424-CA99-4DBD-A5B9-826435D9C5BC}"
EndProject
Project("{8BC9CEB8-8B4A-11D0-8D11-00A0C91BC942}") = "Bai120", "Bai120\Bai120.vcxproj", "{B6AD646D-F75A-4967-B263-672D1C2463B5}"
EndProject
Project("{8BC9CEB8-8B4A-11D0-8D11-00A0C91BC942}") = "Bai122", "Bai122\Bai122.vcxproj", "{F63A37CF-73CC-4D14-B9A5-A8C7D075F5EC}"
EndProject
Project("{8BC9CEB8-8B4A-11D0-8D11-00A0C91BC942}") = "Bai124", "Bai124\Bai124.vcxproj", "{FA174002-DC53-418A-9198-EEEA236D1DBA}"
EndProject
Project("{8BC9CEB8-8B4A-11D0-8D11-00A0C91BC942}") = "Bai126", "Bai126\Bai126.vcxproj", "{9C005CB5-E770-48F0-921D-671BB9ED1DB3}"
EndProject
Project("{8BC9CEB8-8B4A-11D0-8D11-00A0C91BC942}") = "Bai128", "Bai128\Bai128.vcxproj", "{834BE808-8634-4481-926A-9FBE2E665721}"
EndProject
Project("{8BC9CEB8-8B4A-11D0-8D11-00A0C91BC942}") = "Bai130", "Bai130\Bai130.vcxproj", "{D4855120-12A1-49C9-919C-720053569D5E}"
EndProject
Project("{8BC9CEB8-8B4A-11D0-8D11-00A0C91BC942}") = "Bai132", "Bai132\Bai132.vcxproj", "{91C97564-3A63-4DE3-BE8B-D4AD0BB53D1B}"
EndProject
Project("{8BC9CEB8-8B4A-11D0-8D11-00A0C91BC942}") = "Bai134", "Bai134\Bai134.vcxproj", "{1AE01734-7EC8-451C-A109-7F5B68719E5F}"
EndProject
Project("{8BC9CEB8-8B4A-11D0-8D11-00A0C91BC942}") = "Bai136", "Bai136\Bai136.vcxproj", "{606CCA5C-5F17-4603-92B5-46704007D9DC}"
EndProject
Project("{8BC9CEB8-8B4A-11D0-8D11-00A0C91BC942}") = "Bai138", "Bai138\Bai138.vcxproj", "{ACA54208-A8A9-4D1B-AD69-36232ACD5D75}"
EndProject
Project("{8BC9CEB8-8B4A-11D0-8D11-00A0C91BC942}") = "Bai140", "Bai140\Bai140.vcxproj", "{E9B2BF98-1559-4874-9574-154DC47264F3}"
EndProject
Project("{8BC9CEB8-8B4A-11D0-8D11-00A0C91BC942}") = "Bai142", "Bai142\Bai142.vcxproj", "{8EEE88ED-E96E-45DC-88A5-D9B4BDCC9593}"
EndProject
Project("{8BC9CEB8-8B4A-11D0-8D11-00A0C91BC942}") = "Bai144", "Bai144\Bai144.vcxproj", "{E22E7C7E-5F76-4369-BCF9-A65C0B77FE6D}"
EndProject
Project("{8BC9CEB8-8B4A-11D0-8D11-00A0C91BC942}") = "Bai146", "Bai146\Bai146.vcxproj", "{E6C7B2F7-FD33-4A4A-96F9-821D48C83BD9}"
EndProject
Project("{8BC9CEB8-8B4A-11D0-8D11-00A0C91BC942}") = "Bai148", "Bai148\Bai148.vcxproj", "{E8B82DB5-0649-4FF9-9833-111B0DA4923C}"
EndProject
Project("{8BC9CEB8-8B4A-11D0-8D11-00A0C91BC942}") = "Bai150", "Bai150\Bai150.vcxproj", "{0312A5D0-22C6-4F0F-B403-4D7AFD4F83A4}"
EndProject
Project("{8BC9CEB8-8B4A-11D0-8D11-00A0C91BC942}") = "Bai152", "Bai152\Bai152.vcxproj", "{7A9F2C68-4B30-448F-8E40-CD877A9DA49D}"
EndProject
Project("{8BC9CEB8-8B4A-11D0-8D11-00A0C91BC942}") = "Bai154", "Bai154\Bai154.vcxproj", "{A62B714B-3998-4271-9AF8-E98C1CE2F8CB}"
EndProject
Project("{8BC9CEB8-8B4A-11D0-8D11-00A0C91BC942}") = "Bai156", "Bai156\Bai156.vcxproj", "{3546B886-20AE-4763-96AF-CEDEF29FBBF8}"
EndProject
Project("{8BC9CEB8-8B4A-11D0-8D11-00A0C91BC942}") = "Bai158", "Bai158\Bai158.vcxproj", "{71E75DEF-4E57-44D7-8522-F45178A6BD79}"
EndProject
Project("{8BC9CEB8-8B4A-11D0-8D11-00A0C91BC942}") = "Bai160", "Bai160\Bai160.vcxproj", "{90128C6C-749D-424E-92EE-0AECC68D6DF0}"
EndProject
Project("{8BC9CEB8-8B4A-11D0-8D11-00A0C91BC942}") = "Bai162", "Bai162\Bai162.vcxproj", "{4FC59F46-96D4-4227-AC4B-F47FE4C02019}"
EndProject
Project("{8BC9CEB8-8B4A-11D0-8D11-00A0C91BC942}") = "Bai164", "Bai164\Bai164.vcxproj", "{D5BD4C31-1A35-44F6-854C-F5C139F690BF}"
EndProject
Project("{8BC9CEB8-8B4A-11D0-8D11-00A0C91BC942}") = "Bai166", "Bai166\Bai166.vcxproj", "{F1A4090E-70F6-4727-BC97-6E0078092ABE}"
EndProject
Global
	GlobalSection(SolutionConfigurationPlatforms) = preSolution
		Debug|x64 = Debug|x64
		Debug|x86 = Debug|x86
		Release|x64 = Release|x64
		Release|x86 = Release|x86
	EndGlobalSection
	GlobalSection(ProjectConfigurationPlatforms) = postSolution
		{6577CA15-4E36-4376-A68F-C976F77D875B}.Debug|x64.ActiveCfg = Debug|x64
		{6577CA15-4E36-4376-A68F-C976F77D875B}.Debug|x64.Build.0 = Debug|x64
		{6577CA15-4E36-4376-A68F-C976F77D875B}.Debug|x86.ActiveCfg = Debug|Win32
		{6577CA15-4E36-4376-A68F-C976F77D875B}.Debug|x86.Build.0 = Debug|Win32
		{6577CA15-4E36-4376-A68F-C976F77D875B}.Release|x64.ActiveCfg = Release|x64
		{6577CA15-4E36-4376-A68F-C976F77D875B}.Release|x64.Build.0 = Release|x64
		{6577CA15-4E36-4376-A68F-C976F77D875B}.Release|x86.ActiveCfg = Release|Win32
		{6577CA15-4E36-4376-A68F-C976F77D875B}.Release|x86.Build.0 = Release|Win32
		{4A64CF0D-1CB2-42DF-806E-F6BFF91B2CE8}.Debug|x64.ActiveCfg = Debug|x64
		{4A64CF0D-1CB2-42DF-806E-F6BFF91B2CE8}.Debug|x64.Build.0 = Debug|x64
		{4A64CF0D-1CB2-42DF-806E-F6BFF91B2CE8}.Debug|x86.ActiveCfg = Debug|Win32
		{4A64CF0D-1CB2-42DF-806E-F6BFF91B2CE8}.Debug|x86.Build.0 = Debug|Win32
		{4A64CF0D-1CB2-42DF-806E-F6BFF91B2CE8}.Release|x64.ActiveCfg = Release|x64
		{4A64CF0D-1CB2-42DF-806E-F6BFF91B2CE8}.Release|x64.Build.0 = Release|x64
		{4A64CF0D-1CB2-42DF-806E-F6BFF91B2CE8}.Release|x86.ActiveCfg = Release|Win32
		{4A64CF0D-1CB2-42DF-806E-F6BFF91B2CE8}.Release|x86.Build.0 = Release|Win32
		{6BA08D19-C0D8-4336-BD95-1EAEBCB59C22}.Debug|x64.ActiveCfg = Debug|x64
		{6BA08D19-C0D8-4336-BD95-1EAEBCB59C22}.Debug|x64.Build.0 = Debug|x64
		{6BA08D19-C0D8-4336-BD95-1EAEBCB59C22}.Debug|x86.ActiveCfg = Debug|Win32
		{6BA08D19-C0D8-4336-BD95-1EAEBCB59C22}.Debug|x86.Build.0 = Debug|Win32
		{6BA08D19-C0D8-4336-BD95-1EAEBCB59C22}.Release|x64.ActiveCfg = Release|x64
		{6BA08D19-C0D8-4336-BD95-1EAEBCB59C22}.Release|x64.Build.0 = Release|x64
		{6BA08D19-C0D8-4336-BD95-1EAEBCB59C22}.Release|x86.ActiveCfg = Release|Win32
		{6BA08D19-C0D8-4336-BD95-1EAEBCB59C22}.Release|x86.Build.0 = Release|Win32
		{AB7CE78A-0058-4D0A-B336-F3994FAE3A02}.Debug|x64.ActiveCfg = Debug|x64
		{AB7CE78A-0058-4D0A-B336-F3994FAE3A02}.Debug|x64.Build.0 = Debug|x64
		{AB7CE78A-0058-4D0A-B336-F3994FAE3A02}.Debug|x86.ActiveCfg = Debug|Win32
		{AB7CE78A-0058-4D0A-B336-F3994FAE3A02}.Debug|x86.Build.0 = Debug|Win32
		{AB7CE78A-0058-4D0A-B336-F3994FAE3A02}.Release|x64.ActiveCfg = Release|x64
		{AB7CE78A-0058-4D0A-B336-F3994FAE3A02}.Release|x64.Build.0 = Release|x64
		{AB7CE78A-0058-4D0A-B336-F3994FAE3A02}.Release|x86.ActiveCfg = Release|Win32
		{AB7CE78A-0058-4D0A-B336-F3994FAE3A02}.Release|x86.Build.0 = Release|Win32
		{963E0780-E6C2-4DFF-8F0E-A3BD9FE33759}.Debug|x64.ActiveCfg = Debug|x64
		{963E0780-E6C2-4DFF-8F0E-A3BD9FE33759}.Debug|x64.Build.0 = Debug|x64
		{963E0780-E6C2-4DFF-8F0E-A3BD9FE33759}.Debug|x86.ActiveCfg = Debug|Win32
		{963E0780-E6C2-4DFF-8F0E-A3BD9FE33759}.Debug|x86.Build.0 = Debug|Win32
		{963E0780-E6C2-4DFF-8F0E-A3BD9FE33759}.Release|x64.ActiveCfg = Release|x64
		{963E0780-E6C2-4DFF-8F0E-A3BD9FE33759}.Release|x64.Build.0 = Release|x64
		{963E0780-E6C2-4DFF-8F0E-A3BD9FE33759}.Release|x86.ActiveCfg = Release|Win32
		{963E0780-E6C2-4DFF-8F0E-A3BD9FE33759}.Release|x86.Build.0 = Release|Win32
		{3B1C9880-A0A4-453E-B66A-D012F8640934}.Debug|x64.ActiveCfg = Debug|x64
		{3B1C9880-A0A4-453E-B66A-D012F8640934}.Debug|x64.Build.0 = Debug|x64
		{3B1C9880-A0A4-453E-B66A-D012F8640934}.Debug|x86.ActiveCfg = Debug|Win32
		{3B1C9880-A0A4-453E-B66A-D012F8640934}.Debug|x86.Build.0 = Debug|Win32
		{3B1C9880-A0A4-453E-B66A-D012F8640934}.Release|x64.ActiveCfg = Release|x64
		{3B1C9880-A0A4-453E-B66A-D012F8640934}.Release|x64.Build.0 = Release|x64
		{3B1C9880-A0A4-453E-B66A-D012F8640934}.Release|x86.ActiveCfg = Release|Win32
		{3B1C9880-A0A4-453E-B66A-D012F8640934}.Release|x86.Build.0 = Release|Win32
		{0B5D6717-C29E-4402-A6CF-850585A5CC58}.Debug|x64.ActiveCfg = Debug|x64
		{0B5D6717-C29E-4402-A6CF-850585A5CC58}.Debug|x64.Build.0 = Debug|x64
		{0B5D6717-C29E-4402-A6CF-850585A5CC58}.Debug|x86.ActiveCfg = Debug|Win32
		{0B5D6717-C29E-4402-A6CF-850585A5CC58}.Debug|x86.Build.0 = Debug|Win32
		{0B5D6717-C29E-4402-A6CF-850585A5CC58}.Release|x64.ActiveCfg = Release|x64
		{0B5D6717-C29E-4402-A6CF-850585A5CC58}.Release|x64.Build.0 = Release|x64
		{0B5D6717-C29E-4402-A6CF-850585A5CC58}.Release|x86.ActiveCfg = Release|Win32
		{0B5D6717-C29E-4402-A6CF-850585A5CC58}.Release|x86.Build.0 = Release|Win32
		{95098BF0-E979-4F94-BAD0-422277EBD239}.Debug|x64.ActiveCfg = Debug|x64
		{95098BF0-E979-4F94-BAD0-422277EBD239}.Debug|x64.Build.0 = Debug|x64
		{95098BF0-E979-4F94-BAD0-422277EBD239}.Debug|x86.ActiveCfg = Debug|Win32
		{95098BF0-E979-4F94-BAD0-422277EBD239}.Debug|x86.Build.0 = Debug|Win32
		{95098BF0-E979-4F94-BAD0-422277EBD239}.Release|x64.ActiveCfg = Release|x64
		{95098BF0-E979-4F94-BAD0-422277EBD239}.Release|x64.Build.0 = Release|x64
		{95098BF0-E979-4F94-BAD0-422277EBD239}.Release|x86.ActiveCfg = Release|Win32
		{95098BF0-E979-4F94-BAD0-422277EBD239}.Release|x86.Build.0 = Release|Win32
		{9A0C053E-C139-4483-A3E6-499CC7CA5E81}.Debug|x64.ActiveCfg = Debug|x64
		{9A0C053E-C139-4483-A3E6-499CC7CA5E81}.Debug|x64.Build.0 = Debug|x64
		{9A0C053E-C139-4483-A3E6-499CC7CA5E81}.Debug|x86.ActiveCfg = Debug|Win32
		{9A0C053E-C139-4483-A3E6-499CC7CA5E81}.Debug|x86.Build.0 = Debug|Win32
		{9A0C053E-C139-4483-A3E6-499CC7CA5E81}.Release|x64.ActiveCfg = Release|x64
		{9A0C053E-C139-4483-A3E6-499CC7CA5E81}.Release|x64.Build.0 = Release|x64
		{9A0C053E-C139-4483-A3E6-499CC7CA5E81}.Release|x86.ActiveCfg = Release|Win32
		{9A0C053E-C139-4483-A3E6-499CC7CA5E81}.Release|x86.Build.0 = Release|Win32
		{82895EC1-5E8F-4238-BC4B-8C3E8397D344}.Debug|x64.ActiveCfg = Debug|x64
		{82895EC1-5E8F-4238-BC4B-8C3E8397D344}.Debug|x64.Build.0 = Debug|x64
		{82895EC1-5E8F-4238-BC4B-8C3E8397D344}.Debug|x86.ActiveCfg = Debug|Win32
		{82895EC1-5E8F-4238-BC4B-8C3E8397D344}.Debug|x86.Build.0 = Debug|Win32
		{82895EC1-5E8F-4238-BC4B-8C3E8397D344}.Release|x64.ActiveCfg = Release|x64
		{82895EC1-5E8F-4238-BC4B-8C3E8397D344}.Release|x64.Build.0 = Release|x64
		{82895EC1-5E8F-4238-BC4B-8C3E8397D344}.Release|x86.ActiveCfg = Release|Win32
		{82895EC1-5E8F-4238-BC4B-8C3E8397D344}.Release|x86.Build.0 = Release|Win32
		{DCE1F0E8-9312-40BC-8613-FFB301EC5684}.Debug|x64.ActiveCfg = Debug|x64
		{DCE1F0E8-9312-40BC-8613-FFB301EC5684}.Debug|x64.Build.0 = Debug|x64
		{DCE1F0E8-9312-40BC-8613-FFB301EC5684}.Debug|x86.ActiveCfg = Debug|Win32
		{DCE1F0E8-9312-40BC-8613-FFB301EC5684}.Debug|x86.Build.0 = Debug|Win32
		{DCE1F0E8-9312-40BC-8613-FFB301EC5684}.Release|x64.ActiveCfg = Release|x64
		{DCE1F0E8-9312-40BC-8613-FFB301EC5684}.Release|x64.Build.0 = Release|x64
		{DCE1F0E8-9312-40BC-8613-FFB301EC5684}.Release|x86.ActiveCfg = Release|Win32
		{DCE1F0E8-9312-40BC-8613-FFB301EC5684}.Release|x86.Build.0 = Release|Win32
		{CF506409-8198-4183-B9DC-4F9556E606CA}.Debug|x64.ActiveCfg = Debug|x64
		{CF506409-8198-4183-B9DC-4F9556E606CA}.Debug|x64.Build.0 = Debug|x64
		{CF506409-8198-4183-B9DC-4F9556E606CA}.Debug|x86.ActiveCfg = Debug|Win32
		{CF506409-8198-4183-B9DC-4F9556E606CA}.Debug|x86.Build.0 = Debug|Win32
		{CF506409-8198-4183-B9DC-4F9556E606CA}.Release|x64.ActiveCfg = Release|x64
		{CF506409-8198-4183-B9DC-4F9556E606CA}.Release|x64.Build.0 = Release|x64
		{CF506409-8198-4183-B9DC-4F9556E606CA}.Release|x86.ActiveCfg = Release|Win32
		{CF506409-8198-4183-B9DC-4F9556E606CA}.Release|x86.Build.0 = Release|Win32
		{AE34F4B0-401F-4E47-A438-86A667AD5058}.Debug|x64.ActiveCfg = Debug|x64
		{AE34F4B0-401F-4E47-A438-86A667AD5058}.Debug|x64.Build.0 = Debug|x64
		{AE34F4B0-401F-4E47-A438-86A667AD5058}.Debug|x86.ActiveCfg = Debug|Win32
		{AE34F4B0-401F-4E47-A438-86A667AD5058}.Debug|x86.Build.0 = Debug|Win32
		{AE34F4B0-401F-4E47-A438-86A667AD5058}.Release|x64.ActiveCfg = Release|x64
		{AE34F4B0-401F-4E47-A438-86A667AD5058}.Release|x64.Build.0 = Release|x64
		{AE34F4B0-401F-4E47-A438-86A667AD5058}.Release|x86.ActiveCfg = Release|Win32
		{AE34F4B0-401F-4E47-A438-86A667AD5058}.Release|x86.Build.0 = Release|Win32
		{CCA48AA9-B1EA-4D79-9327-F2720AB37074}.Debug|x64.ActiveCfg = Debug|x64
		{CCA48AA9-B1EA-4D79-9327-F2720AB37074}.Debug|x64.Build.0 = Debug|x64
		{CCA48AA9-B1EA-4D79-9327-F2720AB37074}.Debug|x86.ActiveCfg = Debug|Win32
		{CCA48AA9-B1EA-4D79-9327-F2720AB37074}.Debug|x86.Build.0 = Debug|Win32
		{CCA48AA9-B1EA-4D79-9327-F2720AB37074}.Release|x64.ActiveCfg = Release|x64
		{CCA48AA9-B1EA-4D79-9327-F2720AB37074}.Release|x64.Build.0 = Release|x64
		{CCA48AA9-B1EA-4D79-9327-F2720AB37074}.Release|x86.ActiveCfg = Release|Win32
		{CCA48AA9-B1EA-4D79-9327-F2720AB37074}.Release|x86.Build.0 = Release|Win32
		{A6B252ED-19A8-4717-A343-B1D5597A6844}.Debug|x64.ActiveCfg = Debug|x64
		{A6B252ED-19A8-4717-A343-B1D5597A6844}.Debug|x64.Build.0 = Debug|x64
		{A6B252ED-19A8-4717-A343-B1D5597A6844}.Debug|x86.ActiveCfg = Debug|Win32
		{A6B252ED-19A8-4717-A343-B1D5597A6844}.Debug|x86.Build.0 = Debug|Win32
		{A6B252ED-19A8-4717-A343-B1D5597A6844}.Release|x64.ActiveCfg = Release|x64
		{A6B252ED-19A8-4717-A343-B1D5597A6844}.Release|x64.Build.0 = Release|x64
		{A6B252ED-19A8-4717-A343-B1D5597A6844}.Release|x86.ActiveCfg = Release|Win32
		{A6B252ED-19A8-4717-A343-B1D5597A6844}.Release|x86.Build.0 = Release|Win32
		{92DB1366-5ED1-45DD-8E66-0881A3D34914}.Debug|x64.ActiveCfg = Debug|x64
		{92DB1366-5ED1-45DD-8E66-0881A3D34914}.Debug|x64.Build.0 = Debug|x64
		{92DB1366-5ED1-45DD-8E66-0881A3D34914}.Debug|x86.ActiveCfg = Debug|Win32
		{92DB1366-5ED1-45DD-8E66-0881A3D34914}.Debug|x86.Build.0 = Debug|Win32
		{92DB1366-5ED1-45DD-8E66-0881A3D34914}.Release|x64.ActiveCfg = Release|x64
		{92DB1366-5ED1-45DD-8E66-0881A3D34914}.Release|x64.Build.0 = Release|x64
		{92DB1366-5ED1-45DD-8E66-0881A3D34914}.Release|x86.ActiveCfg = Release|Win32
		{92DB1366-5ED1-45DD-8E66-0881A3D34914}.Release|x86.Build.0 = Release|Win32
		{C94344AE-ADF2-46BA-992F-FD59D5A23CF9}.Debug|x64.ActiveCfg = Debug|x64
		{C94344AE-ADF2-46BA-992F-FD59D5A23CF9}.Debug|x64.Build.0 = Debug|x64
		{C94344AE-ADF2-46BA-992F-FD59D5A23CF9}.Debug|x86.ActiveCfg = Debug|Win32
		{C94344AE-ADF2-46BA-992F-FD59D5A23CF9}.Debug|x86.Build.0 = Debug|Win32
		{C94344AE-ADF2-46BA-992F-FD59D5A23CF9}.Release|x64.ActiveCfg = Release|x64
		{C94344AE-ADF2-46BA-992F-FD59D5A23CF9}.Release|x64.Build.0 = Release|x64
		{C94344AE-ADF2-46BA-992F-FD59D5A23CF9}.Release|x86.ActiveCfg = Release|Win32
		{C94344AE-ADF2-46BA-992F-FD59D5A23CF9}.Release|x86.Build.0 = Release|Win32
		{FA5AB1C0-384E-4592-A473-68BD078A6F37}.Debug|x64.ActiveCfg = Debug|x64
		{FA5AB1C0-384E-4592-A473-68BD078A6F37}.Debug|x64.Build.0 = Debug|x64
		{FA5AB1C0-384E-4592-A473-68BD078A6F37}.Debug|x86.ActiveCfg = Debug|Win32
		{FA5AB1C0-384E-4592-A473-68BD078A6F37}.Debug|x86.Build.0 = Debug|Win32
		{FA5AB1C0-384E-4592-A473-68BD078A6F37}.Release|x64.ActiveCfg = Release|x64
		{FA5AB1C0-384E-4592-A473-68BD078A6F37}.Release|x64.Build.0 = Release|x64
		{FA5AB1C0-384E-4592-A473-68BD078A6F37}.Release|x86.ActiveCfg = Release|Win32
		{FA5AB1C0-384E-4592-A473-68BD078A6F37}.Release|x86.Build.0 = Release|Win32
		{B4A60D2F-7B41-4DA0-BC68-6607B1A931C2}.Debug|x64.ActiveCfg = Debug|x64
		{B4A60D2F-7B41-4DA0-BC68-6607B1A931C2}.Debug|x64.Build.0 = Debug|x64
		{B4A60D2F-7B41-4DA0-BC68-6607B1A931C2}.Debug|x86.ActiveCfg = Debug|Win32
		{B4A60D2F-7B41-4DA0-BC68-6607B1A931C2}.Debug|x86.Build.0 = Debug|Win32
		{B4A60D2F-7B41-4DA0-BC68-6607B1A931C2}.Release|x64.ActiveCfg = Release|x64
		{B4A60D2F-7B41-4DA0-BC68-6607B1A931C2}.Release|x64.Build.0 = Release|x64
		{B4A60D2F-7B41-4DA0-BC68-6607B1A931C2}.Release|x86.ActiveCfg = Release|Win32
		{B4A60D2F-7B41-4DA0-BC68-6607B1A931C2}.Release|x86.Build.0 = Release|Win32
		{FC92724E-BC68-4A90-9D15-99A438E07B31}.Debug|x64.ActiveCfg = Debug|x64
		{FC92724E-BC68-4A90-9D15-99A438E07B31}.Debug|x64.Build.0 = Debug|x64
		{FC92724E-BC68-4A90-9D15-99A438E07B31}.Debug|x86.ActiveCfg = Debug|Win32
		{FC92724E-BC68-4A90-9D15-99A438E07B31}.Debug|x86.Build.0 = Debug|Win32
		{FC92724E-BC68-4A90-9D15-99A438E07B31}.Release|x64.ActiveCfg = Release|x64
		{FC92724E-BC68-4A90-9D15-99A438E07B31}.Release|x64.Build.0 = Release|x64
		{FC92724E-BC68-4A90-9D15-99A438E07B31}.Release|x86.ActiveCfg = Release|Win32
		{FC92724E-BC68-4A90-9D15-99A438E07B31}.Release|x86.Build.0 = Release|Win32
		{0F93CC42-74FF-48BF-8EC7-5BB05AACD710}.Debug|x64.ActiveCfg = Debug|x64
		{0F93CC42-74FF-48BF-8EC7-5BB05AACD710}.Debug|x64.Build.0 = Debug|x64
		{0F93CC42-74FF-48BF-8EC7-5BB05AACD710}.Debug|x86.ActiveCfg = Debug|Win32
		{0F93CC42-74FF-48BF-8EC7-5BB05AACD710}.Debug|x86.Build.0 = Debug|Win32
		{0F93CC42-74FF-48BF-8EC7-5BB05AACD710}.Release|x64.ActiveCfg = Release|x64
		{0F93CC42-74FF-48BF-8EC7-5BB05AACD710}.Release|x64.Build.0 = Release|x64
		{0F93CC42-74FF-48BF-8EC7-5BB05AACD710}.Release|x86.ActiveCfg = Release|Win32
		{0F93CC42-74FF-48BF-8EC7-5BB05AACD710}.Release|x86.Build.0 = Release|Win32
		{C382C28C-15B5-4E2C-AE67-50EE769FBECA}.Debug|x64.ActiveCfg = Debug|x64
		{C382C28C-15B5-4E2C-AE67-50EE769FBECA}.Debug|x64.Build.0 = Debug|x64
		{C382C28C-15B5-4E2C-AE67-50EE769FBECA}.Debug|x86.ActiveCfg = Debug|Win32
		{C382C28C-15B5-4E2C-AE67-50EE769FBECA}.Debug|x86.Build.0 = Debug|Win32
		{C382C28C-15B5-4E2C-AE67-50EE769FBECA}.Release|x64.ActiveCfg = Release|x64
		{C382C28C-15B5-4E2C-AE67-50EE769FBECA}.Release|x64.Build.0 = Release|x64
		{C382C28C-15B5-4E2C-AE67-50EE769FBECA}.Release|x86.ActiveCfg = Release|Win32
		{C382C28C-15B5-4E2C-AE67-50EE769FBECA}.Release|x86.Build.0 = Release|Win32
		{136F9369-6574-4293-9246-66CDB6122B65}.Debug|x64.ActiveCfg = Debug|x64
		{136F9369-6574-4293-9246-66CDB6122B65}.Debug|x64.Build.0 = Debug|x64
		{136F9369-6574-4293-9246-66CDB6122B65}.Debug|x86.ActiveCfg = Debug|Win32
		{136F9369-6574-4293-9246-66CDB6122B65}.Debug|x86.Build.0 = Debug|Win32
		{136F9369-6574-4293-9246-66CDB6122B65}.Release|x64.ActiveCfg = Release|x64
		{136F9369-6574-4293-9246-66CDB6122B65}.Release|x64.Build.0 = Release|x64
		{136F9369-6574-4293-9246-66CDB6122B65}.Release|x86.ActiveCfg = Release|Win32
		{136F9369-6574-4293-9246-66CDB6122B65}.Release|x86.Build.0 = Release|Win32
		{19A41634-FB73-4894-BBAE-3150E7467E0B}.Debug|x64.ActiveCfg = Debug|x64
		{19A41634-FB73-4894-BBAE-3150E7467E0B}.Debug|x64.Build.0 = Debug|x64
		{19A41634-FB73-4894-BBAE-3150E7467E0B}.Debug|x86.ActiveCfg = Debug|Win32
		{19A41634-FB73-4894-BBAE-3150E7467E0B}.Debug|x86.Build.0 = Debug|Win32
		{19A41634-FB73-4894-BBAE-3150E7467E0B}.Release|x64.ActiveCfg = Release|x64
		{19A41634-FB73-4894-BBAE-3150E7467E0B}.Release|x64.Build.0 = Release|x64
		{19A41634-FB73-4894-BBAE-3150E7467E0B}.Release|x86.ActiveCfg = Release|Win32
		{19A41634-FB73-4894-BBAE-3150E7467E0B}.Release|x86.Build.0 = Release|Win32
		{030FB05E-F013-4A8A-B193-B1B5D468881C}.Debug|x64.ActiveCfg = Debug|x64
		{030FB05E-F013-4A8A-B193-B1B5D468881C}.Debug|x64.Build.0 = Debug|x64
		{030FB05E-F013-4A8A-B193-B1B5D468881C}.Debug|x86.ActiveCfg = Debug|Win32
		{030FB05E-F013-4A8A-B193-B1B5D468881C}.Debug|x86.Build.0 = Debug|Win32
		{030FB05E-F013-4A8A-B193-B1B5D468881C}.Release|x64.ActiveCfg = Release|x64
		{030FB05E-F013-4A8A-B193-B1B5D468881C}.Release|x64.Build.0 = Release|x64
		{030FB05E-F013-4A8A-B193-B1B5D468881C}.Release|x86.ActiveCfg = Release|Win32
		{030FB05E-F013-4A8A-B193-B1B5D468881C}.Release|x86.Build.0 = Release|Win32
		{D697E7DC-E188-4F92-A536-146AA8A167E1}.Debug|x64.ActiveCfg = Debug|x64
		{D697E7DC-E188-4F92-A536-146AA8A167E1}.Debug|x64.Build.0 = Debug|x64
		{D697E7DC-E188-4F92-A536-146AA8A167E1}.Debug|x86.ActiveCfg = Debug|Win32
		{D697E7DC-E188-4F92-A536-146AA8A167E1}.Debug|x86.Build.0 = Debug|Win32
		{D697E7DC-E188-4F92-A536-146AA8A167E1}.Release|x64.ActiveCfg = Release|x64
		{D697E7DC-E188-4F92-A536-146AA8A167E1}.Release|x64.Build.0 = Release|x64
		{D697E7DC-E188-4F92-A536-146AA8A167E1}.Release|x86.ActiveCfg = Release|Win32
		{D697E7DC-E188-4F92-A536-146AA8A167E1}.Release|x86.Build.0 = Release|Win32
		{C1175C53-0146-4EC8-98E9-84AC0B7B5234}.Debug|x64.ActiveCfg = Debug|x64
		{C1175C53-0146-4EC8-98E9-84AC0B7B5234}.Debug|x64.Build.0 = Debug|x64
		{C1175C53-0146-4EC8-98E9-84AC0B7B5234}.Debug|x86.ActiveCfg = Debug|Win32
		{C1175C53-0146-4EC8-98E9-84AC0B7B5234}.Debug|x86.Build.0 = Debug|Win32
		{C1175C53-0146-4EC8-98E9-84AC0B7B5234}.Release|x64.ActiveCfg = Release|x64
		{C1175C53-0146-4EC8-98E9-84AC0B7B5234}.Release|x64.Build.0 = Release|x64
		{C1175C53-0146-4EC8-98E9-84AC0B7B5234}.Release|x86.ActiveCfg = Release|Win32
		{C1175C53-0146-4EC8-98E9-84AC0B7B5234}.Release|x86.Build.0 = Release|Win32
		{0FE50578-51A1-4ADC-8325-85FF61DEA438}.Debug|x64.ActiveCfg = Debug|x64
		{0FE50578-51A1-4ADC-8325-85FF61DEA438}.Debug|x64.Build.0 = Debug|x64
		{0FE50578-51A1-4ADC-8325-85FF61DEA438}.Debug|x86.ActiveCfg = Debug|Win32
		{0FE50578-51A1-4ADC-8325-85FF61DEA438}.Debug|x86.Build.0 = Debug|Win32
		{0FE50578-51A1-4ADC-8325-85FF61DEA438}.Release|x64.ActiveCfg = Release|x64
		{0FE50578-51A1-4ADC-8325-85FF61DEA438}.Release|x64.Build.0 = Release|x64
		{0FE50578-51A1-4ADC-8325-85FF61DEA438}.Release|x86.ActiveCfg = Release|Win32
		{0FE50578-51A1-4ADC-8325-85FF61DEA438}.Release|x86.Build.0 = Release|Win32
		{D4C04A72-900C-4A34-B4E2-A87E3E4FC717}.Debug|x64.ActiveCfg = Debug|x64
		{D4C04A72-900C-4A34-B4E2-A87E3E4FC717}.Debug|x64.Build.0 = Debug|x64
		{D4C04A72-900C-4A34-B4E2-A87E3E4FC717}.Debug|x86.ActiveCfg = Debug|Win32
		{D4C04A72-900C-4A34-B4E2-A87E3E4FC717}.Debug|x86.Build.0 = Debug|Win32
		{D4C04A72-900C-4A34-B4E2-A87E3E4FC717}.Release|x64.ActiveCfg = Release|x64
		{D4C04A72-900C-4A34-B4E2-A87E3E4FC717}.Release|x64.Build.0 = Release|x64
		{D4C04A72-900C-4A34-B4E2-A87E3E4FC717}.Release|x86.ActiveCfg = Release|Win32
		{D4C04A72-900C-4A34-B4E2-A87E3E4FC717}.Release|x86.Build.0 = Release|Win32
		{B0676325-AFC8-4A35-978B-AFA9E47C20B9}.Debug|x64.ActiveCfg = Debug|x64
		{B0676325-AFC8-4A35-978B-AFA9E47C20B9}.Debug|x64.Build.0 = Debug|x64
		{B0676325-AFC8-4A35-978B-AFA9E47C20B9}.Debug|x86.ActiveCfg = Debug|Win32
		{B0676325-AFC8-4A35-978B-AFA9E47C20B9}.Debug|x86.Build.0 = Debug|Win32
		{B0676325-AFC8-4A35-978B-AFA9E47C20B9}.Release|x64.ActiveCfg = Release|x64
		{B0676325-AFC8-4A35-978B-AFA9E47C20B9}.Release|x64.Build.0 = Release|x64
		{B0676325-AFC8-4A35-978B-AFA9E47C20B9}.Release|x86.ActiveCfg = Release|Win32
		{B0676325-AFC8-4A35-978B-AFA9E47C20B9}.Release|x86.Build.0 = Release|Win32
		{DB2FEB31-33CD-48D3-A2BD-CB29424F8E16}.Debug|x64.ActiveCfg = Debug|x64
		{DB2FEB31-33CD-48D3-A2BD-CB29424F8E16}.Debug|x64.Build.0 = Debug|x64
		{DB2FEB31-33CD-48D3-A2BD-CB29424F8E16}.Debug|x86.ActiveCfg = Debug|Win32
		{DB2FEB31-33CD-48D3-A2BD-CB29424F8E16}.Debug|x86.Build.0 = Debug|Win32
		{DB2FEB31-33CD-48D3-A2BD-CB29424F8E16}.Release|x64.ActiveCfg = Release|x64
		{DB2FEB31-33CD-48D3-A2BD-CB29424F8E16}.Release|x64.Build.0 = Release|x64
		{DB2FEB31-33CD-48D3-A2BD-CB29424F8E16}.Release|x86.ActiveCfg = Release|Win32
		{DB2FEB31-33CD-48D3-A2BD-CB29424F8E16}.Release|x86.Build.0 = Release|Win32
		{70FEE3E0-9B13-449D-ACB5-CB3B6534EE67}.Debug|x64.ActiveCfg = Debug|x64
		{70FEE3E0-9B13-449D-ACB5-CB3B6534EE67}.Debug|x64.Build.0 = Debug|x64
		{70FEE3E0-9B13-449D-ACB5-CB3B6534EE67}.Debug|x86.ActiveCfg = Debug|Win32
		{70FEE3E0-9B13-449D-ACB5-CB3B6534EE67}.Debug|x86.Build.0 = Debug|Win32
		{70FEE3E0-9B13-449D-ACB5-CB3B6534EE67}.Release|x64.ActiveCfg = Release|x64
		{70FEE3E0-9B13-449D-ACB5-CB3B6534EE67}.Release|x64.Build.0 = Release|x64
		{70FEE3E0-9B13-449D-ACB5-CB3B6534EE67}.Release|x86.ActiveCfg = Release|Win32
		{70FEE3E0-9B13-449D-ACB5-CB3B6534EE67}.Release|x86.Build.0 = Release|Win32
		{A8C6BF95-6475-4F8E-8991-7D354C60EE5A}.Debug|x64.ActiveCfg = Debug|x64
		{A8C6BF95-6475-4F8E-8991-7D354C60EE5A}.Debug|x64.Build.0 = Debug|x64
		{A8C6BF95-6475-4F8E-8991-7D354C60EE5A}.Debug|x86.ActiveCfg = Debug|Win32
		{A8C6BF95-6475-4F8E-8991-7D354C60EE5A}.Debug|x86.Build.0 = Debug|Win32
		{A8C6BF95-6475-4F8E-8991-7D354C60EE5A}.Release|x64.ActiveCfg = Release|x64
		{A8C6BF95-6475-4F8E-8991-7D354C60EE5A}.Release|x64.Build.0 = Release|x64
		{A8C6BF95-6475-4F8E-8991-7D354C60EE5A}.Release|x86.ActiveCfg = Release|Win32
		{A8C6BF95-6475-4F8E-8991-7D354C60EE5A}.Release|x86.Build.0 = Release|Win32
		{60726DB3-FF0F-4B58-999F-F4B6CEEA055C}.Debug|x64.ActiveCfg = Debug|x64
		{60726DB3-FF0F-4B58-999F-F4B6CEEA055C}.Debug|x64.Build.0 = Debug|x64
		{60726DB3-FF0F-4B58-999F-F4B6CEEA055C}.Debug|x86.ActiveCfg = Debug|Win32
		{60726DB3-FF0F-4B58-999F-F4B6CEEA055C}.Debug|x86.Build.0 = Debug|Win32
		{60726DB3-FF0F-4B58-999F-F4B6CEEA055C}.Release|x64.ActiveCfg = Release|x64
		{60726DB3-FF0F-4B58-999F-F4B6CEEA055C}.Release|x64.Build.0 = Release|x64
		{60726DB3-FF0F-4B58-999F-F4B6CEEA055C}.Release|x86.ActiveCfg = Release|Win32
		{60726DB3-FF0F-4B58-999F-F4B6CEEA055C}.Release|x86.Build.0 = Release|Win32
		{40882228-2F7C-4DB8-A006-96D811B4B855}.Debug|x64.ActiveCfg = Debug|x64
		{40882228-2F7C-4DB8-A006-96D811B4B855}.Debug|x64.Build.0 = Debug|x64
		{40882228-2F7C-4DB8-A006-96D811B4B855}.Debug|x86.ActiveCfg = Debug|Win32
		{40882228-2F7C-4DB8-A006-96D811B4B855}.Debug|x86.Build.0 = Debug|Win32
		{40882228-2F7C-4DB8-A006-96D811B4B855}.Release|x64.ActiveCfg = Release|x64
		{40882228-2F7C-4DB8-A006-96D811B4B855}.Release|x64.Build.0 = Release|x64
		{40882228-2F7C-4DB8-A006-96D811B4B855}.Release|x86.ActiveCfg = Release|Win32
		{40882228-2F7C-4DB8-A006-96D811B4B855}.Release|x86.Build.0 = Release|Win32
		{64AD9B14-E309-464F-A39E-806450BF8DF6}.Debug|x64.ActiveCfg = Debug|x64
		{64AD9B14-E309-464F-A39E-806450BF8DF6}.Debug|x64.Build.0 = Debug|x64
		{64AD9B14-E309-464F-A39E-806450BF8DF6}.Debug|x86.ActiveCfg = Debug|Win32
		{64AD9B14-E309-464F-A39E-806450BF8DF6}.Debug|x86.Build.0 = Debug|Win32
		{64AD9B14-E309-464F-A39E-806450BF8DF6}.Release|x64.ActiveCfg = Release|x64
		{64AD9B14-E309-464F-A39E-806450BF8DF6}.Release|x64.Build.0 = Release|x64
		{64AD9B14-E309-464F-A39E-806450BF8DF6}.Release|x86.ActiveCfg = Release|Win32
		{64AD9B14-E309-464F-A39E-806450BF8DF6}.Release|x86.Build.0 = Release|Win32
		{CEB2ABC6-6AFB-494A-B766-D62F429D166D}.Debug|x64.ActiveCfg = Debug|x64
		{CEB2ABC6-6AFB-494A-B766-D62F429D166D}.Debug|x64.Build.0 = Debug|x64
		{CEB2ABC6-6AFB-494A-B766-D62F429D166D}.Debug|x86.ActiveCfg = Debug|Win32
		{CEB2ABC6-6AFB-494A-B766-D62F429D166D}.Debug|x86.Build.0 = Debug|Win32
		{CEB2ABC6-6AFB-494A-B766-D62F429D166D}.Release|x64.ActiveCfg = Release|x64
		{CEB2ABC6-6AFB-494A-B766-D62F429D166D}.Release|x64.Build.0 = Release|x64
		{CEB2ABC6-6AFB-494A-B766-D62F429D166D}.Release|x86.ActiveCfg = Release|Win32
		{CEB2ABC6-6AFB-494A-B766-D62F429D166D}.Release|x86.Build.0 = Release|Win32
		{18163827-411F-48C9-B986-69BF387C45E1}.Debug|x64.ActiveCfg = Debug|x64
		{18163827-411F-48C9-B986-69BF387C45E1}.Debug|x64.Build.0 = Debug|x64
		{18163827-411F-48C9-B986-69BF387C45E1}.Debug|x86.ActiveCfg = Debug|Win32
		{18163827-411F-48C9-B986-69BF387C45E1}.Debug|x86.Build.0 = Debug|Win32
		{18163827-411F-48C9-B986-69BF387C45E1}.Release|x64.ActiveCfg = Release|x64
		{18163827-411F-48C9-B986-69BF387C45E1}.Release|x64.Build.0 = Release|x64
		{18163827-411F-48C9-B986-69BF387C45E1}.Release|x86.ActiveCfg = Release|Win32
		{18163827-411F-48C9-B986-69BF387C45E1}.Release|x86.Build.0 = Release|Win32
		{C598858F-4D48-4926-AAD2-D9783ED668B7}.Debug|x64.ActiveCfg = Debug|x64
		{C598858F-4D48-4926-AAD2-D9783ED668B7}.Debug|x64.Build.0 = Debug|x64
		{C598858F-4D48-4926-AAD2-D9783ED668B7}.Debug|x86.ActiveCfg = Debug|Win32
		{C598858F-4D48-4926-AAD2-D9783ED668B7}.Debug|x86.Build.0 = Debug|Win32
		{C598858F-4D48-4926-AAD2-D9783ED668B7}.Release|x64.ActiveCfg = Release|x64
		{C598858F-4D48-4926-AAD2-D9783ED668B7}.Release|x64.Build.0 = Release|x64
		{C598858F-4D48-4926-AAD2-D9783ED668B7}.Release|x86.ActiveCfg = Release|Win32
		{C598858F-4D48-4926-AAD2-D9783ED668B7}.Release|x86.Build.0 = Release|Win32
		{E3773220-BDE1-4A9C-88B0-6A1EB374D450}.Debug|x64.ActiveCfg = Debug|x64
		{E3773220-BDE1-4A9C-88B0-6A1EB374D450}.Debug|x64.Build.0 = Debug|x64
		{E3773220-BDE1-4A9C-88B0-6A1EB374D450}.Debug|x86.ActiveCfg = Debug|Win32
		{E3773220-BDE1-4A9C-88B0-6A1EB374D450}.Debug|x86.Build.0 = Debug|Win32
		{E3773220-BDE1-4A9C-88B0-6A1EB374D450}.Release|x64.ActiveCfg = Release|x64
		{E3773220-BDE1-4A9C-88B0-6A1EB374D450}.Release|x64.Build.0 = Release|x64
		{E3773220-BDE1-4A9C-88B0-6A1EB374D450}.Release|x86.ActiveCfg = Release|Win32
		{E3773220-BDE1-4A9C-88B0-6A1EB374D450}.Release|x86.Build.0 = Release|Win32
		{A7F27AD5-BC9A-420E-9F27-95037156E195}.Debug|x64.ActiveCfg = Debug|x64
		{A7F27AD5-BC9A-420E-9F27-95037156E195}.Debug|x64.Build.0 = Debug|x64
		{A7F27AD5-BC9A-420E-9F27-95037156E195}.Debug|x86.ActiveCfg = Debug|Win32
		{A7F27AD5-BC9A-420E-9F27-95037156E195}.Debug|x86.Build.0 = Debug|Win32
		{A7F27AD5-BC9A-420E-9F27-95037156E195}.Release|x64.ActiveCfg = Release|x64
		{A7F27AD5-BC9A-420E-9F27-95037156E195}.Release|x64.Build.0 = Release|x64
		{A7F27AD5-BC9A-420E-9F27-95037156E195}.Release|x86.ActiveCfg = Release|Win32
		{A7F27AD5-BC9A-420E-9F27-95037156E195}.Release|x86.Build.0 = Release|Win32
		{8E62F361-D8E0-4983-9419-70B53E32AA38}.Debug|x64.ActiveCfg = Debug|x64
		{8E62F361-D8E0-4983-9419-70B53E32AA38}.Debug|x64.Build.0 = Debug|x64
		{8E62F361-D8E0-4983-9419-70B53E32AA38}.Debug|x86.ActiveCfg = Debug|Win32
		{8E62F361-D8E0-4983-9419-70B53E32AA38}.Debug|x86.Build.0 = Debug|Win32
		{8E62F361-D8E0-4983-9419-70B53E32AA38}.Release|x64.ActiveCfg = Release|x64
		{8E62F361-D8E0-4983-9419-70B53E32AA38}.Release|x64.Build.0 = Release|x64
		{8E62F361-D8E0-4983-9419-70B53E32AA38}.Release|x86.ActiveCfg = Release|Win32
		{8E62F361-D8E0-4983-9419-70B53E32AA38}.Release|x86.Build.0 = Release|Win32
		{13D9C672-33D7-4FE3-821C-670B83FA43A5}.Debug|x64.ActiveCfg = Debug|x64
		{13D9C672-33D7-4FE3-821C-670B83FA43A5}.Debug|x64.Build.0 = Debug|x64
		{13D9C672-33D7-4FE3-821C-670B83FA43A5}.Debug|x86.ActiveCfg = Debug|Win32
		{13D9C672-33D7-4FE3-821C-670B83FA43A5}.Debug|x86.Build.0 = Debug|Win32
		{13D9C672-33D7-4FE3-821C-670B83FA43A5}.Release|x64.ActiveCfg = Release|x64
		{13D9C672-33D7-4FE3-821C-670B83FA43A5}.Release|x64.Build.0 = Release|x64
		{13D9C672-33D7-4FE3-821C-670B83FA43A5}.Release|x86.ActiveCfg = Release|Win32
		{13D9C672-33D7-4FE3-821C-670B83FA43A5}.Release|x86.Build.0 = Release|Win32
		{630BE0C4-E155-4674-8845-DEE09BCCE2E2}.Debug|x64.ActiveCfg = Debug|x64
		{630BE0C4-E155-4674-8845-DEE09BCCE2E2}.Debug|x64.Build.0 = Debug|x64
		{630BE0C4-E155-4674-8845-DEE09BCCE2E2}.Debug|x86.ActiveCfg = Debug|Win32
		{630BE0C4-E155-4674-8845-DEE09BCCE2E2}.Debug|x86.Build.0 = Debug|Win32
		{630BE0C4-E155-4674-8845-DEE09BCCE2E2}.Release|x64.ActiveCfg = Release|x64
		{630BE0C4-E155-4674-8845-DEE09BCCE2E2}.Release|x64.Build.0 = Release|x64
		{630BE0C4-E155-4674-8845-DEE09BCCE2E2}.Release|x86.ActiveCfg = Release|Win32
		{630BE0C4-E155-4674-8845-DEE09BCCE2E2}.Release|x86.Build.0 = Release|Win32
		{9FFB4B56-737B-49AD-903B-D44AF53D4969}.Debug|x64.ActiveCfg = Debug|x64
		{9FFB4B56-737B-49AD-903B-D44AF53D4969}.Debug|x64.Build.0 = Debug|x64
		{9FFB4B56-737B-49AD-903B-D44AF53D4969}.Debug|x86.ActiveCfg = Debug|Win32
		{9FFB4B56-737B-49AD-903B-D44AF53D4969}.Debug|x86.Build.0 = Debug|Win32
		{9FFB4B56-737B-49AD-903B-D44AF53D4969}.Release|x64.ActiveCfg = Release|x64
		{9FFB4B56-737B-49AD-903B-D44AF53D4969}.Release|x64.Build.0 = Release|x64
		{9FFB4B56-737B-49AD-903B-D44AF53D4969}.Release|x86.ActiveCfg = Release|Win32
		{9FFB4B56-737B-49AD-903B-D44AF53D4969}.Release|x86.Build.0 = Release|Win32
		{DB3FFB96-FCF5-46CB-A658-610247564117}.Debug|x64.ActiveCfg = Debug|x64
		{DB3FFB96-FCF5-46CB-A658-610247564117}.Debug|x64.Build.0 = Debug|x64
		{DB3FFB96-FCF5-46CB-A658-610247564117}.Debug|x86.ActiveCfg = Debug|Win32
		{DB3FFB96-FCF5-46CB-A658-610247564117}.Debug|x86.Build.0 = Debug|Win32
		{DB3FFB96-FCF5-46CB-A658-610247564117}.Release|x64.ActiveCfg = Release|x64
		{DB3FFB96-FCF5-46CB-A658-610247564117}.Release|x64.Build.0 = Release|x64
		{DB3FFB96-FCF5-46CB-A658-610247564117}.Release|x86.ActiveCfg = Release|Win32
		{DB3FFB96-FCF5-46CB-A658-610247564117}.Release|x86.Build.0 = Release|Win32
		{F70260AE-5B1E-46CB-9D5D-777C6867EB58}.Debug|x64.ActiveCfg = Debug|x64
		{F70260AE-5B1E-46CB-9D5D-777C6867EB58}.Debug|x64.Build.0 = Debug|x64
		{F70260AE-5B1E-46CB-9D5D-777C6867EB58}.Debug|x86.ActiveCfg = Debug|Win32
		{F70260AE-5B1E-46CB-9D5D-777C6867EB58}.Debug|x86.Build.0 = Debug|Win32
		{F70260AE-5B1E-46CB-9D5D-777C6867EB58}.Release|x64.ActiveCfg = Release|x64
		{F70260AE-5B1E-46CB-9D5D-777C6867EB58}.Release|x64.Build.0 = Release|x64
		{F70260AE-5B1E-46CB-9D5D-777C6867EB58}.Release|x86.ActiveCfg = Release|Win32
		{F70260AE-5B1E-46CB-9D5D-777C6867EB58}.Release|x86.Build.0 = Release|Win32
		{A5D2608A-7EBE-4256-9096-2A15CCA5CC79}.Debug|x64.ActiveCfg = Debug|x64
		{A5D2608A-7EBE-4256-9096-2A15CCA5CC79}.Debug|x64.Build.0 = Debug|x64
		{A5D2608A-7EBE-4256-9096-2A15CCA5CC79}.Debug|x86.ActiveCfg = Debug|Win32
		{A5D2608A-7EBE-4256-9096-2A15CCA5CC79}.Debug|x86.Build.0 = Debug|Win32
		{A5D2608A-7EBE-4256-9096-2A15CCA5CC79}.Release|x64.ActiveCfg = Release|x64
		{A5D2608A-7EBE-4256-9096-2A15CCA5CC79}.Release|x64.Build.0 = Release|x64
		{A5D2608A-7EBE-4256-9096-2A15CCA5CC79}.Release|x86.ActiveCfg = Release|Win32
		{A5D2608A-7EBE-4256-9096-2A15CCA5CC79}.Release|x86.Build.0 = Release|Win32
		{4CC29009-BB2D-4718-BEB1-3499069F25C5}.Debug|x64.ActiveCfg = Debug|x64
		{4CC29009-BB2D-4718-BEB1-3499069F25C5}.Debug|x64.Build.0 = Debug|x64
		{4CC29009-BB2D-4718-BEB1-3499069F25C5}.Debug|x86.ActiveCfg = Debug|Win32
		{4CC29009-BB2D-4718-BEB1-3499069F25C5}.Debug|x86.Build.0 = Debug|Win32
		{4CC29009-BB2D-4718-BEB1-3499069F25C5}.Release|x64.ActiveCfg = Release|x64
		{4CC29009-BB2D-4718-BEB1-3499069F25C5}.Release|x64.Build.0 = Release|x64
		{4CC29009-BB2D-4718-BEB1-3499069F25C5}.Release|x86.ActiveCfg = Release|Win32
		{4CC29009-BB2D-4718-BEB1-3499069F25C5}.Release|x86.Build.0 = Release|Win32
		{9B013BD5-65A5-4849-BBAA-CB1324830D61}.Debug|x64.ActiveCfg = Debug|x64
		{9B013BD5-65A5-4849-BBAA-CB1324830D61}.Debug|x64.Build.0 = Debug|x64
		{9B013BD5-65A5-4849-BBAA-CB1324830D61}.Debug|x86.ActiveCfg = Debug|Win32
		{9B013BD5-65A5-4849-BBAA-CB1324830D61}.Debug|x86.Build.0 = Debug|Win32
		{9B013BD5-65A5-4849-BBAA-CB1324830D61}.Release|x64.ActiveCfg = Release|x64
		{9B013BD5-65A5-4849-BBAA-CB1324830D61}.Release|x64.Build.0 = Release|x64
		{9B013BD5-65A5-4849-BBAA-CB1324830D61}.Release|x86.ActiveCfg = Release|Win32
		{9B013BD5-65A5-4849-BBAA-CB1324830D61}.Release|x86.Build.0 = Release|Win32
		{5FA67AFE-658E-4716-A9DB-A0C654BC0D18}.Debug|x64.ActiveCfg = Debug|x64
		{5FA67AFE-658E-4716-A9DB-A0C654BC0D18}.Debug|x64.Build.0 = Debug|x64
		{5FA67AFE-658E-4716-A9DB-A0C654BC0D18}.Debug|x86.ActiveCfg = Debug|Win32
		{5FA67AFE-658E-4716-A9DB-A0C654BC0D18}.Debug|x86.Build.0 = Debug|Win32
		{5FA67AFE-658E-4716-A9DB-A0C654BC0D18}.Release|x64.ActiveCfg = Release|x64
		{5FA67AFE-658E-4716-A9DB-A0C654BC0D18}.Release|x64.Build.0 = Release|x64
		{5FA67AFE-658E-4716-A9DB-A0C654BC0D18}.Release|x86.ActiveCfg = Release|Win32
		{5FA67AFE-658E-4716-A9DB-A0C654BC0D18}.Release|x86.Build.0 = Release|Win32
		{1D7F46A5-1E5C-453E-AABD-7356BE6E0CF8}.Debug|x64.ActiveCfg = Debug|x64
		{1D7F46A5-1E5C-453E-AABD-7356BE6E0CF8}.Debug|x64.Build.0 = Debug|x64
		{1D7F46A5-1E5C-453E-AABD-7356BE6E0CF8}.Debug|x86.ActiveCfg = Debug|Win32
		{1D7F46A5-1E5C-453E-AABD-7356BE6E0CF8}.Debug|x86.Build.0 = Debug|Win32
		{1D7F46A5-1E5C-453E-AABD-7356BE6E0CF8}.Release|x64.ActiveCfg = Release|x64
		{1D7F46A5-1E5C-453E-AABD-7356BE6E0CF8}.Release|x64.Build.0 = Release|x64
		{1D7F46A5-1E5C-453E-AABD-7356BE6E0CF8}.Release|x86.ActiveCfg = Release|Win32
		{1D7F46A5-1E5C-453E-AABD-7356BE6E0CF8}.Release|x86.Build.0 = Release|Win32
		{D94E9197-33BE-4ADD-8FE3-46B65E030DB5}.Debug|x64.ActiveCfg = Debug|x64
		{D94E9197-33BE-4ADD-8FE3-46B65E030DB5}.Debug|x64.Build.0 = Debug|x64
		{D94E9197-33BE-4ADD-8FE3-46B65E030DB5}.Debug|x86.ActiveCfg = Debug|Win32
		{D94E9197-33BE-4ADD-8FE3-46B65E030DB5}.Debug|x86.Build.0 = Debug|Win32
		{D94E9197-33BE-4ADD-8FE3-46B65E030DB5}.Release|x64.ActiveCfg = Release|x64
		{D94E9197-33BE-4ADD-8FE3-46B65E030DB5}.Release|x64.Build.0 = Release|x64
		{D94E9197-33BE-4ADD-8FE3-46B65E030DB5}.Release|x86.ActiveCfg = Release|Win32
		{D94E9197-33BE-4ADD-8FE3-46B65E030DB5}.Release|x86.Build.0 = Release|Win32
		{92A38A90-A6E9-4BD8-9868-54B527873AF6}.Debug|x64.ActiveCfg = Debug|x64
		{92A38A90-A6E9-4BD8-9868-54B527873AF6}.Debug|x64.Build.0 = Debug|x64
		{92A38A90-A6E9-4BD8-9868-54B527873AF6}.Debug|x86.ActiveCfg = Debug|Win32
		{92A38A90-A6E9-4BD8-9868-54B527873AF6}.Debug|x86.Build.0 = Debug|Win32
		{92A38A90-A6E9-4BD8-9868-54B527873AF6}.Release|x64.ActiveCfg = Release|x64
		{92A38A90-A6E9-4BD8-9868-54B527873AF6}.Release|x64.Build.0 = Release|x64
		{92A38A90-A6E9-4BD8-9868-54B527873AF6}.Release|x86.ActiveCfg = Release|Win32
		{92A38A90-A6E9-4BD8-9868-54B527873AF6}.Release|x86.Build.0 = Release|Win32
		{DBC31141-3B14-4EE5-B462-A3BC3FE010E8}.Debug|x64.ActiveCfg = Debug|x64
		{DBC31141-3B14-4EE5-B462-A3BC3FE010E8}.Debug|x64.Build.0 = Debug|x64
		{DBC31141-3B14-4EE5-B462-A3BC3FE010E8}.Debug|x86.ActiveCfg = Debug|Win32
		{DBC31141-3B14-4EE5-B462-A3BC3FE010E8}.Debug|x86.Build.0 = Debug|Win32
		{DBC31141-3B14-4EE5-B462-A3BC3FE010E8}.Release|x64.ActiveCfg = Release|x64
		{DBC31141-3B14-4EE5-B462-A3BC3FE010E8}.Release|x64.Build.0 = Release|x64
		{DBC31141-3B14-4EE5-B462-A3BC3FE010E8}.Release|x86.ActiveCfg = Release|Win32
		{DBC31141-3B14-4EE5-B462-A3BC3FE010E8}.Release|x86.Build.0 = Release|Win32
		{D6F0F590-5FD4-436E-84D5-BFC889A883E3}.Debug|x64.ActiveCfg = Debug|x64
		{D6F0F590-5FD4-436E-84D5-BFC889A883E3}.Debug|x64.Build.0 = Debug|x64
		{D6F0F590-5FD4-436E-84D5-BFC889A883E3}.Debug|x86.ActiveCfg = Debug|Win32
		{D6F0F590-5FD4-436E-84D5-BFC889A883E3}.Debug|x86.Build.0 = Debug|Win32
		{D6F0F590-5FD4-436E-84D5-BFC889A883E3}.Release|x64.ActiveCfg = Release|x64
		{D6F0F590-5FD4-436E-84D5-BFC889A883E3}.Release|x64.Build.0 = Release|x64
		{D6F0F590-5FD4-436E-84D5-BFC889A883E3}.Release|x86.ActiveCfg = Release|Win32
		{D6F0F590-5FD4-436E-84D5-BFC889A883E3}.Release|x86.Build.0 = Release|Win32
		{E1C59A9F-D0BC-4446-9B2D-CDA00214FFDC}.Debug|x64.ActiveCfg = Debug|x64
		{E1C59A9F-D0BC-4446-9B2D-CDA00214FFDC}.Debug|x64.Build.0 = Debug|x64
		{E1C59A9F-D0BC-4446-9B2D-CDA00214FFDC}.Debug|x86.ActiveCfg = Debug|Win32
		{E1C59A9F-D0BC-4446-9B2D-CDA00214FFDC}.Debug|x86.Build.0 = Debug|Win32
		{E1C59A9F-D0BC-4446-9B2D-CDA00214FFDC}.Release|x64.ActiveCfg = Release|x64
		{E1C59A9F-D0BC-4446-9B2D-CDA00214FFDC}.Release|x64.Build.0 = Release|x64
		{E1C59A9F-D0BC-4446-9B2D-CDA00214FFDC}.Release|x86.ActiveCfg = Release|Win32
		{E1C59A9F-D0BC-4446-9B2D-CDA00214FFDC}.Release|x86.Build.0 = Release|Win32
		{861C8235-14C4-4426-B320-0612FCDEC291}.Debug|x64.ActiveCfg = Debug|x64
		{861C8235-14C4-4426-B320-0612FCDEC291}.Debug|x64.Build.0 = Debug|x64
		{861C8235-14C4-4426-B320-0612FCDEC291}.Debug|x86.ActiveCfg = Debug|Win32
		{861C8235-14C4-4426-B320-0612FCDEC291}.Debug|x86.Build.0 = Debug|Win32
		{861C8235-14C4-4426-B320-0612FCDEC291}.Release|x64.ActiveCfg = Release|x64
		{861C8235-14C4-4426-B320-0612FCDEC291}.Release|x64.Build.0 = Release|x64
		{861C8235-14C4-4426-B320-0612FCDEC291}.Release|x86.ActiveCfg = Release|Win32
		{861C8235-14C4-4426-B320-0612FCDEC291}.Release|x86.Build.0 = Release|Win32
		{BDE27424-CA99-4DBD-A5B9-826435D9C5BC}.Debug|x64.ActiveCfg = Debug|x64
		{BDE27424-CA99-4DBD-A5B9-826435D9C5BC}.Debug|x64.Build.0 = Debug|x64
		{BDE27424-CA99-4DBD-A5B9-826435D9C5BC}.Debug|x86.ActiveCfg = Debug|Win32
		{BDE27424-CA99-4DBD-A5B9-826435D9C5BC}.Debug|x86.Build.0 = Debug|Win32
		{BDE27424-CA99-4DBD-A5B9-826435D9C5BC}.Release|x64.ActiveCfg = Release|x64
		{BDE27424-CA99-4DBD-A5B9-826435D9C5BC}.Release|x64.Build.0 = Release|x64
		{BDE27424-CA99-4DBD-A5B9-826435D9C5BC}.Release|x86.ActiveCfg = Release|Win32
		{BDE27424-CA99-4DBD-A5B9-826435D9C5BC}.Release|x86.Build.0 = Release|Win32
		{B6AD646D-F75A-4967-B263-672D1C2463B5}.Debug|x64.ActiveCfg = Debug|x64
		{B6AD646D-F75A-4967-B263-672D1C2463B5}.Debug|x64.Build.0 = Debug|x64
		{B6AD646D-F75A-4967-B263-672D1C2463B5}.Debug|x86.ActiveCfg = Debug|Win32
		{B6AD646D-F75A-4967-B263-672D1C2463B5}.Debug|x86.Build.0 = Debug|Win32
		{B6AD646D-F75A-4967-B263-672D1C2463B5}.Release|x64.ActiveCfg = Release|x64
		{B6AD646D-F75A-4967-B263-672D1C2463B5}.Release|x64.Build.0 = Release|x64
		{B6AD646D-F75A-4967-B263-672D1C2463B5}.Release|x86.ActiveCfg = Release|Win32
		{B6AD646D-F75A-4967-B263-672D1C2463B5}.Release|x86.Build.0 = Release|Win32
		{F63A37CF-73CC-4D14-B9A5-A8C7D075F5EC}.Debug|x64.ActiveCfg = Debug|x64
		{F63A37CF-73CC-4D14-B9A5-A8C7D075F5EC}.Debug|x64.Build.0 = Debug|x64
		{F63A37CF-73CC-4D14-B9A5-A8C7D075F5EC}.Debug|x86.ActiveCfg = Debug|Win32
		{F63A37CF-73CC-4D14-B9A5-A8C7D075F5EC}.Debug|x86.Build.0 = Debug|Win32
		{F63A37CF-73CC-4D14-B9A5-A8C7D075F5EC}.Release|x64.ActiveCfg = Release|x64
		{F63A37CF-73CC-4D14-B9A5-A8C7D075F5EC}.Release|x64.Build.0 = Release|x64
		{F63A37CF-73CC-4D14-B9A5-A8C7D075F5EC}.Release|x86.ActiveCfg = Release|Win32
		{F63A37CF-73CC-4D14-B9A5-A8C7D075F5EC}.Release|x86.Build.0 = Release|Win32
		{FA174002-DC53-418A-9198-EEEA236D1DBA}.Debug|x64.ActiveCfg = Debug|x64
		{FA174002-DC53-418A-9198-EEEA236D1DBA}.Debug|x64.Build.0 = Debug|x64
		{FA174002-DC53-418A-9198-EEEA236D1DBA}.Debug|x86.ActiveCfg = Debug|Win32
		{FA174002-DC53-418A-9198-EEEA236D1DBA}.Debug|x86.Build.0 = Debug|Win32
		{FA174002-DC53-418A-9198-EEEA236D1DBA}.Release|x64.ActiveCfg = Release|x64
		{FA174002-DC53-418A-9198-EEEA236D1DBA}.Release|x64.Build.0 = Release|x64
		{FA174002-DC53-418A-9198-EEEA236D1DBA}.Release|x86.ActiveCfg = Release|Win32
		{FA174002-DC53-418A-9198-EEEA236D1DBA}.Release|x86.Build.0 = Release|Win32
		{9C005CB5-E770-48F0-921D-671BB9ED1DB3}.Debug|x64.ActiveCfg = Debug|x64
		{9C005CB5-E770-48F0-921D-671BB9ED1DB3}.Debug|x64.Build.0 = Debug|x64
		{9C005CB5-E770-48F0-921D-671BB9ED1DB3}.Debug|x86.ActiveCfg = Debug|Win32
		{9C005CB5-E770-48F0-921D-671BB9ED1DB3}.Debug|x86.Build.0 = Debug|Win32
		{9C005CB5-E770-48F0-921D-671BB9ED1DB3}.Release|x64.ActiveCfg = Release|x64
		{9C005CB5-E770-48F0-921D-671BB9ED1DB3}.Release|x64.Build.0 = Release|x64
		{9C005CB5-E770-48F0-921D-671BB9ED1DB3}.Release|x86.ActiveCfg = Release|Win32
		{9C005CB5-E770-48F0-921D-671BB9ED1DB3}.Release|x86.Build.0 = Release|Win32
		{834BE808-8634-4481-926A-9FBE2E665721}.Debug|x64.ActiveCfg = Debug|x64
		{834BE808-8634-4481-926A-9FBE2E665721}.Debug|x64.Build.0 = Debug|x64
		{834BE808-8634-4481-926A-9FBE2E665721}.Debug|x86.ActiveCfg = Debug|Win32
		{834BE808-8634-4481-926A-9FBE2E665721}.Debug|x86.Build.0 = Debug|Win32
		{834BE808-8634-4481-926A-9FBE2E665721}.Release|x64.ActiveCfg = Release|x64
		{834BE808-8634-4481-926A-9FBE2E665721}.Release|x64.Build.0 = Release|x64
		{834BE808-8634-4481-926A-9FBE2E665721}.Release|x86.ActiveCfg = Release|Win32
		{834BE808-8634-4481-926A-9FBE2E665721}.Release|x86.Build.0 = Release|Win32
		{D4855120-12A1-49C9-919C-720053569D5E}.Debug|x64.ActiveCfg = Debug|x64
		{D4855120-12A1-49C9-919C-720053569D5E}.Debug|x64.Build.0 = Debug|x64
		{D4855120-12A1-49C9-919C-720053569D5E}.Debug|x86.ActiveCfg = Debug|Win32
		{D4855120-12A1-49C9-919C-720053569D5E}.Debug|x86.Build.0 = Debug|Win32
		{D4855120-12A1-49C9-919C-720053569D5E}.Release|x64.ActiveCfg = Release|x64
		{D4855120-12A1-49C9-919C-720053569D5E}.Release|x64.Build.0 = Release|x64
		{D4855120-12A1-49C9-919C-720053569D5E}.Release|x86.ActiveCfg = Release|Win32
		{D4855120-12A1-49C9-919C-720053569D5E}.Release|x86.Build.0 = Release|Win32
		{91C97564-3A63-4DE3-BE8B-D4AD0BB53D1B}.Debug|x64.ActiveCfg = Debug|x64
		{91C97564-3A63-4DE3-BE8B-D4AD0BB53D1B}.Debug|x64.Build.0 = Debug|x64
		{91C97564-3A63-4DE3-BE8B-D4AD0BB53D1B}.Debug|x86.ActiveCfg = Debug|Win32
		{91C97564-3A63-4DE3-BE8B-D4AD0BB53D1B}.Debug|x86.Build.0 = Debug|Win32
		{91C97564-3A63-4DE3-BE8B-D4AD0BB53D1B}.Release|x64.ActiveCfg = Release|x64
		{91C97564-3A63-4DE3-BE8B-D4AD0BB53D1B}.Release|x64.Build.0 = Release|x64
		{91C97564-3A63-4DE3-BE8B-D4AD0BB53D1B}.Release|x86.ActiveCfg = Release|Win32
		{91C97564-3A63-4DE3-BE8B-D4AD0BB53D1B}.Release|x86.Build.0 = Release|Win32
		{1AE01734-7EC8-451C-A109-7F5B68719E5F}.Debug|x64.ActiveCfg = Debug|x64
		{1AE01734-7EC8-451C-A109-7F5B68719E5F}.Debug|x64.Build.0 = Debug|x64
		{1AE01734-7EC8-451C-A109-7F5B68719E5F}.Debug|x86.ActiveCfg = Debug|Win32
		{1AE01734-7EC8-451C-A109-7F5B68719E5F}.Debug|x86.Build.0 = Debug|Win32
		{1AE01734-7EC8-451C-A109-7F5B68719E5F}.Release|x64.ActiveCfg = Release|x64
		{1AE01734-7EC8-451C-A109-7F5B68719E5F}.Release|x64.Build.0 = Release|x64
		{1AE01734-7EC8-451C-A109-7F5B68719E5F}.Release|x86.ActiveCfg = Release|Win32
		{1AE01734-7EC8-451C-A109-7F5B68719E5F}.Release|x86.Build.0 = Release|Win32
		{606CCA5C-5F17-4603-92B5-46704007D9DC}.Debug|x64.ActiveCfg = Debug|x64
		{606CCA5C-5F17-4603-92B5-46704007D9DC}.Debug|x64.Build.0 = Debug|x64
		{606CCA5C-5F17-4603-92B5-46704007D9DC}.Debug|x86.ActiveCfg = Debug|Win32
		{606CCA5C-5F17-4603-92B5-46704007D9DC}.Debug|x86.Build.0 = Debug|Win32
		{606CCA5C-5F17-4603-92B5-46704007D9DC}.Release|x64.ActiveCfg = Release|x64
		{606CCA5C-5F17-4603-92B5-46704007D9DC}.Release|x64.Build.0 = Release|x64
		{606CCA5C-5F17-4603-92B5-46704007D9DC}.Release|x86.ActiveCfg = Release|Win32
		{606CCA5C-5F17-4603-92B5-46704007D9DC}.Release|x86.Build.0 = Release|Win32
		{ACA54208-A8A9-4D1B-AD69-36232ACD5D75}.Debug|x64.ActiveCfg = Debug|x64
		{ACA54208-A8A9-4D1B-AD69-36232ACD5D75}.Debug|x64.Build.0 = Debug|x64
		{ACA54208-A8A9-4D1B-AD69-36232ACD5D75}.Debug|x86.ActiveCfg = Debug|Win32
		{ACA54208-A8A9-4D1B-AD69-36232ACD5D75}.Debug|x86.Build.0 = Debug|Win32
		{ACA54208-A8A9-4D1B-AD69-36232ACD5D75}.Release|x64.ActiveCfg = Release|x64
		{ACA54208-A8A9-4D1B-AD69-36232ACD5D75}.Release|x64.Build.0 = Release|x64
		{ACA54208-A8A9-4D1B-AD69-36232ACD5D75}.Release|x86.ActiveCfg = Release|Win32
		{ACA54208-A8A9-4D1B-AD69-36232ACD5D75}.Release|x86.Build.0 = Release|Win32
		{E9B2BF98-1559-4874-9574-154DC47264F3}.Debug|x64.ActiveCfg = Debug|x64
		{E9B2BF98-1559-4874-9574-154DC47264F3}.Debug|x64.Build.0 = Debug|x64
		{E9B2BF98-1559-4874-9574-154DC47264F3}.Debug|x86.ActiveCfg = Debug|Win32
		{E9B2BF98-1559-4874-9574-154DC47264F3}.Debug|x86.Build.0 = Debug|Win32
		{E9B2BF98-1559-4874-9574-154DC47264F3}.Release|x64.ActiveCfg = Release|x64
		{E9B2BF98-1559-4874-9574-154DC47264F3}.Release|x64.Build.0 = Release|x64
		{E9B2BF98-1559-4874-9574-154DC47264F3}.Release|x86.ActiveCfg = Release|Win32
		{E9B2BF98-1559-4874-9574-154DC47264F3}.Release|x86.Build.0 = Release|Win32
		{8EEE88ED-E96E-45DC-88A5-D9B4BDCC9593}.Debug|x64.ActiveCfg = Debug|x64
		{8EEE88ED-E96E-45DC-88A5-D9B4BDCC9593}.Debug|x64.Build.0 = Debug|x64
		{8EEE88ED-E96E-45DC-88A5-D9B4BDCC9593}.Debug|x86.ActiveCfg = Debug|Win32
		{8EEE88ED-E96E-45DC-88A5-D9B4BDCC9593}.Debug|x86.Build.0 = Debug|Win32
		{8EEE88ED-E96E-45DC-88A5-D9B4BDCC9593}.Release|x64.ActiveCfg = Release|x64
		{8EEE88ED-E96E-45DC-88A5-D9B4BDCC9593}.Release|x64.Build.0 = Release|x64
		{8EEE88ED-E96E-45DC-88A5-D9B4BDCC9593}.Release|x86.ActiveCfg = Release|Win32
		{8EEE88ED-E96E-45DC-88A5-D9B4BDCC9593}.Release|x86.Build.0 = Release|Win32
		{E22E7C7E-5F76-4369-BCF9-A65C0B77FE6D}.Debug|x64.ActiveCfg = Debug|x64
		{E22E7C7E-5F76-4369-BCF9-A65C0B77FE6D}.Debug|x64.Build.0 = Debug|x64
		{E22E7C7E-5F76-4369-BCF9-A65C0B77FE6D}.Debug|x86.ActiveCfg = Debug|Win32
		{E22E7C7E-5F76-4369-BCF9-A65C0B77FE6D}.Debug|x86.Build.0 = Debug|Win32
		{E22E7C7E-5F76-4369-BCF9-A65C0B77FE6D}.Release|x64.ActiveCfg = Release|x64
		{E22E7C7E-5F76-4369-BCF9-A65C0B77FE6D}.Release|x64.Build.0 = Release|x64
		{E22E7C7E-5F76-4369-BCF9-A65C0B77FE6D}.Release|x86.ActiveCfg = Release|Win32
		{E22E7C7E-5F76-4369-BCF9-A65C0B77FE6D}.Release|x86.Build.0 = Release|Win32
		{E6C7B2F7-FD33-4A4A-96F9-821D48C83BD9}.Debug|x64.ActiveCfg = Debug|x64
		{E6C7B2F7-FD33-4A4A-96F9-821D48C83BD9}.Debug|x64.Build.0 = Debug|x64
		{E6C7B2F7-FD33-4A4A-96F9-821D48C83BD9}.Debug|x86.ActiveCfg = Debug|Win32
		{E6C7B2F7-FD33-4A4A-96F9-821D48C83BD9}.Debug|x86.Build.0 = Debug|Win32
		{E6C7B2F7-FD33-4A4A-96F9-821D48C83BD9}.Release|x64.ActiveCfg = Release|x64
		{E6C7B2F7-FD33-4A4A-96F9-821D48C83BD9}.Release|x64.Build.0 = Release|x64
		{E6C7B2F7-FD33-4A4A-96F9-821D48C83BD9}.Release|x86.ActiveCfg = Release|Win32
		{E6C7B2F7-FD33-4A4A-96F9-821D48C83BD9}.Release|x86.Build.0 = Release|Win32
		{E8B82DB5-0649-4FF9-9833-111B0DA4923C}.Debug|x64.ActiveCfg = Debug|x64
		{E8B82DB5-0649-4FF9-9833-111B0DA4923C}.Debug|x64.Build.0 = Debug|x64
		{E8B82DB5-0649-4FF9-9833-111B0DA4923C}.Debug|x86.ActiveCfg = Debug|Win32
		{E8B82DB5-0649-4FF9-9833-111B0DA4923C}.Debug|x86.Build.0 = Debug|Win32
		{E8B82DB5-0649-4FF9-9833-111B0DA4923C}.Release|x64.ActiveCfg = Release|x64
		{E8B82DB5-0649-4FF9-9833-111B0DA4923C}.Release|x64.Build.0 = Release|x64
		{E8B82DB5-0649-4FF9-9833-111B0DA4923C}.Release|x86.ActiveCfg = Release|Win32
		{E8B82DB5-0649-4FF9-9833-111B0DA4923C}.Release|x86.Build.0 = Release|Win32
		{0312A5D0-22C6-4F0F-B403-4D7AFD4F83A4}.Debug|x64.ActiveCfg = Debug|x64
		{0312A5D0-22C6-4F0F-B403-4D7AFD4F83A4}.Debug|x64.Build.0 = Debug|x64
		{0312A5D0-22C6-4F0F-B403-4D7AFD4F83A4}.Debug|x86.ActiveCfg = Debug|Win32
		{0312A5D0-22C6-4F0F-B403-4D7AFD4F83A4}.Debug|x86.Build.0 = Debug|Win32
		{0312A5D0-22C6-4F0F-B403-4D7AFD4F83A4}.Release|x64.ActiveCfg = Release|x64
		{0312A5D0-22C6-4F0F-B403-4D7AFD4F83A4}.Release|x64.Build.0 = Release|x64
		{0312A5D0-22C6-4F0F-B403-4D7AFD4F83A4}.Release|x86.ActiveCfg = Release|Win32
		{0312A5D0-22C6-4F0F-B403-4D7AFD4F83A4}.Release|x86.Build.0 = Release|Win32
		{7A9F2C68-4B30-448F-8E40-CD877A9DA49D}.Debug|x64.ActiveCfg = Debug|x64
		{7A9F2C68-4B30-448F-8E40-CD877A9DA49D}.Debug|x64.Build.0 = Debug|x64
		{7A9F2C68-4B30-448F-8E40-CD877A9DA49D}.Debug|x86.ActiveCfg = Debug|Win32
		{7A9F2C68-4B30-448F-8E40-CD877A9DA49D}.Debug|x86.Build.0 = Debug|Win32
		{7A9F2C68-4B30-448F-8E40-CD877A9DA49D}.Release|x64.ActiveCfg = Release|x64
		{7A9F2C68-4B30-448F-8E40-CD877A9DA49D}.Release|x64.Build.0 = Release|x64
		{7A9F2C68-4B30-448F-8E40-CD877A9DA49D}.Release|x86.ActiveCfg = Release|Win32
		{7A9F2C68-4B30-448F-8E40-CD877A9DA49D}.Release|x86.Build.0 = Release|Win32
		{A62B714B-3998-4271-9AF8-E98C1CE2F8CB}.Debug|x64.ActiveCfg = Debug|x64
		{A62B714B-3998-4271-9AF8-E98C1CE2F8CB}.Debug|x64.Build.0 = Debug|x64
		{A62B714B-3998-4271-9AF8-E98C1CE2F8CB}.Debug|x86.ActiveCfg = Debug|Win32
		{A62B714B-3998-4271-9AF8-E98C1CE2F8CB}.Debug|x86.Build.0 = Debug|Win32
		{A62B714B-3998-4271-9AF8-E98C1CE2F8CB}.Release|x64.ActiveCfg = Release|x64
		{A62B714B-3998-4271-9AF8-E98C1CE2F8CB}.Release|x64.Build.0 = Release|x64
		{A62B714B-3998-4271-9AF8-E98C1CE2F8CB}.Release|x86.ActiveCfg = Release|Win32
		{A62B714B-3998-4271-9AF8-E98C1CE2F8CB}.Release|x86.Build.0 = Release|Win32
		{3546B886-20AE-4763-96AF-CEDEF29FBBF8}.Debug|x64.ActiveCfg = Debug|x64
		{3546B886-20AE-4763-96AF-CEDEF29FBBF8}.Debug|x64.Build.0 = Debug|x64
		{3546B886-20AE-4763-96AF-CEDEF29FBBF8}.Debug|x86.ActiveCfg = Debug|Win32
		{3546B886-20AE-4763-96AF-CEDEF29FBBF8}.Debug|x86.Build.0 = Debug|Win32
		{3546B886-20AE-4763-96AF-CEDEF29FBBF8}.Release|x64.ActiveCfg = Release|x64
		{3546B886-20AE-4763-96AF-CEDEF29FBBF8}.Release|x64.Build.0 = Release|x64
		{3546B886-20AE-4763-96AF-CEDEF29FBBF8}.Release|x86.ActiveCfg = Release|Win32
		{3546B886-20AE-4763-96AF-CEDEF29FBBF8}.Release|x86.Build.0 = Release|Win32
		{71E75DEF-4E57-44D7-8522-F45178A6BD79}.Debug|x64.ActiveCfg = Debug|x64
		{71E75DEF-4E57-44D7-8522-F45178A6BD79}.Debug|x64.Build.0 = Debug|x64
		{71E75DEF-4E57-44D7-8522-F45178A6BD79}.Debug|x86.ActiveCfg = Debug|Win32
		{71E75DEF-4E57-44D7-8522-F45178A6BD79}.Debug|x86.Build.0 = Debug|Win32
		{71E75DEF-4E57-44D7-8522-F45178A6BD79}.Release|x64.ActiveCfg = Release|x64
		{71E75DEF-4E57-44D7-8522-F45178A6BD79}.Release|x64.Build.0 = Release|x64
		{71E75DEF-4E57-44D7-8522-F45178A6BD79}.Release|x86.ActiveCfg = Release|Win32
		{71E75DEF-4E57-44D7-8522-F45178A6BD79}.Release|x86.Build.0 = Release|Win32
		{90128C6C-749D-424E-92EE-0AECC68D6DF0}.Debug|x64.ActiveCfg = Debug|x64
		{90128C6C-749D-424E-92EE-0AECC68D6DF0}.Debug|x64.Build.0 = Debug|x64
		{90128C6C-749D-424E-92EE-0AECC68D6DF0}.Debug|x86.ActiveCfg = Debug|Win32
		{90128C6C-749D-424E-92EE-0AECC68D6DF0}.Debug|x86.Build.0 = Debug|Win32
		{90128C6C-749D-424E-92EE-0AECC68D6DF0}.Release|x64.ActiveCfg = Release|x64
		{90128C6C-749D-424E-92EE-0AECC68D6DF0}.Release|x64.Build.0 = Release|x64
		{90128C6C-749D-424E-92EE-0AECC68D6DF0}.Release|x86.ActiveCfg = Release|Win32
		{90128C6C-749D-424E-92EE-0AECC68D6DF0}.Release|x86.Build.0 = Release|Win32
		{4FC59F46-96D4-4227-AC4B-F47FE4C02019}.Debug|x64.ActiveCfg = Debug|x64
		{4FC59F46-96D4-4227-AC4B-F47FE4C02019}.Debug|x64.Build.0 = Debug|x64
		{4FC59F46-96D4-4227-AC4B-F47FE4C02019}.Debug|x86.ActiveCfg = Debug|Win32
		{4FC59F46-96D4-4227-AC4B-F47FE4C02019}.Debug|x86.Build.0 = Debug|Win32
		{4FC59F46-96D4-4227-AC4B-F47FE4C02019}.Release|x64.ActiveCfg = Release|x64
		{4FC59F46-96D4-4227-AC4B-F47FE4C02019}.Release|x64.Build.0 = Release|x64
		{4FC59F46-96D4-4227-AC4B-F47FE4C02019}.Release|x86.ActiveCfg = Release|Win32
		{4FC59F46-96D4-4227-AC4B-F47FE4C02019}.Release|x86.Build.0 = Release|Win32
		{D5BD4C31-1A35-44F6-854C-F5C139F690BF}.Debug|x64.ActiveCfg = Debug|x64
		{D5BD4C31-1A35-44F6-854C-F5C139F690BF}.Debug|x64.Build.0 = Debug|x64
		{D5BD4C31-1A35-44F6-854C-F5C139F690BF}.Debug|x86.ActiveCfg = Debug|Win32
		{D5BD4C31-1A35-44F6-854C-F5C139F690BF}.Debug|x86.Build.0 = Debug|Win32
		{D5BD4C31-1A35-44F6-854C-F5C139F690BF}.Release|x64.ActiveCfg = Release|x64
		{D5BD4C31-1A35-44F6-854C-F5C139F690BF}.Release|x64.Build.0 = Release|x64
		{D5BD4C31-1A35-44F6-854C-F5C139F690BF}.Release|x86.ActiveCfg = Release|Win32
		{D5BD4C31-1A35-44F6-854C-F5C139F690BF}.Release|x86.Build.0 = Release|Win32
		{F1A4090E-70F6-4727-BC97-6E0078092ABE}.Debug|x64.ActiveCfg = Debug|x64
		{F1A4090E-70F6-4727-BC97-6E0078092ABE}.Debug|x64.Build.0 = Debug|x64
		{F1A4090E-70F6-4727-BC97-6E0078092ABE}.Debug|x86.ActiveCfg = Debug|Win32
		{F1A4090E-70F6-4727-BC97-6E0078092ABE}.Debug|x86.Build.0 = Debug|Win32
		{F1A4090E-70F6-4727-BC97-6E0078092ABE}.Release|x64.ActiveCfg = Release|x64
		{F1A4090E-70F6-4727-BC97-6E0078092ABE}.Release|x64.Build.0 = Release|x64
		{F1A4090E-70F6-4727-BC97-6E0078092ABE}.Release|x86.ActiveCfg = Release|Win32
		{F1A4090E-70F6-4727-BC97-6E0078092ABE}.Release|x86.Build.0 = Release|Win32
	EndGlobalSection
	GlobalSection(SolutionProperties) = preSolution
		HideSolutionNode = FALSE
	EndGlobalSection
	GlobalSection(ExtensibilityGlobals) = postSolution
		SolutionGuid = {5C37DFA2-B5C5-4225-87DD-C0CEFA0534E9}
	EndGlobalSection
EndGlobal
