
Microsoft Visual Studio Solution File, Format Version 12.00
# Visual Studio Version 17
VisualStudioVersion = 17.7.34031.279
MinimumVisualStudioVersion = 10.0.40219.1
Project("{8BC9CEB8-8B4A-11D0-8D11-00A0C91BC942}") = "Bai001", "Bai001\Bai001.vcxproj", "{3DED8A18-26A5-407D-B98E-B3EC45A74264}"
EndProject
Project("{8BC9CEB8-8B4A-11D0-8D11-00A0C91BC942}") = "Bai002", "Bai002\Bai002.vcxproj", "{7A825FC8-C5D0-4BE9-AD45-01A1AC8C328F}"
EndProject
Project("{8BC9CEB8-8B4A-11D0-8D11-00A0C91BC942}") = "Bai003", "Bai003\Bai003.vcxproj", "{13B55482-FE13-4108-99A2-16F2E3A98272}"
EndProject
Project("{8BC9CEB8-8B4A-11D0-8D11-00A0C91BC942}") = "Bai005", "Bai005\Bai005.vcxproj", "{D03CFED2-F81E-4AAD-BDBE-F3C1C1DD75FE}"
EndProject
Project("{8BC9CEB8-8B4A-11D0-8D11-00A0C91BC942}") = "Bai007", "Bai007\Bai007.vcxproj", "{AD72457F-549F-4441-B2DA-14AB0870E282}"
EndProject
Project("{8BC9CEB8-8B4A-11D0-8D11-00A0C91BC942}") = "Bai009", "Bai009\Bai009.vcxproj", "{5E61310D-40F6-41E6-87BA-AF62B05B8FD0}"
EndProject
Project("{8BC9CEB8-8B4A-11D0-8D11-00A0C91BC942}") = "Bai011", "Bai011\Bai011.vcxproj", "{49B942CA-9B77-4D87-8A53-1E9A886FC5EA}"
EndProject
Project("{8BC9CEB8-8B4A-11D0-8D11-00A0C91BC942}") = "Bai013", "Bai013\Bai013.vcxproj", "{C5F411D8-06E3-4D37-8B00-22522604EC9C}"
EndProject
Project("{8BC9CEB8-8B4A-11D0-8D11-00A0C91BC942}") = "Bai015", "Bai015\Bai015.vcxproj", "{4D04D0DA-A248-43F4-BCFC-0B7A028386DD}"
EndProject
Project("{8BC9CEB8-8B4A-11D0-8D11-00A0C91BC942}") = "Bai017", "Bai017\Bai017.vcxproj", "{10F154B0-E887-41E3-9F8C-F7B98CF198E4}"
EndProject
Project("{8BC9CEB8-8B4A-11D0-8D11-00A0C91BC942}") = "Bai019", "Bai019\Bai019.vcxproj", "{8A5E0FD4-47B2-47DB-A2F2-25CB011A1CBC}"
EndProject
Project("{8BC9CEB8-8B4A-11D0-8D11-00A0C91BC942}") = "Bai021", "Bai021\Bai021.vcxproj", "{4D906E7B-6921-4636-A103-1FBAC7FC663D}"
EndProject
Project("{8BC9CEB8-8B4A-11D0-8D11-00A0C91BC942}") = "Bai023", "Bai023\Bai023.vcxproj", "{E4332A79-977C-46B5-BDD0-08644F70B015}"
EndProject
Project("{8BC9CEB8-8B4A-11D0-8D11-00A0C91BC942}") = "Bai025", "Bai025\Bai025.vcxproj", "{3763AC4F-BFEC-46D7-9B5C-E84F8E3E8D54}"
EndProject
Project("{8BC9CEB8-8B4A-11D0-8D11-00A0C91BC942}") = "Bai029", "Bai029\Bai029.vcxproj", "{A5E9BD43-7668-41B9-829E-A39ACEE5DECE}"
EndProject
Project("{8BC9CEB8-8B4A-11D0-8D11-00A0C91BC942}") = "Bai027", "Bai027\Bai027.vcxproj", "{56FAAAC1-8FF5-47E7-A75B-53BECF050792}"
EndProject
Project("{8BC9CEB8-8B4A-11D0-8D11-00A0C91BC942}") = "Bai031", "Bai031\Bai031.vcxproj", "{861E37FE-0549-405A-A6FF-D621B2BBCE3C}"
EndProject
Project("{8BC9CEB8-8B4A-11D0-8D11-00A0C91BC942}") = "Bai033", "Bai033\Bai033.vcxproj", "{FD538FBB-F262-41AC-BADE-AEEEEBCFA711}"
EndProject
Project("{8BC9CEB8-8B4A-11D0-8D11-00A0C91BC942}") = "Bai035", "Bai035\Bai035.vcxproj", "{E52931CC-4018-4250-928C-7E4C1E373408}"
EndProject
Project("{8BC9CEB8-8B4A-11D0-8D11-00A0C91BC942}") = "Bai037", "Bai037\Bai037.vcxproj", "{98393C06-D5E1-4594-8066-094B7E79EBCD}"
EndProject
Project("{8BC9CEB8-8B4A-11D0-8D11-00A0C91BC942}") = "Bai039", "Bai039\Bai039.vcxproj", "{D53E0B17-62DF-4ACD-9AE4-75775E88140E}"
EndProject
Project("{8BC9CEB8-8B4A-11D0-8D11-00A0C91BC942}") = "Bai041", "Bai041\Bai041.vcxproj", "{069617C2-FADE-437C-960C-2248557443EF}"
EndProject
Project("{8BC9CEB8-8B4A-11D0-8D11-00A0C91BC942}") = "Bai043", "Bai043\Bai043.vcxproj", "{7B73F1EC-070E-4D93-8CBD-DF2FA7CBE911}"
EndProject
Project("{8BC9CEB8-8B4A-11D0-8D11-00A0C91BC942}") = "Bai045", "Bai045\Bai045.vcxproj", "{B281F787-4ABA-471E-B22D-7AB7ABD413F6}"
EndProject
Project("{8BC9CEB8-8B4A-11D0-8D11-00A0C91BC942}") = "Bai049", "Bai049\Bai049.vcxproj", "{2670243E-5234-4C11-BEC3-03F3F711B4FC}"
EndProject
Project("{8BC9CEB8-8B4A-11D0-8D11-00A0C91BC942}") = "Bai047", "Bai047\Bai047.vcxproj", "{F803D9FC-8263-43B1-A1E8-300B5D0A887A}"
EndProject
Project("{8BC9CEB8-8B4A-11D0-8D11-00A0C91BC942}") = "Bai051", "Bai051\Bai051.vcxproj", "{62858E5A-D0FA-4B00-BC30-BFBCA97C2F9A}"
EndProject
Project("{8BC9CEB8-8B4A-11D0-8D11-00A0C91BC942}") = "Bai053", "Bai053\Bai053.vcxproj", "{8B00E5E4-9BBD-4519-A2A9-16756CC3E846}"
EndProject
Project("{8BC9CEB8-8B4A-11D0-8D11-00A0C91BC942}") = "Bai055", "Bai055\Bai055.vcxproj", "{84BE2475-0372-40C6-8A91-5ED5DC01CC21}"
EndProject
Project("{8BC9CEB8-8B4A-11D0-8D11-00A0C91BC942}") = "Bai057", "Bai057\Bai057.vcxproj", "{CC3D9185-19EB-4D31-9E85-DFB65A5CAB6C}"
EndProject
Project("{8BC9CEB8-8B4A-11D0-8D11-00A0C91BC942}") = "Bai059", "Bai059\Bai059.vcxproj", "{5EE79DFB-2744-450B-9D56-5217D0779BF2}"
EndProject
Project("{8BC9CEB8-8B4A-11D0-8D11-00A0C91BC942}") = "Bai061", "Bai061\Bai061.vcxproj", "{3F32B568-35B8-46F9-BDDD-AB8FC78425F8}"
EndProject
Project("{8BC9CEB8-8B4A-11D0-8D11-00A0C91BC942}") = "Bai063", "Bai063\Bai063.vcxproj", "{C9076950-B623-4D65-853A-227BE3787D38}"
EndProject
Project("{8BC9CEB8-8B4A-11D0-8D11-00A0C91BC942}") = "Bai065", "Bai065\Bai065.vcxproj", "{E3513883-A4FF-4305-AE28-E6D89A4ED8ED}"
EndProject
Project("{8BC9CEB8-8B4A-11D0-8D11-00A0C91BC942}") = "Bai067", "Bai067\Bai067.vcxproj", "{05E81D85-FD28-4783-9053-17C51962EF75}"
EndProject
Project("{8BC9CEB8-8B4A-11D0-8D11-00A0C91BC942}") = "Bai069", "Bai069\Bai069.vcxproj", "{32EB4A0B-C7F9-463B-B49E-97933F8BDEE8}"
EndProject
Project("{8BC9CEB8-8B4A-11D0-8D11-00A0C91BC942}") = "Bai071", "Bai071\Bai071.vcxproj", "{13883FC2-DEE4-4749-8B87-84CD29A99C36}"
EndProject
Project("{8BC9CEB8-8B4A-11D0-8D11-00A0C91BC942}") = "Bai073", "Bai073\Bai073.vcxproj", "{F4123A29-4858-4FC5-B9C7-E74F76C4A937}"
EndProject
Project("{8BC9CEB8-8B4A-11D0-8D11-00A0C91BC942}") = "Bai075", "Bai075\Bai075.vcxproj", "{123C8790-4F15-49A6-B8AC-401D3D6C911D}"
EndProject
Project("{8BC9CEB8-8B4A-11D0-8D11-00A0C91BC942}") = "Bai077", "Bai077\Bai077.vcxproj", "{FD27A6D2-952A-4806-8E1C-C4FEFD0B262E}"
EndProject
Project("{8BC9CEB8-8B4A-11D0-8D11-00A0C91BC942}") = "Bai079", "Bai079\Bai079.vcxproj", "{321B43FD-2E44-4146-8780-7EB97C972FF5}"
EndProject
Project("{8BC9CEB8-8B4A-11D0-8D11-00A0C91BC942}") = "Bai081", "Bai081\Bai081.vcxproj", "{5227FAE2-CC2C-4EEE-889A-76DEC9FF12B5}"
EndProject
Project("{8BC9CEB8-8B4A-11D0-8D11-00A0C91BC942}") = "Bai083", "Bai083\Bai083.vcxproj", "{E9296785-1581-48AD-93DD-D244DB0578EB}"
EndProject
Project("{8BC9CEB8-8B4A-11D0-8D11-00A0C91BC942}") = "Bai085", "Bai085\Bai085.vcxproj", "{4A6893FD-89E0-4B08-8976-C54FCD57D956}"
EndProject
Project("{8BC9CEB8-8B4A-11D0-8D11-00A0C91BC942}") = "Bai087", "Bai087\Bai087.vcxproj", "{BDE3DB4E-92AE-4E3D-9BB3-33F3C7ED8DC4}"
EndProject
Project("{8BC9CEB8-8B4A-11D0-8D11-00A0C91BC942}") = "Bai089", "Bai089\Bai089.vcxproj", "{D11BA77C-FBE2-49E3-9A2C-C7777A3C5ADA}"
EndProject
Project("{8BC9CEB8-8B4A-11D0-8D11-00A0C91BC942}") = "Bai091", "Bai091\Bai091.vcxproj", "{751C7F76-514A-4BAD-8FC5-BE5322B5DB1D}"
EndProject
Project("{8BC9CEB8-8B4A-11D0-8D11-00A0C91BC942}") = "Bai093", "Bai093\Bai093.vcxproj", "{DED38288-13A9-41F5-AA58-7744488A10CA}"
EndProject
Project("{8BC9CEB8-8B4A-11D0-8D11-00A0C91BC942}") = "Bai095", "Bai095\Bai095.vcxproj", "{5D930214-262E-4B98-B52F-86BF2FE0CE75}"
EndProject
Project("{8BC9CEB8-8B4A-11D0-8D11-00A0C91BC942}") = "Bai097", "Bai097\Bai097.vcxproj", "{B8830358-8301-44D2-885A-E3149BE2F17D}"
EndProject
Project("{8BC9CEB8-8B4A-11D0-8D11-00A0C91BC942}") = "Bai099", "Bai099\Bai099.vcxproj", "{5ED9B764-BBC6-459B-8189-04284800A526}"
EndProject
Project("{8BC9CEB8-8B4A-11D0-8D11-00A0C91BC942}") = "Bai101", "Bai101\Bai101.vcxproj", "{E6B331C0-08CC-4161-9EC0-47CC790A3410}"
EndProject
Project("{8BC9CEB8-8B4A-11D0-8D11-00A0C91BC942}") = "Bai103", "Bai103\Bai103.vcxproj", "{44D7BF45-23E4-4E00-8341-AF5E223D3A07}"
EndProject
Project("{8BC9CEB8-8B4A-11D0-8D11-00A0C91BC942}") = "Bai105", "Bai105\Bai105.vcxproj", "{56B01A9A-F9AE-41AC-9ABB-65C711347F8A}"
EndProject
Project("{8BC9CEB8-8B4A-11D0-8D11-00A0C91BC942}") = "Bai107", "Bai107\Bai107.vcxproj", "{CED34BC2-49CC-4CE5-94B3-951A067D9BF3}"
EndProject
Project("{8BC9CEB8-8B4A-11D0-8D11-00A0C91BC942}") = "Bai109", "Bai109\Bai109.vcxproj", "{13279D8A-7F2E-4612-81F7-3E03EC95672A}"
EndProject
Project("{8BC9CEB8-8B4A-11D0-8D11-00A0C91BC942}") = "Bai111", "Bai111\Bai111.vcxproj", "{FD7806E6-5007-473B-BEEF-18D55991A00E}"
EndProject
Project("{8BC9CEB8-8B4A-11D0-8D11-00A0C91BC942}") = "Bai113", "Bai113\Bai113.vcxproj", "{14D74010-5AE0-49DF-AE9B-A12B80CE2F87}"
EndProject
Project("{8BC9CEB8-8B4A-11D0-8D11-00A0C91BC942}") = "Bai115", "Bai115\Bai115.vcxproj", "{AEB5A6B5-768E-4558-9EBE-E0D8B56ADBA6}"
EndProject
Project("{8BC9CEB8-8B4A-11D0-8D11-00A0C91BC942}") = "Bai117", "Bai117\Bai117.vcxproj", "{CA5D0C18-8749-4335-95D4-B032C3057D2F}"
EndProject
Project("{8BC9CEB8-8B4A-11D0-8D11-00A0C91BC942}") = "Bai119", "Bai119\Bai119.vcxproj", "{ED3161D8-5E58-416C-B60E-673C4BC9F560}"
EndProject
Project("{8BC9CEB8-8B4A-11D0-8D11-00A0C91BC942}") = "Bai121", "Bai121\Bai121.vcxproj", "{E9A1A3E8-22D6-4868-8D50-92932F4EABA2}"
EndProject
Project("{8BC9CEB8-8B4A-11D0-8D11-00A0C91BC942}") = "Bai123", "Bai123\Bai123.vcxproj", "{0A88F5BD-0081-49C0-A07C-D706EDF211CF}"
EndProject
Project("{8BC9CEB8-8B4A-11D0-8D11-00A0C91BC942}") = "Bai125", "Bai125\Bai125.vcxproj", "{F6A83C79-A672-431F-8751-904F1EA89C1A}"
EndProject
Project("{8BC9CEB8-8B4A-11D0-8D11-00A0C91BC942}") = "Bai127", "Bai127\Bai127.vcxproj", "{949F8660-3213-4661-9F04-88B5BC0EF9B5}"
EndProject
Project("{8BC9CEB8-8B4A-11D0-8D11-00A0C91BC942}") = "Bai129", "Bai129\Bai129.vcxproj", "{99B1359B-EE0A-4592-B621-1EC45A479268}"
EndProject
Project("{8BC9CEB8-8B4A-11D0-8D11-00A0C91BC942}") = "Bai131", "Bai131\Bai131.vcxproj", "{6DEB54F9-3F50-45E9-97A1-0DF5CE9C9588}"
EndProject
Project("{8BC9CEB8-8B4A-11D0-8D11-00A0C91BC942}") = "Bai133", "Bai133\Bai133.vcxproj", "{58036A48-8D2C-4195-91E9-B43659DE65AD}"
EndProject
Project("{8BC9CEB8-8B4A-11D0-8D11-00A0C91BC942}") = "Bai135", "Bai135\Bai135.vcxproj", "{34249FBE-AB67-4963-8485-A9E6E9007214}"
EndProject
Project("{8BC9CEB8-8B4A-11D0-8D11-00A0C91BC942}") = "Bai137", "Bai137\Bai137.vcxproj", "{5FB67289-94BE-4987-93D0-56C43F62D652}"
EndProject
Project("{8BC9CEB8-8B4A-11D0-8D11-00A0C91BC942}") = "Bai139", "Bai139\Bai139.vcxproj", "{69B80451-F25A-42CB-AE6F-E20AB00B1BE1}"
EndProject
Project("{8BC9CEB8-8B4A-11D0-8D11-00A0C91BC942}") = "Bai141", "Bai141\Bai141.vcxproj", "{E5AAF91F-09D7-4361-BF42-A1B4AC5BCE8D}"
EndProject
Project("{8BC9CEB8-8B4A-11D0-8D11-00A0C91BC942}") = "Bai143", "Bai143\Bai143.vcxproj", "{40FD1EC6-4DD5-45F9-AEDB-9F90CC39D386}"
EndProject
Project("{8BC9CEB8-8B4A-11D0-8D11-00A0C91BC942}") = "Bai145", "Bai145\Bai145.vcxproj", "{637F32B2-7C87-49BA-A6ED-98A9AE6958C1}"
EndProject
Project("{8BC9CEB8-8B4A-11D0-8D11-00A0C91BC942}") = "Bai147", "Bai147\Bai147.vcxproj", "{CA590F81-18F8-4667-83FD-D6972C9631CD}"
EndProject
Project("{8BC9CEB8-8B4A-11D0-8D11-00A0C91BC942}") = "Bai149", "Bai149\Bai149.vcxproj", "{A576148F-331D-40BA-9125-CB86127F5449}"
EndProject
Project("{8BC9CEB8-8B4A-11D0-8D11-00A0C91BC942}") = "Bai151", "Bai151\Bai151.vcxproj", "{772D462F-1378-459D-98DD-ACCCFEB56BEE}"
EndProject
Project("{8BC9CEB8-8B4A-11D0-8D11-00A0C91BC942}") = "Bai153", "Bai153\Bai153.vcxproj", "{462B457B-7E8B-434A-8C05-FAE1BF526DEF}"
EndProject
Project("{8BC9CEB8-8B4A-11D0-8D11-00A0C91BC942}") = "Bai155", "Bai155\Bai155.vcxproj", "{8BF4E7B3-6D37-43F3-B268-2B0E0472E7A5}"
EndProject
Project("{8BC9CEB8-8B4A-11D0-8D11-00A0C91BC942}") = "Bai157", "Bai157\Bai157.vcxproj", "{19DC62BA-893A-44CD-A395-10AFED1CED9F}"
EndProject
Project("{8BC9CEB8-8B4A-11D0-8D11-00A0C91BC942}") = "Bai159", "Bai159\Bai159.vcxproj", "{6C50DCA5-71CF-4033-A18A-591FBE07E7AB}"
EndProject
Project("{8BC9CEB8-8B4A-11D0-8D11-00A0C91BC942}") = "Bai161", "Bai161\Bai161.vcxproj", "{FE15EAA4-89AD-4875-8359-08C0B97D9499}"
EndProject
Project("{8BC9CEB8-8B4A-11D0-8D11-00A0C91BC942}") = "Bai163", "Bai163\Bai163.vcxproj", "{286CE96A-E39D-4BED-841A-5F69ACAD365B}"
EndProject
Project("{8BC9CEB8-8B4A-11D0-8D11-00A0C91BC942}") = "Bai165", "Bai165\Bai165.vcxproj", "{F95B9786-D58F-4C28-B44B-1A6097772D0B}"
EndProject
Project("{8BC9CEB8-8B4A-11D0-8D11-00A0C91BC942}") = "Bai167", "Bai167\Bai167.vcxproj", "{1A44C9C0-DF7C-45A9-924C-C17F13C5B252}"
EndProject
Global
	GlobalSection(SolutionConfigurationPlatforms) = preSolution
		Debug|x64 = Debug|x64
		Debug|x86 = Debug|x86
		Release|x64 = Release|x64
		Release|x86 = Release|x86
	EndGlobalSection
	GlobalSection(ProjectConfigurationPlatforms) = postSolution
		{3DED8A18-26A5-407D-B98E-B3EC45A74264}.Debug|x64.ActiveCfg = Debug|x64
		{3DED8A18-26A5-407D-B98E-B3EC45A74264}.Debug|x64.Build.0 = Debug|x64
		{3DED8A18-26A5-407D-B98E-B3EC45A74264}.Debug|x86.ActiveCfg = Debug|Win32
		{3DED8A18-26A5-407D-B98E-B3EC45A74264}.Debug|x86.Build.0 = Debug|Win32
		{3DED8A18-26A5-407D-B98E-B3EC45A74264}.Release|x64.ActiveCfg = Release|x64
		{3DED8A18-26A5-407D-B98E-B3EC45A74264}.Release|x64.Build.0 = Release|x64
		{3DED8A18-26A5-407D-B98E-B3EC45A74264}.Release|x86.ActiveCfg = Release|Win32
		{3DED8A18-26A5-407D-B98E-B3EC45A74264}.Release|x86.Build.0 = Release|Win32
		{7A825FC8-C5D0-4BE9-AD45-01A1AC8C328F}.Debug|x64.ActiveCfg = Debug|x64
		{7A825FC8-C5D0-4BE9-AD45-01A1AC8C328F}.Debug|x64.Build.0 = Debug|x64
		{7A825FC8-C5D0-4BE9-AD45-01A1AC8C328F}.Debug|x86.ActiveCfg = Debug|Win32
		{7A825FC8-C5D0-4BE9-AD45-01A1AC8C328F}.Debug|x86.Build.0 = Debug|Win32
		{7A825FC8-C5D0-4BE9-AD45-01A1AC8C328F}.Release|x64.ActiveCfg = Release|x64
		{7A825FC8-C5D0-4BE9-AD45-01A1AC8C328F}.Release|x64.Build.0 = Release|x64
		{7A825FC8-C5D0-4BE9-AD45-01A1AC8C328F}.Release|x86.ActiveCfg = Release|Win32
		{7A825FC8-C5D0-4BE9-AD45-01A1AC8C328F}.Release|x86.Build.0 = Release|Win32
		{13B55482-FE13-4108-99A2-16F2E3A98272}.Debug|x64.ActiveCfg = Debug|x64
		{13B55482-FE13-4108-99A2-16F2E3A98272}.Debug|x64.Build.0 = Debug|x64
		{13B55482-FE13-4108-99A2-16F2E3A98272}.Debug|x86.ActiveCfg = Debug|Win32
		{13B55482-FE13-4108-99A2-16F2E3A98272}.Debug|x86.Build.0 = Debug|Win32
		{13B55482-FE13-4108-99A2-16F2E3A98272}.Release|x64.ActiveCfg = Release|x64
		{13B55482-FE13-4108-99A2-16F2E3A98272}.Release|x64.Build.0 = Release|x64
		{13B55482-FE13-4108-99A2-16F2E3A98272}.Release|x86.ActiveCfg = Release|Win32
		{13B55482-FE13-4108-99A2-16F2E3A98272}.Release|x86.Build.0 = Release|Win32
		{D03CFED2-F81E-4AAD-BDBE-F3C1C1DD75FE}.Debug|x64.ActiveCfg = Debug|x64
		{D03CFED2-F81E-4AAD-BDBE-F3C1C1DD75FE}.Debug|x64.Build.0 = Debug|x64
		{D03CFED2-F81E-4AAD-BDBE-F3C1C1DD75FE}.Debug|x86.ActiveCfg = Debug|Win32
		{D03CFED2-F81E-4AAD-BDBE-F3C1C1DD75FE}.Debug|x86.Build.0 = Debug|Win32
		{D03CFED2-F81E-4AAD-BDBE-F3C1C1DD75FE}.Release|x64.ActiveCfg = Release|x64
		{D03CFED2-F81E-4AAD-BDBE-F3C1C1DD75FE}.Release|x64.Build.0 = Release|x64
		{D03CFED2-F81E-4AAD-BDBE-F3C1C1DD75FE}.Release|x86.ActiveCfg = Release|Win32
		{D03CFED2-F81E-4AAD-BDBE-F3C1C1DD75FE}.Release|x86.Build.0 = Release|Win32
		{AD72457F-549F-4441-B2DA-14AB0870E282}.Debug|x64.ActiveCfg = Debug|x64
		{AD72457F-549F-4441-B2DA-14AB0870E282}.Debug|x64.Build.0 = Debug|x64
		{AD72457F-549F-4441-B2DA-14AB0870E282}.Debug|x86.ActiveCfg = Debug|Win32
		{AD72457F-549F-4441-B2DA-14AB0870E282}.Debug|x86.Build.0 = Debug|Win32
		{AD72457F-549F-4441-B2DA-14AB0870E282}.Release|x64.ActiveCfg = Release|x64
		{AD72457F-549F-4441-B2DA-14AB0870E282}.Release|x64.Build.0 = Release|x64
		{AD72457F-549F-4441-B2DA-14AB0870E282}.Release|x86.ActiveCfg = Release|Win32
		{AD72457F-549F-4441-B2DA-14AB0870E282}.Release|x86.Build.0 = Release|Win32
		{5E61310D-40F6-41E6-87BA-AF62B05B8FD0}.Debug|x64.ActiveCfg = Debug|x64
		{5E61310D-40F6-41E6-87BA-AF62B05B8FD0}.Debug|x64.Build.0 = Debug|x64
		{5E61310D-40F6-41E6-87BA-AF62B05B8FD0}.Debug|x86.ActiveCfg = Debug|Win32
		{5E61310D-40F6-41E6-87BA-AF62B05B8FD0}.Debug|x86.Build.0 = Debug|Win32
		{5E61310D-40F6-41E6-87BA-AF62B05B8FD0}.Release|x64.ActiveCfg = Release|x64
		{5E61310D-40F6-41E6-87BA-AF62B05B8FD0}.Release|x64.Build.0 = Release|x64
		{5E61310D-40F6-41E6-87BA-AF62B05B8FD0}.Release|x86.ActiveCfg = Release|Win32
		{5E61310D-40F6-41E6-87BA-AF62B05B8FD0}.Release|x86.Build.0 = Release|Win32
		{49B942CA-9B77-4D87-8A53-1E9A886FC5EA}.Debug|x64.ActiveCfg = Debug|x64
		{49B942CA-9B77-4D87-8A53-1E9A886FC5EA}.Debug|x64.Build.0 = Debug|x64
		{49B942CA-9B77-4D87-8A53-1E9A886FC5EA}.Debug|x86.ActiveCfg = Debug|Win32
		{49B942CA-9B77-4D87-8A53-1E9A886FC5EA}.Debug|x86.Build.0 = Debug|Win32
		{49B942CA-9B77-4D87-8A53-1E9A886FC5EA}.Release|x64.ActiveCfg = Release|x64
		{49B942CA-9B77-4D87-8A53-1E9A886FC5EA}.Release|x64.Build.0 = Release|x64
		{49B942CA-9B77-4D87-8A53-1E9A886FC5EA}.Release|x86.ActiveCfg = Release|Win32
		{49B942CA-9B77-4D87-8A53-1E9A886FC5EA}.Release|x86.Build.0 = Release|Win32
		{C5F411D8-06E3-4D37-8B00-22522604EC9C}.Debug|x64.ActiveCfg = Debug|x64
		{C5F411D8-06E3-4D37-8B00-22522604EC9C}.Debug|x64.Build.0 = Debug|x64
		{C5F411D8-06E3-4D37-8B00-22522604EC9C}.Debug|x86.ActiveCfg = Debug|Win32
		{C5F411D8-06E3-4D37-8B00-22522604EC9C}.Debug|x86.Build.0 = Debug|Win32
		{C5F411D8-06E3-4D37-8B00-22522604EC9C}.Release|x64.ActiveCfg = Release|x64
		{C5F411D8-06E3-4D37-8B00-22522604EC9C}.Release|x64.Build.0 = Release|x64
		{C5F411D8-06E3-4D37-8B00-22522604EC9C}.Release|x86.ActiveCfg = Release|Win32
		{C5F411D8-06E3-4D37-8B00-22522604EC9C}.Release|x86.Build.0 = Release|Win32
		{4D04D0DA-A248-43F4-BCFC-0B7A028386DD}.Debug|x64.ActiveCfg = Debug|x64
		{4D04D0DA-A248-43F4-BCFC-0B7A028386DD}.Debug|x64.Build.0 = Debug|x64
		{4D04D0DA-A248-43F4-BCFC-0B7A028386DD}.Debug|x86.ActiveCfg = Debug|Win32
		{4D04D0DA-A248-43F4-BCFC-0B7A028386DD}.Debug|x86.Build.0 = Debug|Win32
		{4D04D0DA-A248-43F4-BCFC-0B7A028386DD}.Release|x64.ActiveCfg = Release|x64
		{4D04D0DA-A248-43F4-BCFC-0B7A028386DD}.Release|x64.Build.0 = Release|x64
		{4D04D0DA-A248-43F4-BCFC-0B7A028386DD}.Release|x86.ActiveCfg = Release|Win32
		{4D04D0DA-A248-43F4-BCFC-0B7A028386DD}.Release|x86.Build.0 = Release|Win32
		{10F154B0-E887-41E3-9F8C-F7B98CF198E4}.Debug|x64.ActiveCfg = Debug|x64
		{10F154B0-E887-41E3-9F8C-F7B98CF198E4}.Debug|x64.Build.0 = Debug|x64
		{10F154B0-E887-41E3-9F8C-F7B98CF198E4}.Debug|x86.ActiveCfg = Debug|Win32
		{10F154B0-E887-41E3-9F8C-F7B98CF198E4}.Debug|x86.Build.0 = Debug|Win32
		{10F154B0-E887-41E3-9F8C-F7B98CF198E4}.Release|x64.ActiveCfg = Release|x64
		{10F154B0-E887-41E3-9F8C-F7B98CF198E4}.Release|x64.Build.0 = Release|x64
		{10F154B0-E887-41E3-9F8C-F7B98CF198E4}.Release|x86.ActiveCfg = Release|Win32
		{10F154B0-E887-41E3-9F8C-F7B98CF198E4}.Release|x86.Build.0 = Release|Win32
		{8A5E0FD4-47B2-47DB-A2F2-25CB011A1CBC}.Debug|x64.ActiveCfg = Debug|x64
		{8A5E0FD4-47B2-47DB-A2F2-25CB011A1CBC}.Debug|x64.Build.0 = Debug|x64
		{8A5E0FD4-47B2-47DB-A2F2-25CB011A1CBC}.Debug|x86.ActiveCfg = Debug|Win32
		{8A5E0FD4-47B2-47DB-A2F2-25CB011A1CBC}.Debug|x86.Build.0 = Debug|Win32
		{8A5E0FD4-47B2-47DB-A2F2-25CB011A1CBC}.Release|x64.ActiveCfg = Release|x64
		{8A5E0FD4-47B2-47DB-A2F2-25CB011A1CBC}.Release|x64.Build.0 = Release|x64
		{8A5E0FD4-47B2-47DB-A2F2-25CB011A1CBC}.Release|x86.ActiveCfg = Release|Win32
		{8A5E0FD4-47B2-47DB-A2F2-25CB011A1CBC}.Release|x86.Build.0 = Release|Win32
		{4D906E7B-6921-4636-A103-1FBAC7FC663D}.Debug|x64.ActiveCfg = Debug|x64
		{4D906E7B-6921-4636-A103-1FBAC7FC663D}.Debug|x64.Build.0 = Debug|x64
		{4D906E7B-6921-4636-A103-1FBAC7FC663D}.Debug|x86.ActiveCfg = Debug|Win32
		{4D906E7B-6921-4636-A103-1FBAC7FC663D}.Debug|x86.Build.0 = Debug|Win32
		{4D906E7B-6921-4636-A103-1FBAC7FC663D}.Release|x64.ActiveCfg = Release|x64
		{4D906E7B-6921-4636-A103-1FBAC7FC663D}.Release|x64.Build.0 = Release|x64
		{4D906E7B-6921-4636-A103-1FBAC7FC663D}.Release|x86.ActiveCfg = Release|Win32
		{4D906E7B-6921-4636-A103-1FBAC7FC663D}.Release|x86.Build.0 = Release|Win32
		{E4332A79-977C-46B5-BDD0-08644F70B015}.Debug|x64.ActiveCfg = Debug|x64
		{E4332A79-977C-46B5-BDD0-08644F70B015}.Debug|x64.Build.0 = Debug|x64
		{E4332A79-977C-46B5-BDD0-08644F70B015}.Debug|x86.ActiveCfg = Debug|Win32
		{E4332A79-977C-46B5-BDD0-08644F70B015}.Debug|x86.Build.0 = Debug|Win32
		{E4332A79-977C-46B5-BDD0-08644F70B015}.Release|x64.ActiveCfg = Release|x64
		{E4332A79-977C-46B5-BDD0-08644F70B015}.Release|x64.Build.0 = Release|x64
		{E4332A79-977C-46B5-BDD0-08644F70B015}.Release|x86.ActiveCfg = Release|Win32
		{E4332A79-977C-46B5-BDD0-08644F70B015}.Release|x86.Build.0 = Release|Win32
		{3763AC4F-BFEC-46D7-9B5C-E84F8E3E8D54}.Debug|x64.ActiveCfg = Debug|x64
		{3763AC4F-BFEC-46D7-9B5C-E84F8E3E8D54}.Debug|x64.Build.0 = Debug|x64
		{3763AC4F-BFEC-46D7-9B5C-E84F8E3E8D54}.Debug|x86.ActiveCfg = Debug|Win32
		{3763AC4F-BFEC-46D7-9B5C-E84F8E3E8D54}.Debug|x86.Build.0 = Debug|Win32
		{3763AC4F-BFEC-46D7-9B5C-E84F8E3E8D54}.Release|x64.ActiveCfg = Release|x64
		{3763AC4F-BFEC-46D7-9B5C-E84F8E3E8D54}.Release|x64.Build.0 = Release|x64
		{3763AC4F-BFEC-46D7-9B5C-E84F8E3E8D54}.Release|x86.ActiveCfg = Release|Win32
		{3763AC4F-BFEC-46D7-9B5C-E84F8E3E8D54}.Release|x86.Build.0 = Release|Win32
		{A5E9BD43-7668-41B9-829E-A39ACEE5DECE}.Debug|x64.ActiveCfg = Debug|x64
		{A5E9BD43-7668-41B9-829E-A39ACEE5DECE}.Debug|x64.Build.0 = Debug|x64
		{A5E9BD43-7668-41B9-829E-A39ACEE5DECE}.Debug|x86.ActiveCfg = Debug|Win32
		{A5E9BD43-7668-41B9-829E-A39ACEE5DECE}.Debug|x86.Build.0 = Debug|Win32
		{A5E9BD43-7668-41B9-829E-A39ACEE5DECE}.Release|x64.ActiveCfg = Release|x64
		{A5E9BD43-7668-41B9-829E-A39ACEE5DECE}.Release|x64.Build.0 = Release|x64
		{A5E9BD43-7668-41B9-829E-A39ACEE5DECE}.Release|x86.ActiveCfg = Release|Win32
		{A5E9BD43-7668-41B9-829E-A39ACEE5DECE}.Release|x86.Build.0 = Release|Win32
		{56FAAAC1-8FF5-47E7-A75B-53BECF050792}.Debug|x64.ActiveCfg = Debug|x64
		{56FAAAC1-8FF5-47E7-A75B-53BECF050792}.Debug|x64.Build.0 = Debug|x64
		{56FAAAC1-8FF5-47E7-A75B-53BECF050792}.Debug|x86.ActiveCfg = Debug|Win32
		{56FAAAC1-8FF5-47E7-A75B-53BECF050792}.Debug|x86.Build.0 = Debug|Win32
		{56FAAAC1-8FF5-47E7-A75B-53BECF050792}.Release|x64.ActiveCfg = Release|x64
		{56FAAAC1-8FF5-47E7-A75B-53BECF050792}.Release|x64.Build.0 = Release|x64
		{56FAAAC1-8FF5-47E7-A75B-53BECF050792}.Release|x86.ActiveCfg = Release|Win32
		{56FAAAC1-8FF5-47E7-A75B-53BECF050792}.Release|x86.Build.0 = Release|Win32
		{861E37FE-0549-405A-A6FF-D621B2BBCE3C}.Debug|x64.ActiveCfg = Debug|x64
		{861E37FE-0549-405A-A6FF-D621B2BBCE3C}.Debug|x64.Build.0 = Debug|x64
		{861E37FE-0549-405A-A6FF-D621B2BBCE3C}.Debug|x86.ActiveCfg = Debug|Win32
		{861E37FE-0549-405A-A6FF-D621B2BBCE3C}.Debug|x86.Build.0 = Debug|Win32
		{861E37FE-0549-405A-A6FF-D621B2BBCE3C}.Release|x64.ActiveCfg = Release|x64
		{861E37FE-0549-405A-A6FF-D621B2BBCE3C}.Release|x64.Build.0 = Release|x64
		{861E37FE-0549-405A-A6FF-D621B2BBCE3C}.Release|x86.ActiveCfg = Release|Win32
		{861E37FE-0549-405A-A6FF-D621B2BBCE3C}.Release|x86.Build.0 = Release|Win32
		{FD538FBB-F262-41AC-BADE-AEEEEBCFA711}.Debug|x64.ActiveCfg = Debug|x64
		{FD538FBB-F262-41AC-BADE-AEEEEBCFA711}.Debug|x64.Build.0 = Debug|x64
		{FD538FBB-F262-41AC-BADE-AEEEEBCFA711}.Debug|x86.ActiveCfg = Debug|Win32
		{FD538FBB-F262-41AC-BADE-AEEEEBCFA711}.Debug|x86.Build.0 = Debug|Win32
		{FD538FBB-F262-41AC-BADE-AEEEEBCFA711}.Release|x64.ActiveCfg = Release|x64
		{FD538FBB-F262-41AC-BADE-AEEEEBCFA711}.Release|x64.Build.0 = Release|x64
		{FD538FBB-F262-41AC-BADE-AEEEEBCFA711}.Release|x86.ActiveCfg = Release|Win32
		{FD538FBB-F262-41AC-BADE-AEEEEBCFA711}.Release|x86.Build.0 = Release|Win32
		{E52931CC-4018-4250-928C-7E4C1E373408}.Debug|x64.ActiveCfg = Debug|x64
		{E52931CC-4018-4250-928C-7E4C1E373408}.Debug|x64.Build.0 = Debug|x64
		{E52931CC-4018-4250-928C-7E4C1E373408}.Debug|x86.ActiveCfg = Debug|Win32
		{E52931CC-4018-4250-928C-7E4C1E373408}.Debug|x86.Build.0 = Debug|Win32
		{E52931CC-4018-4250-928C-7E4C1E373408}.Release|x64.ActiveCfg = Release|x64
		{E52931CC-4018-4250-928C-7E4C1E373408}.Release|x64.Build.0 = Release|x64
		{E52931CC-4018-4250-928C-7E4C1E373408}.Release|x86.ActiveCfg = Release|Win32
		{E52931CC-4018-4250-928C-7E4C1E373408}.Release|x86.Build.0 = Release|Win32
		{98393C06-D5E1-4594-8066-094B7E79EBCD}.Debug|x64.ActiveCfg = Debug|x64
		{98393C06-D5E1-4594-8066-094B7E79EBCD}.Debug|x64.Build.0 = Debug|x64
		{98393C06-D5E1-4594-8066-094B7E79EBCD}.Debug|x86.ActiveCfg = Debug|Win32
		{98393C06-D5E1-4594-8066-094B7E79EBCD}.Debug|x86.Build.0 = Debug|Win32
		{98393C06-D5E1-4594-8066-094B7E79EBCD}.Release|x64.ActiveCfg = Release|x64
		{98393C06-D5E1-4594-8066-094B7E79EBCD}.Release|x64.Build.0 = Release|x64
		{98393C06-D5E1-4594-8066-094B7E79EBCD}.Release|x86.ActiveCfg = Release|Win32
		{98393C06-D5E1-4594-8066-094B7E79EBCD}.Release|x86.Build.0 = Release|Win32
		{D53E0B17-62DF-4ACD-9AE4-75775E88140E}.Debug|x64.ActiveCfg = Debug|x64
		{D53E0B17-62DF-4ACD-9AE4-75775E88140E}.Debug|x64.Build.0 = Debug|x64
		{D53E0B17-62DF-4ACD-9AE4-75775E88140E}.Debug|x86.ActiveCfg = Debug|Win32
		{D53E0B17-62DF-4ACD-9AE4-75775E88140E}.Debug|x86.Build.0 = Debug|Win32
		{D53E0B17-62DF-4ACD-9AE4-75775E88140E}.Release|x64.ActiveCfg = Release|x64
		{D53E0B17-62DF-4ACD-9AE4-75775E88140E}.Release|x64.Build.0 = Release|x64
		{D53E0B17-62DF-4ACD-9AE4-75775E88140E}.Release|x86.ActiveCfg = Release|Win32
		{D53E0B17-62DF-4ACD-9AE4-75775E88140E}.Release|x86.Build.0 = Release|Win32
		{069617C2-FADE-437C-960C-2248557443EF}.Debug|x64.ActiveCfg = Debug|x64
		{069617C2-FADE-437C-960C-2248557443EF}.Debug|x64.Build.0 = Debug|x64
		{069617C2-FADE-437C-960C-2248557443EF}.Debug|x86.ActiveCfg = Debug|Win32
		{069617C2-FADE-437C-960C-2248557443EF}.Debug|x86.Build.0 = Debug|Win32
		{069617C2-FADE-437C-960C-2248557443EF}.Release|x64.ActiveCfg = Release|x64
		{069617C2-FADE-437C-960C-2248557443EF}.Release|x64.Build.0 = Release|x64
		{069617C2-FADE-437C-960C-2248557443EF}.Release|x86.ActiveCfg = Release|Win32
		{069617C2-FADE-437C-960C-2248557443EF}.Release|x86.Build.0 = Release|Win32
		{7B73F1EC-070E-4D93-8CBD-DF2FA7CBE911}.Debug|x64.ActiveCfg = Debug|x64
		{7B73F1EC-070E-4D93-8CBD-DF2FA7CBE911}.Debug|x64.Build.0 = Debug|x64
		{7B73F1EC-070E-4D93-8CBD-DF2FA7CBE911}.Debug|x86.ActiveCfg = Debug|Win32
		{7B73F1EC-070E-4D93-8CBD-DF2FA7CBE911}.Debug|x86.Build.0 = Debug|Win32
		{7B73F1EC-070E-4D93-8CBD-DF2FA7CBE911}.Release|x64.ActiveCfg = Release|x64
		{7B73F1EC-070E-4D93-8CBD-DF2FA7CBE911}.Release|x64.Build.0 = Release|x64
		{7B73F1EC-070E-4D93-8CBD-DF2FA7CBE911}.Release|x86.ActiveCfg = Release|Win32
		{7B73F1EC-070E-4D93-8CBD-DF2FA7CBE911}.Release|x86.Build.0 = Release|Win32
		{B281F787-4ABA-471E-B22D-7AB7ABD413F6}.Debug|x64.ActiveCfg = Debug|x64
		{B281F787-4ABA-471E-B22D-7AB7ABD413F6}.Debug|x64.Build.0 = Debug|x64
		{B281F787-4ABA-471E-B22D-7AB7ABD413F6}.Debug|x86.ActiveCfg = Debug|Win32
		{B281F787-4ABA-471E-B22D-7AB7ABD413F6}.Debug|x86.Build.0 = Debug|Win32
		{B281F787-4ABA-471E-B22D-7AB7ABD413F6}.Release|x64.ActiveCfg = Release|x64
		{B281F787-4ABA-471E-B22D-7AB7ABD413F6}.Release|x64.Build.0 = Release|x64
		{B281F787-4ABA-471E-B22D-7AB7ABD413F6}.Release|x86.ActiveCfg = Release|Win32
		{B281F787-4ABA-471E-B22D-7AB7ABD413F6}.Release|x86.Build.0 = Release|Win32
		{2670243E-5234-4C11-BEC3-03F3F711B4FC}.Debug|x64.ActiveCfg = Debug|x64
		{2670243E-5234-4C11-BEC3-03F3F711B4FC}.Debug|x64.Build.0 = Debug|x64
		{2670243E-5234-4C11-BEC3-03F3F711B4FC}.Debug|x86.ActiveCfg = Debug|Win32
		{2670243E-5234-4C11-BEC3-03F3F711B4FC}.Debug|x86.Build.0 = Debug|Win32
		{2670243E-5234-4C11-BEC3-03F3F711B4FC}.Release|x64.ActiveCfg = Release|x64
		{2670243E-5234-4C11-BEC3-03F3F711B4FC}.Release|x64.Build.0 = Release|x64
		{2670243E-5234-4C11-BEC3-03F3F711B4FC}.Release|x86.ActiveCfg = Release|Win32
		{2670243E-5234-4C11-BEC3-03F3F711B4FC}.Release|x86.Build.0 = Release|Win32
		{F803D9FC-8263-43B1-A1E8-300B5D0A887A}.Debug|x64.ActiveCfg = Debug|x64
		{F803D9FC-8263-43B1-A1E8-300B5D0A887A}.Debug|x64.Build.0 = Debug|x64
		{F803D9FC-8263-43B1-A1E8-300B5D0A887A}.Debug|x86.ActiveCfg = Debug|Win32
		{F803D9FC-8263-43B1-A1E8-300B5D0A887A}.Debug|x86.Build.0 = Debug|Win32
		{F803D9FC-8263-43B1-A1E8-300B5D0A887A}.Release|x64.ActiveCfg = Release|x64
		{F803D9FC-8263-43B1-A1E8-300B5D0A887A}.Release|x64.Build.0 = Release|x64
		{F803D9FC-8263-43B1-A1E8-300B5D0A887A}.Release|x86.ActiveCfg = Release|Win32
		{F803D9FC-8263-43B1-A1E8-300B5D0A887A}.Release|x86.Build.0 = Release|Win32
		{62858E5A-D0FA-4B00-BC30-BFBCA97C2F9A}.Debug|x64.ActiveCfg = Debug|x64
		{62858E5A-D0FA-4B00-BC30-BFBCA97C2F9A}.Debug|x64.Build.0 = Debug|x64
		{62858E5A-D0FA-4B00-BC30-BFBCA97C2F9A}.Debug|x86.ActiveCfg = Debug|Win32
		{62858E5A-D0FA-4B00-BC30-BFBCA97C2F9A}.Debug|x86.Build.0 = Debug|Win32
		{62858E5A-D0FA-4B00-BC30-BFBCA97C2F9A}.Release|x64.ActiveCfg = Release|x64
		{62858E5A-D0FA-4B00-BC30-BFBCA97C2F9A}.Release|x64.Build.0 = Release|x64
		{62858E5A-D0FA-4B00-BC30-BFBCA97C2F9A}.Release|x86.ActiveCfg = Release|Win32
		{62858E5A-D0FA-4B00-BC30-BFBCA97C2F9A}.Release|x86.Build.0 = Release|Win32
		{8B00E5E4-9BBD-4519-A2A9-16756CC3E846}.Debug|x64.ActiveCfg = Debug|x64
		{8B00E5E4-9BBD-4519-A2A9-16756CC3E846}.Debug|x64.Build.0 = Debug|x64
		{8B00E5E4-9BBD-4519-A2A9-16756CC3E846}.Debug|x86.ActiveCfg = Debug|Win32
		{8B00E5E4-9BBD-4519-A2A9-16756CC3E846}.Debug|x86.Build.0 = Debug|Win32
		{8B00E5E4-9BBD-4519-A2A9-16756CC3E846}.Release|x64.ActiveCfg = Release|x64
		{8B00E5E4-9BBD-4519-A2A9-16756CC3E846}.Release|x64.Build.0 = Release|x64
		{8B00E5E4-9BBD-4519-A2A9-16756CC3E846}.Release|x86.ActiveCfg = Release|Win32
		{8B00E5E4-9BBD-4519-A2A9-16756CC3E846}.Release|x86.Build.0 = Release|Win32
		{84BE2475-0372-40C6-8A91-5ED5DC01CC21}.Debug|x64.ActiveCfg = Debug|x64
		{84BE2475-0372-40C6-8A91-5ED5DC01CC21}.Debug|x64.Build.0 = Debug|x64
		{84BE2475-0372-40C6-8A91-5ED5DC01CC21}.Debug|x86.ActiveCfg = Debug|Win32
		{84BE2475-0372-40C6-8A91-5ED5DC01CC21}.Debug|x86.Build.0 = Debug|Win32
		{84BE2475-0372-40C6-8A91-5ED5DC01CC21}.Release|x64.ActiveCfg = Release|x64
		{84BE2475-0372-40C6-8A91-5ED5DC01CC21}.Release|x64.Build.0 = Release|x64
		{84BE2475-0372-40C6-8A91-5ED5DC01CC21}.Release|x86.ActiveCfg = Release|Win32
		{84BE2475-0372-40C6-8A91-5ED5DC01CC21}.Release|x86.Build.0 = Release|Win32
		{CC3D9185-19EB-4D31-9E85-DFB65A5CAB6C}.Debug|x64.ActiveCfg = Debug|x64
		{CC3D9185-19EB-4D31-9E85-DFB65A5CAB6C}.Debug|x64.Build.0 = Debug|x64
		{CC3D9185-19EB-4D31-9E85-DFB65A5CAB6C}.Debug|x86.ActiveCfg = Debug|Win32
		{CC3D9185-19EB-4D31-9E85-DFB65A5CAB6C}.Debug|x86.Build.0 = Debug|Win32
		{CC3D9185-19EB-4D31-9E85-DFB65A5CAB6C}.Release|x64.ActiveCfg = Release|x64
		{CC3D9185-19EB-4D31-9E85-DFB65A5CAB6C}.Release|x64.Build.0 = Release|x64
		{CC3D9185-19EB-4D31-9E85-DFB65A5CAB6C}.Release|x86.ActiveCfg = Release|Win32
		{CC3D9185-19EB-4D31-9E85-DFB65A5CAB6C}.Release|x86.Build.0 = Release|Win32
		{5EE79DFB-2744-450B-9D56-5217D0779BF2}.Debug|x64.ActiveCfg = Debug|x64
		{5EE79DFB-2744-450B-9D56-5217D0779BF2}.Debug|x64.Build.0 = Debug|x64
		{5EE79DFB-2744-450B-9D56-5217D0779BF2}.Debug|x86.ActiveCfg = Debug|Win32
		{5EE79DFB-2744-450B-9D56-5217D0779BF2}.Debug|x86.Build.0 = Debug|Win32
		{5EE79DFB-2744-450B-9D56-5217D0779BF2}.Release|x64.ActiveCfg = Release|x64
		{5EE79DFB-2744-450B-9D56-5217D0779BF2}.Release|x64.Build.0 = Release|x64
		{5EE79DFB-2744-450B-9D56-5217D0779BF2}.Release|x86.ActiveCfg = Release|Win32
		{5EE79DFB-2744-450B-9D56-5217D0779BF2}.Release|x86.Build.0 = Release|Win32
		{3F32B568-35B8-46F9-BDDD-AB8FC78425F8}.Debug|x64.ActiveCfg = Debug|x64
		{3F32B568-35B8-46F9-BDDD-AB8FC78425F8}.Debug|x64.Build.0 = Debug|x64
		{3F32B568-35B8-46F9-BDDD-AB8FC78425F8}.Debug|x86.ActiveCfg = Debug|Win32
		{3F32B568-35B8-46F9-BDDD-AB8FC78425F8}.Debug|x86.Build.0 = Debug|Win32
		{3F32B568-35B8-46F9-BDDD-AB8FC78425F8}.Release|x64.ActiveCfg = Release|x64
		{3F32B568-35B8-46F9-BDDD-AB8FC78425F8}.Release|x64.Build.0 = Release|x64
		{3F32B568-35B8-46F9-BDDD-AB8FC78425F8}.Release|x86.ActiveCfg = Release|Win32
		{3F32B568-35B8-46F9-BDDD-AB8FC78425F8}.Release|x86.Build.0 = Release|Win32
		{C9076950-B623-4D65-853A-227BE3787D38}.Debug|x64.ActiveCfg = Debug|x64
		{C9076950-B623-4D65-853A-227BE3787D38}.Debug|x64.Build.0 = Debug|x64
		{C9076950-B623-4D65-853A-227BE3787D38}.Debug|x86.ActiveCfg = Debug|Win32
		{C9076950-B623-4D65-853A-227BE3787D38}.Debug|x86.Build.0 = Debug|Win32
		{C9076950-B623-4D65-853A-227BE3787D38}.Release|x64.ActiveCfg = Release|x64
		{C9076950-B623-4D65-853A-227BE3787D38}.Release|x64.Build.0 = Release|x64
		{C9076950-B623-4D65-853A-227BE3787D38}.Release|x86.ActiveCfg = Release|Win32
		{C9076950-B623-4D65-853A-227BE3787D38}.Release|x86.Build.0 = Release|Win32
		{E3513883-A4FF-4305-AE28-E6D89A4ED8ED}.Debug|x64.ActiveCfg = Debug|x64
		{E3513883-A4FF-4305-AE28-E6D89A4ED8ED}.Debug|x64.Build.0 = Debug|x64
		{E3513883-A4FF-4305-AE28-E6D89A4ED8ED}.Debug|x86.ActiveCfg = Debug|Win32
		{E3513883-A4FF-4305-AE28-E6D89A4ED8ED}.Debug|x86.Build.0 = Debug|Win32
		{E3513883-A4FF-4305-AE28-E6D89A4ED8ED}.Release|x64.ActiveCfg = Release|x64
		{E3513883-A4FF-4305-AE28-E6D89A4ED8ED}.Release|x64.Build.0 = Release|x64
		{E3513883-A4FF-4305-AE28-E6D89A4ED8ED}.Release|x86.ActiveCfg = Release|Win32
		{E3513883-A4FF-4305-AE28-E6D89A4ED8ED}.Release|x86.Build.0 = Release|Win32
		{05E81D85-FD28-4783-9053-17C51962EF75}.Debug|x64.ActiveCfg = Debug|x64
		{05E81D85-FD28-4783-9053-17C51962EF75}.Debug|x64.Build.0 = Debug|x64
		{05E81D85-FD28-4783-9053-17C51962EF75}.Debug|x86.ActiveCfg = Debug|Win32
		{05E81D85-FD28-4783-9053-17C51962EF75}.Debug|x86.Build.0 = Debug|Win32
		{05E81D85-FD28-4783-9053-17C51962EF75}.Release|x64.ActiveCfg = Release|x64
		{05E81D85-FD28-4783-9053-17C51962EF75}.Release|x64.Build.0 = Release|x64
		{05E81D85-FD28-4783-9053-17C51962EF75}.Release|x86.ActiveCfg = Release|Win32
		{05E81D85-FD28-4783-9053-17C51962EF75}.Release|x86.Build.0 = Release|Win32
		{32EB4A0B-C7F9-463B-B49E-97933F8BDEE8}.Debug|x64.ActiveCfg = Debug|x64
		{32EB4A0B-C7F9-463B-B49E-97933F8BDEE8}.Debug|x64.Build.0 = Debug|x64
		{32EB4A0B-C7F9-463B-B49E-97933F8BDEE8}.Debug|x86.ActiveCfg = Debug|Win32
		{32EB4A0B-C7F9-463B-B49E-97933F8BDEE8}.Debug|x86.Build.0 = Debug|Win32
		{32EB4A0B-C7F9-463B-B49E-97933F8BDEE8}.Release|x64.ActiveCfg = Release|x64
		{32EB4A0B-C7F9-463B-B49E-97933F8BDEE8}.Release|x64.Build.0 = Release|x64
		{32EB4A0B-C7F9-463B-B49E-97933F8BDEE8}.Release|x86.ActiveCfg = Release|Win32
		{32EB4A0B-C7F9-463B-B49E-97933F8BDEE8}.Release|x86.Build.0 = Release|Win32
		{13883FC2-DEE4-4749-8B87-84CD29A99C36}.Debug|x64.ActiveCfg = Debug|x64
		{13883FC2-DEE4-4749-8B87-84CD29A99C36}.Debug|x64.Build.0 = Debug|x64
		{13883FC2-DEE4-4749-8B87-84CD29A99C36}.Debug|x86.ActiveCfg = Debug|Win32
		{13883FC2-DEE4-4749-8B87-84CD29A99C36}.Debug|x86.Build.0 = Debug|Win32
		{13883FC2-DEE4-4749-8B87-84CD29A99C36}.Release|x64.ActiveCfg = Release|x64
		{13883FC2-DEE4-4749-8B87-84CD29A99C36}.Release|x64.Build.0 = Release|x64
		{13883FC2-DEE4-4749-8B87-84CD29A99C36}.Release|x86.ActiveCfg = Release|Win32
		{13883FC2-DEE4-4749-8B87-84CD29A99C36}.Release|x86.Build.0 = Release|Win32
		{F4123A29-4858-4FC5-B9C7-E74F76C4A937}.Debug|x64.ActiveCfg = Debug|x64
		{F4123A29-4858-4FC5-B9C7-E74F76C4A937}.Debug|x64.Build.0 = Debug|x64
		{F4123A29-4858-4FC5-B9C7-E74F76C4A937}.Debug|x86.ActiveCfg = Debug|Win32
		{F4123A29-4858-4FC5-B9C7-E74F76C4A937}.Debug|x86.Build.0 = Debug|Win32
		{F4123A29-4858-4FC5-B9C7-E74F76C4A937}.Release|x64.ActiveCfg = Release|x64
		{F4123A29-4858-4FC5-B9C7-E74F76C4A937}.Release|x64.Build.0 = Release|x64
		{F4123A29-4858-4FC5-B9C7-E74F76C4A937}.Release|x86.ActiveCfg = Release|Win32
		{F4123A29-4858-4FC5-B9C7-E74F76C4A937}.Release|x86.Build.0 = Release|Win32
		{123C8790-4F15-49A6-B8AC-401D3D6C911D}.Debug|x64.ActiveCfg = Debug|x64
		{123C8790-4F15-49A6-B8AC-401D3D6C911D}.Debug|x64.Build.0 = Debug|x64
		{123C8790-4F15-49A6-B8AC-401D3D6C911D}.Debug|x86.ActiveCfg = Debug|Win32
		{123C8790-4F15-49A6-B8AC-401D3D6C911D}.Debug|x86.Build.0 = Debug|Win32
		{123C8790-4F15-49A6-B8AC-401D3D6C911D}.Release|x64.ActiveCfg = Release|x64
		{123C8790-4F15-49A6-B8AC-401D3D6C911D}.Release|x64.Build.0 = Release|x64
		{123C8790-4F15-49A6-B8AC-401D3D6C911D}.Release|x86.ActiveCfg = Release|Win32
		{123C8790-4F15-49A6-B8AC-401D3D6C911D}.Release|x86.Build.0 = Release|Win32
		{FD27A6D2-952A-4806-8E1C-C4FEFD0B262E}.Debug|x64.ActiveCfg = Debug|x64
		{FD27A6D2-952A-4806-8E1C-C4FEFD0B262E}.Debug|x64.Build.0 = Debug|x64
		{FD27A6D2-952A-4806-8E1C-C4FEFD0B262E}.Debug|x86.ActiveCfg = Debug|Win32
		{FD27A6D2-952A-4806-8E1C-C4FEFD0B262E}.Debug|x86.Build.0 = Debug|Win32
		{FD27A6D2-952A-4806-8E1C-C4FEFD0B262E}.Release|x64.ActiveCfg = Release|x64
		{FD27A6D2-952A-4806-8E1C-C4FEFD0B262E}.Release|x64.Build.0 = Release|x64
		{FD27A6D2-952A-4806-8E1C-C4FEFD0B262E}.Release|x86.ActiveCfg = Release|Win32
		{FD27A6D2-952A-4806-8E1C-C4FEFD0B262E}.Release|x86.Build.0 = Release|Win32
		{321B43FD-2E44-4146-8780-7EB97C972FF5}.Debug|x64.ActiveCfg = Debug|x64
		{321B43FD-2E44-4146-8780-7EB97C972FF5}.Debug|x64.Build.0 = Debug|x64
		{321B43FD-2E44-4146-8780-7EB97C972FF5}.Debug|x86.ActiveCfg = Debug|Win32
		{321B43FD-2E44-4146-8780-7EB97C972FF5}.Debug|x86.Build.0 = Debug|Win32
		{321B43FD-2E44-4146-8780-7EB97C972FF5}.Release|x64.ActiveCfg = Release|x64
		{321B43FD-2E44-4146-8780-7EB97C972FF5}.Release|x64.Build.0 = Release|x64
		{321B43FD-2E44-4146-8780-7EB97C972FF5}.Release|x86.ActiveCfg = Release|Win32
		{321B43FD-2E44-4146-8780-7EB97C972FF5}.Release|x86.Build.0 = Release|Win32
		{5227FAE2-CC2C-4EEE-889A-76DEC9FF12B5}.Debug|x64.ActiveCfg = Debug|x64
		{5227FAE2-CC2C-4EEE-889A-76DEC9FF12B5}.Debug|x64.Build.0 = Debug|x64
		{5227FAE2-CC2C-4EEE-889A-76DEC9FF12B5}.Debug|x86.ActiveCfg = Debug|Win32
		{5227FAE2-CC2C-4EEE-889A-76DEC9FF12B5}.Debug|x86.Build.0 = Debug|Win32
		{5227FAE2-CC2C-4EEE-889A-76DEC9FF12B5}.Release|x64.ActiveCfg = Release|x64
		{5227FAE2-CC2C-4EEE-889A-76DEC9FF12B5}.Release|x64.Build.0 = Release|x64
		{5227FAE2-CC2C-4EEE-889A-76DEC9FF12B5}.Release|x86.ActiveCfg = Release|Win32
		{5227FAE2-CC2C-4EEE-889A-76DEC9FF12B5}.Release|x86.Build.0 = Release|Win32
		{E9296785-1581-48AD-93DD-D244DB0578EB}.Debug|x64.ActiveCfg = Debug|x64
		{E9296785-1581-48AD-93DD-D244DB0578EB}.Debug|x64.Build.0 = Debug|x64
		{E9296785-1581-48AD-93DD-D244DB0578EB}.Debug|x86.ActiveCfg = Debug|Win32
		{E9296785-1581-48AD-93DD-D244DB0578EB}.Debug|x86.Build.0 = Debug|Win32
		{E9296785-1581-48AD-93DD-D244DB0578EB}.Release|x64.ActiveCfg = Release|x64
		{E9296785-1581-48AD-93DD-D244DB0578EB}.Release|x64.Build.0 = Release|x64
		{E9296785-1581-48AD-93DD-D244DB0578EB}.Release|x86.ActiveCfg = Release|Win32
		{E9296785-1581-48AD-93DD-D244DB0578EB}.Release|x86.Build.0 = Release|Win32
		{4A6893FD-89E0-4B08-8976-C54FCD57D956}.Debug|x64.ActiveCfg = Debug|x64
		{4A6893FD-89E0-4B08-8976-C54FCD57D956}.Debug|x64.Build.0 = Debug|x64
		{4A6893FD-89E0-4B08-8976-C54FCD57D956}.Debug|x86.ActiveCfg = Debug|Win32
		{4A6893FD-89E0-4B08-8976-C54FCD57D956}.Debug|x86.Build.0 = Debug|Win32
		{4A6893FD-89E0-4B08-8976-C54FCD57D956}.Release|x64.ActiveCfg = Release|x64
		{4A6893FD-89E0-4B08-8976-C54FCD57D956}.Release|x64.Build.0 = Release|x64
		{4A6893FD-89E0-4B08-8976-C54FCD57D956}.Release|x86.ActiveCfg = Release|Win32
		{4A6893FD-89E0-4B08-8976-C54FCD57D956}.Release|x86.Build.0 = Release|Win32
		{BDE3DB4E-92AE-4E3D-9BB3-33F3C7ED8DC4}.Debug|x64.ActiveCfg = Debug|x64
		{BDE3DB4E-92AE-4E3D-9BB3-33F3C7ED8DC4}.Debug|x64.Build.0 = Debug|x64
		{BDE3DB4E-92AE-4E3D-9BB3-33F3C7ED8DC4}.Debug|x86.ActiveCfg = Debug|Win32
		{BDE3DB4E-92AE-4E3D-9BB3-33F3C7ED8DC4}.Debug|x86.Build.0 = Debug|Win32
		{BDE3DB4E-92AE-4E3D-9BB3-33F3C7ED8DC4}.Release|x64.ActiveCfg = Release|x64
		{BDE3DB4E-92AE-4E3D-9BB3-33F3C7ED8DC4}.Release|x64.Build.0 = Release|x64
		{BDE3DB4E-92AE-4E3D-9BB3-33F3C7ED8DC4}.Release|x86.ActiveCfg = Release|Win32
		{BDE3DB4E-92AE-4E3D-9BB3-33F3C7ED8DC4}.Release|x86.Build.0 = Release|Win32
		{D11BA77C-FBE2-49E3-9A2C-C7777A3C5ADA}.Debug|x64.ActiveCfg = Debug|x64
		{D11BA77C-FBE2-49E3-9A2C-C7777A3C5ADA}.Debug|x64.Build.0 = Debug|x64
		{D11BA77C-FBE2-49E3-9A2C-C7777A3C5ADA}.Debug|x86.ActiveCfg = Debug|Win32
		{D11BA77C-FBE2-49E3-9A2C-C7777A3C5ADA}.Debug|x86.Build.0 = Debug|Win32
		{D11BA77C-FBE2-49E3-9A2C-C7777A3C5ADA}.Release|x64.ActiveCfg = Release|x64
		{D11BA77C-FBE2-49E3-9A2C-C7777A3C5ADA}.Release|x64.Build.0 = Release|x64
		{D11BA77C-FBE2-49E3-9A2C-C7777A3C5ADA}.Release|x86.ActiveCfg = Release|Win32
		{D11BA77C-FBE2-49E3-9A2C-C7777A3C5ADA}.Release|x86.Build.0 = Release|Win32
		{751C7F76-514A-4BAD-8FC5-BE5322B5DB1D}.Debug|x64.ActiveCfg = Debug|x64
		{751C7F76-514A-4BAD-8FC5-BE5322B5DB1D}.Debug|x64.Build.0 = Debug|x64
		{751C7F76-514A-4BAD-8FC5-BE5322B5DB1D}.Debug|x86.ActiveCfg = Debug|Win32
		{751C7F76-514A-4BAD-8FC5-BE5322B5DB1D}.Debug|x86.Build.0 = Debug|Win32
		{751C7F76-514A-4BAD-8FC5-BE5322B5DB1D}.Release|x64.ActiveCfg = Release|x64
		{751C7F76-514A-4BAD-8FC5-BE5322B5DB1D}.Release|x64.Build.0 = Release|x64
		{751C7F76-514A-4BAD-8FC5-BE5322B5DB1D}.Release|x86.ActiveCfg = Release|Win32
		{751C7F76-514A-4BAD-8FC5-BE5322B5DB1D}.Release|x86.Build.0 = Release|Win32
		{DED38288-13A9-41F5-AA58-7744488A10CA}.Debug|x64.ActiveCfg = Debug|x64
		{DED38288-13A9-41F5-AA58-7744488A10CA}.Debug|x64.Build.0 = Debug|x64
		{DED38288-13A9-41F5-AA58-7744488A10CA}.Debug|x86.ActiveCfg = Debug|Win32
		{DED38288-13A9-41F5-AA58-7744488A10CA}.Debug|x86.Build.0 = Debug|Win32
		{DED38288-13A9-41F5-AA58-7744488A10CA}.Release|x64.ActiveCfg = Release|x64
		{DED38288-13A9-41F5-AA58-7744488A10CA}.Release|x64.Build.0 = Release|x64
		{DED38288-13A9-41F5-AA58-7744488A10CA}.Release|x86.ActiveCfg = Release|Win32
		{DED38288-13A9-41F5-AA58-7744488A10CA}.Release|x86.Build.0 = Release|Win32
		{5D930214-262E-4B98-B52F-86BF2FE0CE75}.Debug|x64.ActiveCfg = Debug|x64
		{5D930214-262E-4B98-B52F-86BF2FE0CE75}.Debug|x64.Build.0 = Debug|x64
		{5D930214-262E-4B98-B52F-86BF2FE0CE75}.Debug|x86.ActiveCfg = Debug|Win32
		{5D930214-262E-4B98-B52F-86BF2FE0CE75}.Debug|x86.Build.0 = Debug|Win32
		{5D930214-262E-4B98-B52F-86BF2FE0CE75}.Release|x64.ActiveCfg = Release|x64
		{5D930214-262E-4B98-B52F-86BF2FE0CE75}.Release|x64.Build.0 = Release|x64
		{5D930214-262E-4B98-B52F-86BF2FE0CE75}.Release|x86.ActiveCfg = Release|Win32
		{5D930214-262E-4B98-B52F-86BF2FE0CE75}.Release|x86.Build.0 = Release|Win32
		{B8830358-8301-44D2-885A-E3149BE2F17D}.Debug|x64.ActiveCfg = Debug|x64
		{B8830358-8301-44D2-885A-E3149BE2F17D}.Debug|x64.Build.0 = Debug|x64
		{B8830358-8301-44D2-885A-E3149BE2F17D}.Debug|x86.ActiveCfg = Debug|Win32
		{B8830358-8301-44D2-885A-E3149BE2F17D}.Debug|x86.Build.0 = Debug|Win32
		{B8830358-8301-44D2-885A-E3149BE2F17D}.Release|x64.ActiveCfg = Release|x64
		{B8830358-8301-44D2-885A-E3149BE2F17D}.Release|x64.Build.0 = Release|x64
		{B8830358-8301-44D2-885A-E3149BE2F17D}.Release|x86.ActiveCfg = Release|Win32
		{B8830358-8301-44D2-885A-E3149BE2F17D}.Release|x86.Build.0 = Release|Win32
		{5ED9B764-BBC6-459B-8189-04284800A526}.Debug|x64.ActiveCfg = Debug|x64
		{5ED9B764-BBC6-459B-8189-04284800A526}.Debug|x64.Build.0 = Debug|x64
		{5ED9B764-BBC6-459B-8189-04284800A526}.Debug|x86.ActiveCfg = Debug|Win32
		{5ED9B764-BBC6-459B-8189-04284800A526}.Debug|x86.Build.0 = Debug|Win32
		{5ED9B764-BBC6-459B-8189-04284800A526}.Release|x64.ActiveCfg = Release|x64
		{5ED9B764-BBC6-459B-8189-04284800A526}.Release|x64.Build.0 = Release|x64
		{5ED9B764-BBC6-459B-8189-04284800A526}.Release|x86.ActiveCfg = Release|Win32
		{5ED9B764-BBC6-459B-8189-04284800A526}.Release|x86.Build.0 = Release|Win32
		{E6B331C0-08CC-4161-9EC0-47CC790A3410}.Debug|x64.ActiveCfg = Debug|x64
		{E6B331C0-08CC-4161-9EC0-47CC790A3410}.Debug|x64.Build.0 = Debug|x64
		{E6B331C0-08CC-4161-9EC0-47CC790A3410}.Debug|x86.ActiveCfg = Debug|Win32
		{E6B331C0-08CC-4161-9EC0-47CC790A3410}.Debug|x86.Build.0 = Debug|Win32
		{E6B331C0-08CC-4161-9EC0-47CC790A3410}.Release|x64.ActiveCfg = Release|x64
		{E6B331C0-08CC-4161-9EC0-47CC790A3410}.Release|x64.Build.0 = Release|x64
		{E6B331C0-08CC-4161-9EC0-47CC790A3410}.Release|x86.ActiveCfg = Release|Win32
		{E6B331C0-08CC-4161-9EC0-47CC790A3410}.Release|x86.Build.0 = Release|Win32
		{44D7BF45-23E4-4E00-8341-AF5E223D3A07}.Debug|x64.ActiveCfg = Debug|x64
		{44D7BF45-23E4-4E00-8341-AF5E223D3A07}.Debug|x64.Build.0 = Debug|x64
		{44D7BF45-23E4-4E00-8341-AF5E223D3A07}.Debug|x86.ActiveCfg = Debug|Win32
		{44D7BF45-23E4-4E00-8341-AF5E223D3A07}.Debug|x86.Build.0 = Debug|Win32
		{44D7BF45-23E4-4E00-8341-AF5E223D3A07}.Release|x64.ActiveCfg = Release|x64
		{44D7BF45-23E4-4E00-8341-AF5E223D3A07}.Release|x64.Build.0 = Release|x64
		{44D7BF45-23E4-4E00-8341-AF5E223D3A07}.Release|x86.ActiveCfg = Release|Win32
		{44D7BF45-23E4-4E00-8341-AF5E223D3A07}.Release|x86.Build.0 = Release|Win32
		{56B01A9A-F9AE-41AC-9ABB-65C711347F8A}.Debug|x64.ActiveCfg = Debug|x64
		{56B01A9A-F9AE-41AC-9ABB-65C711347F8A}.Debug|x64.Build.0 = Debug|x64
		{56B01A9A-F9AE-41AC-9ABB-65C711347F8A}.Debug|x86.ActiveCfg = Debug|Win32
		{56B01A9A-F9AE-41AC-9ABB-65C711347F8A}.Debug|x86.Build.0 = Debug|Win32
		{56B01A9A-F9AE-41AC-9ABB-65C711347F8A}.Release|x64.ActiveCfg = Release|x64
		{56B01A9A-F9AE-41AC-9ABB-65C711347F8A}.Release|x64.Build.0 = Release|x64
		{56B01A9A-F9AE-41AC-9ABB-65C711347F8A}.Release|x86.ActiveCfg = Release|Win32
		{56B01A9A-F9AE-41AC-9ABB-65C711347F8A}.Release|x86.Build.0 = Release|Win32
		{CED34BC2-49CC-4CE5-94B3-951A067D9BF3}.Debug|x64.ActiveCfg = Debug|x64
		{CED34BC2-49CC-4CE5-94B3-951A067D9BF3}.Debug|x64.Build.0 = Debug|x64
		{CED34BC2-49CC-4CE5-94B3-951A067D9BF3}.Debug|x86.ActiveCfg = Debug|Win32
		{CED34BC2-49CC-4CE5-94B3-951A067D9BF3}.Debug|x86.Build.0 = Debug|Win32
		{CED34BC2-49CC-4CE5-94B3-951A067D9BF3}.Release|x64.ActiveCfg = Release|x64
		{CED34BC2-49CC-4CE5-94B3-951A067D9BF3}.Release|x64.Build.0 = Release|x64
		{CED34BC2-49CC-4CE5-94B3-951A067D9BF3}.Release|x86.ActiveCfg = Release|Win32
		{CED34BC2-49CC-4CE5-94B3-951A067D9BF3}.Release|x86.Build.0 = Release|Win32
		{13279D8A-7F2E-4612-81F7-3E03EC95672A}.Debug|x64.ActiveCfg = Debug|x64
		{13279D8A-7F2E-4612-81F7-3E03EC95672A}.Debug|x64.Build.0 = Debug|x64
		{13279D8A-7F2E-4612-81F7-3E03EC95672A}.Debug|x86.ActiveCfg = Debug|Win32
		{13279D8A-7F2E-4612-81F7-3E03EC95672A}.Debug|x86.Build.0 = Debug|Win32
		{13279D8A-7F2E-4612-81F7-3E03EC95672A}.Release|x64.ActiveCfg = Release|x64
		{13279D8A-7F2E-4612-81F7-3E03EC95672A}.Release|x64.Build.0 = Release|x64
		{13279D8A-7F2E-4612-81F7-3E03EC95672A}.Release|x86.ActiveCfg = Release|Win32
		{13279D8A-7F2E-4612-81F7-3E03EC95672A}.Release|x86.Build.0 = Release|Win32
		{FD7806E6-5007-473B-BEEF-18D55991A00E}.Debug|x64.ActiveCfg = Debug|x64
		{FD7806E6-5007-473B-BEEF-18D55991A00E}.Debug|x64.Build.0 = Debug|x64
		{FD7806E6-5007-473B-BEEF-18D55991A00E}.Debug|x86.ActiveCfg = Debug|Win32
		{FD7806E6-5007-473B-BEEF-18D55991A00E}.Debug|x86.Build.0 = Debug|Win32
		{FD7806E6-5007-473B-BEEF-18D55991A00E}.Release|x64.ActiveCfg = Release|x64
		{FD7806E6-5007-473B-BEEF-18D55991A00E}.Release|x64.Build.0 = Release|x64
		{FD7806E6-5007-473B-BEEF-18D55991A00E}.Release|x86.ActiveCfg = Release|Win32
		{FD7806E6-5007-473B-BEEF-18D55991A00E}.Release|x86.Build.0 = Release|Win32
		{14D74010-5AE0-49DF-AE9B-A12B80CE2F87}.Debug|x64.ActiveCfg = Debug|x64
		{14D74010-5AE0-49DF-AE9B-A12B80CE2F87}.Debug|x64.Build.0 = Debug|x64
		{14D74010-5AE0-49DF-AE9B-A12B80CE2F87}.Debug|x86.ActiveCfg = Debug|Win32
		{14D74010-5AE0-49DF-AE9B-A12B80CE2F87}.Debug|x86.Build.0 = Debug|Win32
		{14D74010-5AE0-49DF-AE9B-A12B80CE2F87}.Release|x64.ActiveCfg = Release|x64
		{14D74010-5AE0-49DF-AE9B-A12B80CE2F87}.Release|x64.Build.0 = Release|x64
		{14D74010-5AE0-49DF-AE9B-A12B80CE2F87}.Release|x86.ActiveCfg = Release|Win32
		{14D74010-5AE0-49DF-AE9B-A12B80CE2F87}.Release|x86.Build.0 = Release|Win32
		{AEB5A6B5-768E-4558-9EBE-E0D8B56ADBA6}.Debug|x64.ActiveCfg = Debug|x64
		{AEB5A6B5-768E-4558-9EBE-E0D8B56ADBA6}.Debug|x64.Build.0 = Debug|x64
		{AEB5A6B5-768E-4558-9EBE-E0D8B56ADBA6}.Debug|x86.ActiveCfg = Debug|Win32
		{AEB5A6B5-768E-4558-9EBE-E0D8B56ADBA6}.Debug|x86.Build.0 = Debug|Win32
		{AEB5A6B5-768E-4558-9EBE-E0D8B56ADBA6}.Release|x64.ActiveCfg = Release|x64
		{AEB5A6B5-768E-4558-9EBE-E0D8B56ADBA6}.Release|x64.Build.0 = Release|x64
		{AEB5A6B5-768E-4558-9EBE-E0D8B56ADBA6}.Release|x86.ActiveCfg = Release|Win32
		{AEB5A6B5-768E-4558-9EBE-E0D8B56ADBA6}.Release|x86.Build.0 = Release|Win32
		{CA5D0C18-8749-4335-95D4-B032C3057D2F}.Debug|x64.ActiveCfg = Debug|x64
		{CA5D0C18-8749-4335-95D4-B032C3057D2F}.Debug|x64.Build.0 = Debug|x64
		{CA5D0C18-8749-4335-95D4-B032C3057D2F}.Debug|x86.ActiveCfg = Debug|Win32
		{CA5D0C18-8749-4335-95D4-B032C3057D2F}.Debug|x86.Build.0 = Debug|Win32
		{CA5D0C18-8749-4335-95D4-B032C3057D2F}.Release|x64.ActiveCfg = Release|x64
		{CA5D0C18-8749-4335-95D4-B032C3057D2F}.Release|x64.Build.0 = Release|x64
		{CA5D0C18-8749-4335-95D4-B032C3057D2F}.Release|x86.ActiveCfg = Release|Win32
		{CA5D0C18-8749-4335-95D4-B032C3057D2F}.Release|x86.Build.0 = Release|Win32
		{ED3161D8-5E58-416C-B60E-673C4BC9F560}.Debug|x64.ActiveCfg = Debug|x64
		{ED3161D8-5E58-416C-B60E-673C4BC9F560}.Debug|x64.Build.0 = Debug|x64
		{ED3161D8-5E58-416C-B60E-673C4BC9F560}.Debug|x86.ActiveCfg = Debug|Win32
		{ED3161D8-5E58-416C-B60E-673C4BC9F560}.Debug|x86.Build.0 = Debug|Win32
		{ED3161D8-5E58-416C-B60E-673C4BC9F560}.Release|x64.ActiveCfg = Release|x64
		{ED3161D8-5E58-416C-B60E-673C4BC9F560}.Release|x64.Build.0 = Release|x64
		{ED3161D8-5E58-416C-B60E-673C4BC9F560}.Release|x86.ActiveCfg = Release|Win32
		{ED3161D8-5E58-416C-B60E-673C4BC9F560}.Release|x86.Build.0 = Release|Win32
		{E9A1A3E8-22D6-4868-8D50-92932F4EABA2}.Debug|x64.ActiveCfg = Debug|x64
		{E9A1A3E8-22D6-4868-8D50-92932F4EABA2}.Debug|x64.Build.0 = Debug|x64
		{E9A1A3E8-22D6-4868-8D50-92932F4EABA2}.Debug|x86.ActiveCfg = Debug|Win32
		{E9A1A3E8-22D6-4868-8D50-92932F4EABA2}.Debug|x86.Build.0 = Debug|Win32
		{E9A1A3E8-22D6-4868-8D50-92932F4EABA2}.Release|x64.ActiveCfg = Release|x64
		{E9A1A3E8-22D6-4868-8D50-92932F4EABA2}.Release|x64.Build.0 = Release|x64
		{E9A1A3E8-22D6-4868-8D50-92932F4EABA2}.Release|x86.ActiveCfg = Release|Win32
		{E9A1A3E8-22D6-4868-8D50-92932F4EABA2}.Release|x86.Build.0 = Release|Win32
		{0A88F5BD-0081-49C0-A07C-D706EDF211CF}.Debug|x64.ActiveCfg = Debug|x64
		{0A88F5BD-0081-49C0-A07C-D706EDF211CF}.Debug|x64.Build.0 = Debug|x64
		{0A88F5BD-0081-49C0-A07C-D706EDF211CF}.Debug|x86.ActiveCfg = Debug|Win32
		{0A88F5BD-0081-49C0-A07C-D706EDF211CF}.Debug|x86.Build.0 = Debug|Win32
		{0A88F5BD-0081-49C0-A07C-D706EDF211CF}.Release|x64.ActiveCfg = Release|x64
		{0A88F5BD-0081-49C0-A07C-D706EDF211CF}.Release|x64.Build.0 = Release|x64
		{0A88F5BD-0081-49C0-A07C-D706EDF211CF}.Release|x86.ActiveCfg = Release|Win32
		{0A88F5BD-0081-49C0-A07C-D706EDF211CF}.Release|x86.Build.0 = Release|Win32
		{F6A83C79-A672-431F-8751-904F1EA89C1A}.Debug|x64.ActiveCfg = Debug|x64
		{F6A83C79-A672-431F-8751-904F1EA89C1A}.Debug|x64.Build.0 = Debug|x64
		{F6A83C79-A672-431F-8751-904F1EA89C1A}.Debug|x86.ActiveCfg = Debug|Win32
		{F6A83C79-A672-431F-8751-904F1EA89C1A}.Debug|x86.Build.0 = Debug|Win32
		{F6A83C79-A672-431F-8751-904F1EA89C1A}.Release|x64.ActiveCfg = Release|x64
		{F6A83C79-A672-431F-8751-904F1EA89C1A}.Release|x64.Build.0 = Release|x64
		{F6A83C79-A672-431F-8751-904F1EA89C1A}.Release|x86.ActiveCfg = Release|Win32
		{F6A83C79-A672-431F-8751-904F1EA89C1A}.Release|x86.Build.0 = Release|Win32
		{949F8660-3213-4661-9F04-88B5BC0EF9B5}.Debug|x64.ActiveCfg = Debug|x64
		{949F8660-3213-4661-9F04-88B5BC0EF9B5}.Debug|x64.Build.0 = Debug|x64
		{949F8660-3213-4661-9F04-88B5BC0EF9B5}.Debug|x86.ActiveCfg = Debug|Win32
		{949F8660-3213-4661-9F04-88B5BC0EF9B5}.Debug|x86.Build.0 = Debug|Win32
		{949F8660-3213-4661-9F04-88B5BC0EF9B5}.Release|x64.ActiveCfg = Release|x64
		{949F8660-3213-4661-9F04-88B5BC0EF9B5}.Release|x64.Build.0 = Release|x64
		{949F8660-3213-4661-9F04-88B5BC0EF9B5}.Release|x86.ActiveCfg = Release|Win32
		{949F8660-3213-4661-9F04-88B5BC0EF9B5}.Release|x86.Build.0 = Release|Win32
		{99B1359B-EE0A-4592-B621-1EC45A479268}.Debug|x64.ActiveCfg = Debug|x64
		{99B1359B-EE0A-4592-B621-1EC45A479268}.Debug|x64.Build.0 = Debug|x64
		{99B1359B-EE0A-4592-B621-1EC45A479268}.Debug|x86.ActiveCfg = Debug|Win32
		{99B1359B-EE0A-4592-B621-1EC45A479268}.Debug|x86.Build.0 = Debug|Win32
		{99B1359B-EE0A-4592-B621-1EC45A479268}.Release|x64.ActiveCfg = Release|x64
		{99B1359B-EE0A-4592-B621-1EC45A479268}.Release|x64.Build.0 = Release|x64
		{99B1359B-EE0A-4592-B621-1EC45A479268}.Release|x86.ActiveCfg = Release|Win32
		{99B1359B-EE0A-4592-B621-1EC45A479268}.Release|x86.Build.0 = Release|Win32
		{6DEB54F9-3F50-45E9-97A1-0DF5CE9C9588}.Debug|x64.ActiveCfg = Debug|x64
		{6DEB54F9-3F50-45E9-97A1-0DF5CE9C9588}.Debug|x64.Build.0 = Debug|x64
		{6DEB54F9-3F50-45E9-97A1-0DF5CE9C9588}.Debug|x86.ActiveCfg = Debug|Win32
		{6DEB54F9-3F50-45E9-97A1-0DF5CE9C9588}.Debug|x86.Build.0 = Debug|Win32
		{6DEB54F9-3F50-45E9-97A1-0DF5CE9C9588}.Release|x64.ActiveCfg = Release|x64
		{6DEB54F9-3F50-45E9-97A1-0DF5CE9C9588}.Release|x64.Build.0 = Release|x64
		{6DEB54F9-3F50-45E9-97A1-0DF5CE9C9588}.Release|x86.ActiveCfg = Release|Win32
		{6DEB54F9-3F50-45E9-97A1-0DF5CE9C9588}.Release|x86.Build.0 = Release|Win32
		{58036A48-8D2C-4195-91E9-B43659DE65AD}.Debug|x64.ActiveCfg = Debug|x64
		{58036A48-8D2C-4195-91E9-B43659DE65AD}.Debug|x64.Build.0 = Debug|x64
		{58036A48-8D2C-4195-91E9-B43659DE65AD}.Debug|x86.ActiveCfg = Debug|Win32
		{58036A48-8D2C-4195-91E9-B43659DE65AD}.Debug|x86.Build.0 = Debug|Win32
		{58036A48-8D2C-4195-91E9-B43659DE65AD}.Release|x64.ActiveCfg = Release|x64
		{58036A48-8D2C-4195-91E9-B43659DE65AD}.Release|x64.Build.0 = Release|x64
		{58036A48-8D2C-4195-91E9-B43659DE65AD}.Release|x86.ActiveCfg = Release|Win32
		{58036A48-8D2C-4195-91E9-B43659DE65AD}.Release|x86.Build.0 = Release|Win32
		{34249FBE-AB67-4963-8485-A9E6E9007214}.Debug|x64.ActiveCfg = Debug|x64
		{34249FBE-AB67-4963-8485-A9E6E9007214}.Debug|x64.Build.0 = Debug|x64
		{34249FBE-AB67-4963-8485-A9E6E9007214}.Debug|x86.ActiveCfg = Debug|Win32
		{34249FBE-AB67-4963-8485-A9E6E9007214}.Debug|x86.Build.0 = Debug|Win32
		{34249FBE-AB67-4963-8485-A9E6E9007214}.Release|x64.ActiveCfg = Release|x64
		{34249FBE-AB67-4963-8485-A9E6E9007214}.Release|x64.Build.0 = Release|x64
		{34249FBE-AB67-4963-8485-A9E6E9007214}.Release|x86.ActiveCfg = Release|Win32
		{34249FBE-AB67-4963-8485-A9E6E9007214}.Release|x86.Build.0 = Release|Win32
		{5FB67289-94BE-4987-93D0-56C43F62D652}.Debug|x64.ActiveCfg = Debug|x64
		{5FB67289-94BE-4987-93D0-56C43F62D652}.Debug|x64.Build.0 = Debug|x64
		{5FB67289-94BE-4987-93D0-56C43F62D652}.Debug|x86.ActiveCfg = Debug|Win32
		{5FB67289-94BE-4987-93D0-56C43F62D652}.Debug|x86.Build.0 = Debug|Win32
		{5FB67289-94BE-4987-93D0-56C43F62D652}.Release|x64.ActiveCfg = Release|x64
		{5FB67289-94BE-4987-93D0-56C43F62D652}.Release|x64.Build.0 = Release|x64
		{5FB67289-94BE-4987-93D0-56C43F62D652}.Release|x86.ActiveCfg = Release|Win32
		{5FB67289-94BE-4987-93D0-56C43F62D652}.Release|x86.Build.0 = Release|Win32
		{69B80451-F25A-42CB-AE6F-E20AB00B1BE1}.Debug|x64.ActiveCfg = Debug|x64
		{69B80451-F25A-42CB-AE6F-E20AB00B1BE1}.Debug|x64.Build.0 = Debug|x64
		{69B80451-F25A-42CB-AE6F-E20AB00B1BE1}.Debug|x86.ActiveCfg = Debug|Win32
		{69B80451-F25A-42CB-AE6F-E20AB00B1BE1}.Debug|x86.Build.0 = Debug|Win32
		{69B80451-F25A-42CB-AE6F-E20AB00B1BE1}.Release|x64.ActiveCfg = Release|x64
		{69B80451-F25A-42CB-AE6F-E20AB00B1BE1}.Release|x64.Build.0 = Release|x64
		{69B80451-F25A-42CB-AE6F-E20AB00B1BE1}.Release|x86.ActiveCfg = Release|Win32
		{69B80451-F25A-42CB-AE6F-E20AB00B1BE1}.Release|x86.Build.0 = Release|Win32
		{E5AAF91F-09D7-4361-BF42-A1B4AC5BCE8D}.Debug|x64.ActiveCfg = Debug|x64
		{E5AAF91F-09D7-4361-BF42-A1B4AC5BCE8D}.Debug|x64.Build.0 = Debug|x64
		{E5AAF91F-09D7-4361-BF42-A1B4AC5BCE8D}.Debug|x86.ActiveCfg = Debug|Win32
		{E5AAF91F-09D7-4361-BF42-A1B4AC5BCE8D}.Debug|x86.Build.0 = Debug|Win32
		{E5AAF91F-09D7-4361-BF42-A1B4AC5BCE8D}.Release|x64.ActiveCfg = Release|x64
		{E5AAF91F-09D7-4361-BF42-A1B4AC5BCE8D}.Release|x64.Build.0 = Release|x64
		{E5AAF91F-09D7-4361-BF42-A1B4AC5BCE8D}.Release|x86.ActiveCfg = Release|Win32
		{E5AAF91F-09D7-4361-BF42-A1B4AC5BCE8D}.Release|x86.Build.0 = Release|Win32
		{40FD1EC6-4DD5-45F9-AEDB-9F90CC39D386}.Debug|x64.ActiveCfg = Debug|x64
		{40FD1EC6-4DD5-45F9-AEDB-9F90CC39D386}.Debug|x64.Build.0 = Debug|x64
		{40FD1EC6-4DD5-45F9-AEDB-9F90CC39D386}.Debug|x86.ActiveCfg = Debug|Win32
		{40FD1EC6-4DD5-45F9-AEDB-9F90CC39D386}.Debug|x86.Build.0 = Debug|Win32
		{40FD1EC6-4DD5-45F9-AEDB-9F90CC39D386}.Release|x64.ActiveCfg = Release|x64
		{40FD1EC6-4DD5-45F9-AEDB-9F90CC39D386}.Release|x64.Build.0 = Release|x64
		{40FD1EC6-4DD5-45F9-AEDB-9F90CC39D386}.Release|x86.ActiveCfg = Release|Win32
		{40FD1EC6-4DD5-45F9-AEDB-9F90CC39D386}.Release|x86.Build.0 = Release|Win32
		{637F32B2-7C87-49BA-A6ED-98A9AE6958C1}.Debug|x64.ActiveCfg = Debug|x64
		{637F32B2-7C87-49BA-A6ED-98A9AE6958C1}.Debug|x64.Build.0 = Debug|x64
		{637F32B2-7C87-49BA-A6ED-98A9AE6958C1}.Debug|x86.ActiveCfg = Debug|Win32
		{637F32B2-7C87-49BA-A6ED-98A9AE6958C1}.Debug|x86.Build.0 = Debug|Win32
		{637F32B2-7C87-49BA-A6ED-98A9AE6958C1}.Release|x64.ActiveCfg = Release|x64
		{637F32B2-7C87-49BA-A6ED-98A9AE6958C1}.Release|x64.Build.0 = Release|x64
		{637F32B2-7C87-49BA-A6ED-98A9AE6958C1}.Release|x86.ActiveCfg = Release|Win32
		{637F32B2-7C87-49BA-A6ED-98A9AE6958C1}.Release|x86.Build.0 = Release|Win32
		{CA590F81-18F8-4667-83FD-D6972C9631CD}.Debug|x64.ActiveCfg = Debug|x64
		{CA590F81-18F8-4667-83FD-D6972C9631CD}.Debug|x64.Build.0 = Debug|x64
		{CA590F81-18F8-4667-83FD-D6972C9631CD}.Debug|x86.ActiveCfg = Debug|Win32
		{CA590F81-18F8-4667-83FD-D6972C9631CD}.Debug|x86.Build.0 = Debug|Win32
		{CA590F81-18F8-4667-83FD-D6972C9631CD}.Release|x64.ActiveCfg = Release|x64
		{CA590F81-18F8-4667-83FD-D6972C9631CD}.Release|x64.Build.0 = Release|x64
		{CA590F81-18F8-4667-83FD-D6972C9631CD}.Release|x86.ActiveCfg = Release|Win32
		{CA590F81-18F8-4667-83FD-D6972C9631CD}.Release|x86.Build.0 = Release|Win32
		{A576148F-331D-40BA-9125-CB86127F5449}.Debug|x64.ActiveCfg = Debug|x64
		{A576148F-331D-40BA-9125-CB86127F5449}.Debug|x64.Build.0 = Debug|x64
		{A576148F-331D-40BA-9125-CB86127F5449}.Debug|x86.ActiveCfg = Debug|Win32
		{A576148F-331D-40BA-9125-CB86127F5449}.Debug|x86.Build.0 = Debug|Win32
		{A576148F-331D-40BA-9125-CB86127F5449}.Release|x64.ActiveCfg = Release|x64
		{A576148F-331D-40BA-9125-CB86127F5449}.Release|x64.Build.0 = Release|x64
		{A576148F-331D-40BA-9125-CB86127F5449}.Release|x86.ActiveCfg = Release|Win32
		{A576148F-331D-40BA-9125-CB86127F5449}.Release|x86.Build.0 = Release|Win32
		{772D462F-1378-459D-98DD-ACCCFEB56BEE}.Debug|x64.ActiveCfg = Debug|x64
		{772D462F-1378-459D-98DD-ACCCFEB56BEE}.Debug|x64.Build.0 = Debug|x64
		{772D462F-1378-459D-98DD-ACCCFEB56BEE}.Debug|x86.ActiveCfg = Debug|Win32
		{772D462F-1378-459D-98DD-ACCCFEB56BEE}.Debug|x86.Build.0 = Debug|Win32
		{772D462F-1378-459D-98DD-ACCCFEB56BEE}.Release|x64.ActiveCfg = Release|x64
		{772D462F-1378-459D-98DD-ACCCFEB56BEE}.Release|x64.Build.0 = Release|x64
		{772D462F-1378-459D-98DD-ACCCFEB56BEE}.Release|x86.ActiveCfg = Release|Win32
		{772D462F-1378-459D-98DD-ACCCFEB56BEE}.Release|x86.Build.0 = Release|Win32
		{462B457B-7E8B-434A-8C05-FAE1BF526DEF}.Debug|x64.ActiveCfg = Debug|x64
		{462B457B-7E8B-434A-8C05-FAE1BF526DEF}.Debug|x64.Build.0 = Debug|x64
		{462B457B-7E8B-434A-8C05-FAE1BF526DEF}.Debug|x86.ActiveCfg = Debug|Win32
		{462B457B-7E8B-434A-8C05-FAE1BF526DEF}.Debug|x86.Build.0 = Debug|Win32
		{462B457B-7E8B-434A-8C05-FAE1BF526DEF}.Release|x64.ActiveCfg = Release|x64
		{462B457B-7E8B-434A-8C05-FAE1BF526DEF}.Release|x64.Build.0 = Release|x64
		{462B457B-7E8B-434A-8C05-FAE1BF526DEF}.Release|x86.ActiveCfg = Release|Win32
		{462B457B-7E8B-434A-8C05-FAE1BF526DEF}.Release|x86.Build.0 = Release|Win32
		{8BF4E7B3-6D37-43F3-B268-2B0E0472E7A5}.Debug|x64.ActiveCfg = Debug|x64
		{8BF4E7B3-6D37-43F3-B268-2B0E0472E7A5}.Debug|x64.Build.0 = Debug|x64
		{8BF4E7B3-6D37-43F3-B268-2B0E0472E7A5}.Debug|x86.ActiveCfg = Debug|Win32
		{8BF4E7B3-6D37-43F3-B268-2B0E0472E7A5}.Debug|x86.Build.0 = Debug|Win32
		{8BF4E7B3-6D37-43F3-B268-2B0E0472E7A5}.Release|x64.ActiveCfg = Release|x64
		{8BF4E7B3-6D37-43F3-B268-2B0E0472E7A5}.Release|x64.Build.0 = Release|x64
		{8BF4E7B3-6D37-43F3-B268-2B0E0472E7A5}.Release|x86.ActiveCfg = Release|Win32
		{8BF4E7B3-6D37-43F3-B268-2B0E0472E7A5}.Release|x86.Build.0 = Release|Win32
		{19DC62BA-893A-44CD-A395-10AFED1CED9F}.Debug|x64.ActiveCfg = Debug|x64
		{19DC62BA-893A-44CD-A395-10AFED1CED9F}.Debug|x64.Build.0 = Debug|x64
		{19DC62BA-893A-44CD-A395-10AFED1CED9F}.Debug|x86.ActiveCfg = Debug|Win32
		{19DC62BA-893A-44CD-A395-10AFED1CED9F}.Debug|x86.Build.0 = Debug|Win32
		{19DC62BA-893A-44CD-A395-10AFED1CED9F}.Release|x64.ActiveCfg = Release|x64
		{19DC62BA-893A-44CD-A395-10AFED1CED9F}.Release|x64.Build.0 = Release|x64
		{19DC62BA-893A-44CD-A395-10AFED1CED9F}.Release|x86.ActiveCfg = Release|Win32
		{19DC62BA-893A-44CD-A395-10AFED1CED9F}.Release|x86.Build.0 = Release|Win32
		{6C50DCA5-71CF-4033-A18A-591FBE07E7AB}.Debug|x64.ActiveCfg = Debug|x64
		{6C50DCA5-71CF-4033-A18A-591FBE07E7AB}.Debug|x64.Build.0 = Debug|x64
		{6C50DCA5-71CF-4033-A18A-591FBE07E7AB}.Debug|x86.ActiveCfg = Debug|Win32
		{6C50DCA5-71CF-4033-A18A-591FBE07E7AB}.Debug|x86.Build.0 = Debug|Win32
		{6C50DCA5-71CF-4033-A18A-591FBE07E7AB}.Release|x64.ActiveCfg = Release|x64
		{6C50DCA5-71CF-4033-A18A-591FBE07E7AB}.Release|x64.Build.0 = Release|x64
		{6C50DCA5-71CF-4033-A18A-591FBE07E7AB}.Release|x86.ActiveCfg = Release|Win32
		{6C50DCA5-71CF-4033-A18A-591FBE07E7AB}.Release|x86.Build.0 = Release|Win32
		{FE15EAA4-89AD-4875-8359-08C0B97D9499}.Debug|x64.ActiveCfg = Debug|x64
		{FE15EAA4-89AD-4875-8359-08C0B97D9499}.Debug|x64.Build.0 = Debug|x64
		{FE15EAA4-89AD-4875-8359-08C0B97D9499}.Debug|x86.ActiveCfg = Debug|Win32
		{FE15EAA4-89AD-4875-8359-08C0B97D9499}.Debug|x86.Build.0 = Debug|Win32
		{FE15EAA4-89AD-4875-8359-08C0B97D9499}.Release|x64.ActiveCfg = Release|x64
		{FE15EAA4-89AD-4875-8359-08C0B97D9499}.Release|x64.Build.0 = Release|x64
		{FE15EAA4-89AD-4875-8359-08C0B97D9499}.Release|x86.ActiveCfg = Release|Win32
		{FE15EAA4-89AD-4875-8359-08C0B97D9499}.Release|x86.Build.0 = Release|Win32
		{286CE96A-E39D-4BED-841A-5F69ACAD365B}.Debug|x64.ActiveCfg = Debug|x64
		{286CE96A-E39D-4BED-841A-5F69ACAD365B}.Debug|x64.Build.0 = Debug|x64
		{286CE96A-E39D-4BED-841A-5F69ACAD365B}.Debug|x86.ActiveCfg = Debug|Win32
		{286CE96A-E39D-4BED-841A-5F69ACAD365B}.Debug|x86.Build.0 = Debug|Win32
		{286CE96A-E39D-4BED-841A-5F69ACAD365B}.Release|x64.ActiveCfg = Release|x64
		{286CE96A-E39D-4BED-841A-5F69ACAD365B}.Release|x64.Build.0 = Release|x64
		{286CE96A-E39D-4BED-841A-5F69ACAD365B}.Release|x86.ActiveCfg = Release|Win32
		{286CE96A-E39D-4BED-841A-5F69ACAD365B}.Release|x86.Build.0 = Release|Win32
		{F95B9786-D58F-4C28-B44B-1A6097772D0B}.Debug|x64.ActiveCfg = Debug|x64
		{F95B9786-D58F-4C28-B44B-1A6097772D0B}.Debug|x64.Build.0 = Debug|x64
		{F95B9786-D58F-4C28-B44B-1A6097772D0B}.Debug|x86.ActiveCfg = Debug|Win32
		{F95B9786-D58F-4C28-B44B-1A6097772D0B}.Debug|x86.Build.0 = Debug|Win32
		{F95B9786-D58F-4C28-B44B-1A6097772D0B}.Release|x64.ActiveCfg = Release|x64
		{F95B9786-D58F-4C28-B44B-1A6097772D0B}.Release|x64.Build.0 = Release|x64
		{F95B9786-D58F-4C28-B44B-1A6097772D0B}.Release|x86.ActiveCfg = Release|Win32
		{F95B9786-D58F-4C28-B44B-1A6097772D0B}.Release|x86.Build.0 = Release|Win32
		{1A44C9C0-DF7C-45A9-924C-C17F13C5B252}.Debug|x64.ActiveCfg = Debug|x64
		{1A44C9C0-DF7C-45A9-924C-C17F13C5B252}.Debug|x64.Build.0 = Debug|x64
		{1A44C9C0-DF7C-45A9-924C-C17F13C5B252}.Debug|x86.ActiveCfg = Debug|Win32
		{1A44C9C0-DF7C-45A9-924C-C17F13C5B252}.Debug|x86.Build.0 = Debug|Win32
		{1A44C9C0-DF7C-45A9-924C-C17F13C5B252}.Release|x64.ActiveCfg = Release|x64
		{1A44C9C0-DF7C-45A9-924C-C17F13C5B252}.Release|x64.Build.0 = Release|x64
		{1A44C9C0-DF7C-45A9-924C-C17F13C5B252}.Release|x86.ActiveCfg = Release|Win32
		{1A44C9C0-DF7C-45A9-924C-C17F13C5B252}.Release|x86.Build.0 = Release|Win32
	EndGlobalSection
	GlobalSection(SolutionProperties) = preSolution
		HideSolutionNode = FALSE
	EndGlobalSection
	GlobalSection(ExtensibilityGlobals) = postSolution
		SolutionGuid = {441C94CB-29AA-48FC-864C-805B89292695}
	EndGlobalSection
EndGlobal
